PODS:
  - Alamofire (4.8.2)
  - Cloudinary/Core (2.8.0):
    - Alamofire (~> 4.8.2)
  - Cloudinary/ios (2.8.0):
    - Cloudinary/Core

DEPENDENCIES:
  - Cloudinary/ios (from `../`)

SPEC REPOS:
  trunk:
    - Alamofire

EXTERNAL SOURCES:
  Cloudinary:
    :path: "../"

SPEC CHECKSUMS:
  Alamofire: ae5c501addb7afdbb13687d7f2f722c78734c2d3
  Cloudinary: 715a6ccd308c1163c07fd6ffe672be01313581a3

PODFILE CHECKSUM: 3e0280eea44446a0b2192c39ece20bf985bb814f

COCOAPODS: 1.8.4
