// !$*UTF8*$!
{
	archiveVersion = 1;
	classes = {
	};
	objectVersion = 46;
	objects = {

/* Begin PBXBuildFile section */
		B690BF5E2BC55992007117AC /* HTTPStatusCode.swift in Sources */ = {isa = PBXBuildFile; fileRef = B690BF5D2BC55992007117AC /* HTTPStatusCode.swift */; };
		B694AAEC2B308AF100075041 /* CLDAnalytics.swift in Sources */ = {isa = PBXBuildFile; fileRef = B694AAEB2B308AF100075041 /* CLDAnalytics.swift */; };
		B694AAEF2B308B8400075041 /* VideoAnalytics.swift in Sources */ = {isa = PBXBuildFile; fileRef = B694AAEE2B308B8400075041 /* VideoAnalytics.swift */; };
		B694AAF12B308B9D00075041 /* VideoEventsManager.swift in Sources */ = {isa = PBXBuildFile; fileRef = B694AAF02B308B9D00075041 /* VideoEventsManager.swift */; };
		B6C2D4862A724C4200AA0039 /* CLDVideoPlayer.swift in Sources */ = {isa = PBXBuildFile; fileRef = B6C2D4852A724C4200AA0039 /* CLDVideoPlayer.swift */; };
		OBJ_257 /* CLDNConvertible.swift in Sources */ = {isa = PBXBuildFile; fileRef = OBJ_10 /* CLDNConvertible.swift */; };
		OBJ_258 /* CLDNError.swift in Sources */ = {isa = PBXBuildFile; fileRef = OBJ_11 /* CLDNError.swift */; };
		OBJ_259 /* CLDNMultipartFormData.swift in Sources */ = {isa = PBXBuildFile; fileRef = OBJ_12 /* CLDNMultipartFormData.swift */; };
		OBJ_260 /* CLDNParameterEncoding.swift in Sources */ = {isa = PBXBuildFile; fileRef = OBJ_13 /* CLDNParameterEncoding.swift */; };
		OBJ_261 /* CLDNRequest.swift in Sources */ = {isa = PBXBuildFile; fileRef = OBJ_14 /* CLDNRequest.swift */; };
		OBJ_262 /* CLDNResponse.swift in Sources */ = {isa = PBXBuildFile; fileRef = OBJ_15 /* CLDNResponse.swift */; };
		OBJ_263 /* CLDNResponseSerialization.swift in Sources */ = {isa = PBXBuildFile; fileRef = OBJ_16 /* CLDNResponseSerialization.swift */; };
		OBJ_264 /* CLDNResult.swift in Sources */ = {isa = PBXBuildFile; fileRef = OBJ_17 /* CLDNResult.swift */; };
		OBJ_265 /* CLDNSessionDelegate.swift in Sources */ = {isa = PBXBuildFile; fileRef = OBJ_18 /* CLDNSessionDelegate.swift */; };
		OBJ_266 /* CLDNSessionManager.swift in Sources */ = {isa = PBXBuildFile; fileRef = OBJ_19 /* CLDNSessionManager.swift */; };
		OBJ_267 /* CLDNTaskDelegate.swift in Sources */ = {isa = PBXBuildFile; fileRef = OBJ_20 /* CLDNTaskDelegate.swift */; };
		OBJ_268 /* CLDNTimeline.swift in Sources */ = {isa = PBXBuildFile; fileRef = OBJ_21 /* CLDNTimeline.swift */; };
		OBJ_269 /* CLDNValidation.swift in Sources */ = {isa = PBXBuildFile; fileRef = OBJ_22 /* CLDNValidation.swift */; };
		OBJ_270 /* DispatchQueue+Cloudinary.swift in Sources */ = {isa = PBXBuildFile; fileRef = OBJ_23 /* DispatchQueue+Cloudinary.swift */; };
		OBJ_271 /* CLDCloudinary.swift in Sources */ = {isa = PBXBuildFile; fileRef = OBJ_24 /* CLDCloudinary.swift */; };
		OBJ_272 /* CLDCompatibility.swift in Sources */ = {isa = PBXBuildFile; fileRef = OBJ_25 /* CLDCompatibility.swift */; };
		OBJ_273 /* CLDConfiguration.swift in Sources */ = {isa = PBXBuildFile; fileRef = OBJ_26 /* CLDConfiguration.swift */; };
		OBJ_274 /* CLDEagerTransformation.swift in Sources */ = {isa = PBXBuildFile; fileRef = OBJ_27 /* CLDEagerTransformation.swift */; };
		OBJ_275 /* CLDResponsiveParams.swift in Sources */ = {isa = PBXBuildFile; fileRef = OBJ_28 /* CLDResponsiveParams.swift */; };
		OBJ_304 /* CLDDownloader.swift in Sources */ = {isa = PBXBuildFile; fileRef = OBJ_73 /* CLDDownloader.swift */; };
		OBJ_305 /* CLDBaseNetworkObject.swift in Sources */ = {isa = PBXBuildFile; fileRef = OBJ_75 /* CLDBaseNetworkObject.swift */; };
		OBJ_306 /* CLDConditionExpression.swift in Sources */ = {isa = PBXBuildFile; fileRef = OBJ_76 /* CLDConditionExpression.swift */; };
		OBJ_307 /* CLDDefinitions.swift in Sources */ = {isa = PBXBuildFile; fileRef = OBJ_77 /* CLDDefinitions.swift */; };
		OBJ_308 /* CLDExpression.swift in Sources */ = {isa = PBXBuildFile; fileRef = OBJ_78 /* CLDExpression.swift */; };
		OBJ_309 /* CLDOperators.swift in Sources */ = {isa = PBXBuildFile; fileRef = OBJ_79 /* CLDOperators.swift */; };
		OBJ_310 /* CLDTransformation.swift in Sources */ = {isa = PBXBuildFile; fileRef = OBJ_80 /* CLDTransformation.swift */; };
		OBJ_311 /* CLDVariable.swift in Sources */ = {isa = PBXBuildFile; fileRef = OBJ_81 /* CLDVariable.swift */; };
		OBJ_312 /* CLDFetchLayer.swift in Sources */ = {isa = PBXBuildFile; fileRef = OBJ_83 /* CLDFetchLayer.swift */; };
		OBJ_313 /* CLDLayer.swift in Sources */ = {isa = PBXBuildFile; fileRef = OBJ_84 /* CLDLayer.swift */; };
		OBJ_314 /* CLDSubtitlesLayer.swift in Sources */ = {isa = PBXBuildFile; fileRef = OBJ_85 /* CLDSubtitlesLayer.swift */; };
		OBJ_315 /* CLDTextLayer.swift in Sources */ = {isa = PBXBuildFile; fileRef = OBJ_86 /* CLDTextLayer.swift */; };
		OBJ_316 /* CLDRequestParams.swift in Sources */ = {isa = PBXBuildFile; fileRef = OBJ_88 /* CLDRequestParams.swift */; };
		OBJ_317 /* CLDRequestParamsHelpers.swift in Sources */ = {isa = PBXBuildFile; fileRef = OBJ_90 /* CLDRequestParamsHelpers.swift */; };
		OBJ_318 /* CLDRequest.swift in Sources */ = {isa = PBXBuildFile; fileRef = OBJ_92 /* CLDRequest.swift */; };
		OBJ_319 /* CLDBaseResult.swift in Sources */ = {isa = PBXBuildFile; fileRef = OBJ_94 /* CLDBaseResult.swift */; };
		OBJ_320 /* CLDAccessibilityAnalysisResult.swift in Sources */ = {isa = PBXBuildFile; fileRef = OBJ_97 /* CLDAccessibilityAnalysisResult.swift */; };
		OBJ_321 /* CLDColorblindAccessibilityAnalysisResult.swift in Sources */ = {isa = PBXBuildFile; fileRef = OBJ_98 /* CLDColorblindAccessibilityAnalysisResult.swift */; };
		OBJ_322 /* CLDBoundingBox.swift in Sources */ = {isa = PBXBuildFile; fileRef = OBJ_99 /* CLDBoundingBox.swift */; };
		OBJ_323 /* CLDDetection.swift in Sources */ = {isa = PBXBuildFile; fileRef = OBJ_100 /* CLDDetection.swift */; };
		OBJ_324 /* CLDFace.swift in Sources */ = {isa = PBXBuildFile; fileRef = OBJ_101 /* CLDFace.swift */; };
		OBJ_325 /* CLDInfo.swift in Sources */ = {isa = PBXBuildFile; fileRef = OBJ_102 /* CLDInfo.swift */; };
		OBJ_326 /* CLDAdvOcrResult.swift in Sources */ = {isa = PBXBuildFile; fileRef = OBJ_104 /* CLDAdvOcrResult.swift */; };
		OBJ_327 /* CLDOcrBlockResult.swift in Sources */ = {isa = PBXBuildFile; fileRef = OBJ_105 /* CLDOcrBlockResult.swift */; };
		OBJ_328 /* CLDOcrBoundindBlockResult.swift in Sources */ = {isa = PBXBuildFile; fileRef = OBJ_106 /* CLDOcrBoundindBlockResult.swift */; };
		OBJ_329 /* CLDOcrDataResult.swift in Sources */ = {isa = PBXBuildFile; fileRef = OBJ_107 /* CLDOcrDataResult.swift */; };
		OBJ_330 /* CLDOcrDetectedLanguagesResult.swift in Sources */ = {isa = PBXBuildFile; fileRef = OBJ_108 /* CLDOcrDetectedLanguagesResult.swift */; };
		OBJ_331 /* CLDOcrFullTextAnnotationResult.swift in Sources */ = {isa = PBXBuildFile; fileRef = OBJ_109 /* CLDOcrFullTextAnnotationResult.swift */; };
		OBJ_332 /* CLDOcrPageResult.swift in Sources */ = {isa = PBXBuildFile; fileRef = OBJ_110 /* CLDOcrPageResult.swift */; };
		OBJ_333 /* CLDOcrParagraphResult.swift in Sources */ = {isa = PBXBuildFile; fileRef = OBJ_111 /* CLDOcrParagraphResult.swift */; };
		OBJ_334 /* CLDOcrPropertyResult.swift in Sources */ = {isa = PBXBuildFile; fileRef = OBJ_112 /* CLDOcrPropertyResult.swift */; };
		OBJ_335 /* CLDOcrResult.swift in Sources */ = {isa = PBXBuildFile; fileRef = OBJ_113 /* CLDOcrResult.swift */; };
		OBJ_336 /* CLDOcrSymbolResult.swift in Sources */ = {isa = PBXBuildFile; fileRef = OBJ_114 /* CLDOcrSymbolResult.swift */; };
		OBJ_337 /* CLDOcrTextAnnotationResult.swift in Sources */ = {isa = PBXBuildFile; fileRef = OBJ_115 /* CLDOcrTextAnnotationResult.swift */; };
		OBJ_338 /* CLDOcrWordResult.swift in Sources */ = {isa = PBXBuildFile; fileRef = OBJ_116 /* CLDOcrWordResult.swift */; };
		OBJ_339 /* CLDQualityAnalysis.swift in Sources */ = {isa = PBXBuildFile; fileRef = OBJ_118 /* CLDQualityAnalysis.swift */; };
		OBJ_340 /* CLDRekognitionFace.swift in Sources */ = {isa = PBXBuildFile; fileRef = OBJ_119 /* CLDRekognitionFace.swift */; };
		OBJ_341 /* CommonResultKeys.swift in Sources */ = {isa = PBXBuildFile; fileRef = OBJ_120 /* CommonResultKeys.swift */; };
		OBJ_342 /* CLDManagementApi.swift in Sources */ = {isa = PBXBuildFile; fileRef = OBJ_122 /* CLDManagementApi.swift */; };
		OBJ_343 /* CLDDeleteRequest.swift in Sources */ = {isa = PBXBuildFile; fileRef = OBJ_124 /* CLDDeleteRequest.swift */; };
		OBJ_344 /* CLDExplicitRequest.swift in Sources */ = {isa = PBXBuildFile; fileRef = OBJ_125 /* CLDExplicitRequest.swift */; };
		OBJ_345 /* CLDExplodeRequest.swift in Sources */ = {isa = PBXBuildFile; fileRef = OBJ_126 /* CLDExplodeRequest.swift */; };
		OBJ_346 /* CLDMultiRequest.swift in Sources */ = {isa = PBXBuildFile; fileRef = OBJ_127 /* CLDMultiRequest.swift */; };
		OBJ_347 /* CLDRenameRequest.swift in Sources */ = {isa = PBXBuildFile; fileRef = OBJ_128 /* CLDRenameRequest.swift */; };
		OBJ_348 /* CLDSpriteRequest.swift in Sources */ = {isa = PBXBuildFile; fileRef = OBJ_129 /* CLDSpriteRequest.swift */; };
		OBJ_349 /* CLDTagRequest.swift in Sources */ = {isa = PBXBuildFile; fileRef = OBJ_130 /* CLDTagRequest.swift */; };
		OBJ_350 /* CLDTextRequest.swift in Sources */ = {isa = PBXBuildFile; fileRef = OBJ_131 /* CLDTextRequest.swift */; };
		OBJ_351 /* CLDDeleteByTokenRequestParams.swift in Sources */ = {isa = PBXBuildFile; fileRef = OBJ_133 /* CLDDeleteByTokenRequestParams.swift */; };
		OBJ_352 /* CLDDestroyRequestParams.swift in Sources */ = {isa = PBXBuildFile; fileRef = OBJ_134 /* CLDDestroyRequestParams.swift */; };
		OBJ_353 /* CLDExplicitRequestParams.swift in Sources */ = {isa = PBXBuildFile; fileRef = OBJ_135 /* CLDExplicitRequestParams.swift */; };
		OBJ_354 /* CLDExplodeRequestParams.swift in Sources */ = {isa = PBXBuildFile; fileRef = OBJ_136 /* CLDExplodeRequestParams.swift */; };
		OBJ_355 /* CLDMultiRequestParams.swift in Sources */ = {isa = PBXBuildFile; fileRef = OBJ_137 /* CLDMultiRequestParams.swift */; };
		OBJ_356 /* CLDRenameRequestParams.swift in Sources */ = {isa = PBXBuildFile; fileRef = OBJ_138 /* CLDRenameRequestParams.swift */; };
		OBJ_357 /* CLDSpriteRequestParams.swift in Sources */ = {isa = PBXBuildFile; fileRef = OBJ_139 /* CLDSpriteRequestParams.swift */; };
		OBJ_358 /* CLDTagsRequestParams.swift in Sources */ = {isa = PBXBuildFile; fileRef = OBJ_140 /* CLDTagsRequestParams.swift */; };
		OBJ_359 /* CLDTextRequestParams.swift in Sources */ = {isa = PBXBuildFile; fileRef = OBJ_141 /* CLDTextRequestParams.swift */; };
		OBJ_360 /* CLDDeleteResult.swift in Sources */ = {isa = PBXBuildFile; fileRef = OBJ_143 /* CLDDeleteResult.swift */; };
		OBJ_361 /* CLDExplicitResult.swift in Sources */ = {isa = PBXBuildFile; fileRef = OBJ_144 /* CLDExplicitResult.swift */; };
		OBJ_362 /* CLDExplodeResult.swift in Sources */ = {isa = PBXBuildFile; fileRef = OBJ_145 /* CLDExplodeResult.swift */; };
		OBJ_363 /* CLDMultiResult.swift in Sources */ = {isa = PBXBuildFile; fileRef = OBJ_146 /* CLDMultiResult.swift */; };
		OBJ_364 /* CLDRenameResult.swift in Sources */ = {isa = PBXBuildFile; fileRef = OBJ_147 /* CLDRenameResult.swift */; };
		OBJ_365 /* CLDSpriteResult.swift in Sources */ = {isa = PBXBuildFile; fileRef = OBJ_148 /* CLDSpriteResult.swift */; };
		OBJ_366 /* CLDTagResult.swift in Sources */ = {isa = PBXBuildFile; fileRef = OBJ_149 /* CLDTagResult.swift */; };
		OBJ_367 /* CLDTextResult.swift in Sources */ = {isa = PBXBuildFile; fileRef = OBJ_150 /* CLDTextResult.swift */; };
		OBJ_368 /* CLDUploaderWidget.swift in Sources */ = {isa = PBXBuildFile; fileRef = OBJ_152 /* CLDUploaderWidget.swift */; };
		OBJ_369 /* CLDCropOverlayView.swift in Sources */ = {isa = PBXBuildFile; fileRef = OBJ_154 /* CLDCropOverlayView.swift */; };
		OBJ_370 /* CLDCropScrollView.swift in Sources */ = {isa = PBXBuildFile; fileRef = OBJ_155 /* CLDCropScrollView.swift */; };
		OBJ_371 /* CLDCropScrollViewController.swift in Sources */ = {isa = PBXBuildFile; fileRef = OBJ_156 /* CLDCropScrollViewController.swift */; };
		OBJ_372 /* CLDCropView.swift in Sources */ = {isa = PBXBuildFile; fileRef = OBJ_157 /* CLDCropView.swift */; };
		OBJ_373 /* CLDCropViewCalculator.swift in Sources */ = {isa = PBXBuildFile; fileRef = OBJ_158 /* CLDCropViewCalculator.swift */; };
		OBJ_374 /* CLDCropViewUIManager.swift in Sources */ = {isa = PBXBuildFile; fileRef = OBJ_159 /* CLDCropViewUIManager.swift */; };
		OBJ_375 /* CLDWidgetConfiguration.swift in Sources */ = {isa = PBXBuildFile; fileRef = OBJ_161 /* CLDWidgetConfiguration.swift */; };
		OBJ_376 /* CLDWidgetAssetContainer.swift in Sources */ = {isa = PBXBuildFile; fileRef = OBJ_163 /* CLDWidgetAssetContainer.swift */; };
		OBJ_377 /* CLDWidgetPreviewCollectionCell.swift in Sources */ = {isa = PBXBuildFile; fileRef = OBJ_164 /* CLDWidgetPreviewCollectionCell.swift */; };
		OBJ_378 /* BackIconInstructions.swift in Sources */ = {isa = PBXBuildFile; fileRef = OBJ_166 /* BackIconInstructions.swift */; };
		OBJ_379 /* CropIconInstructions.swift in Sources */ = {isa = PBXBuildFile; fileRef = OBJ_167 /* CropIconInstructions.swift */; };
		OBJ_380 /* CropRotateIconInstructions.swift in Sources */ = {isa = PBXBuildFile; fileRef = OBJ_168 /* CropRotateIconInstructions.swift */; };
		OBJ_381 /* DoneIconInstructions.swift in Sources */ = {isa = PBXBuildFile; fileRef = OBJ_169 /* DoneIconInstructions.swift */; };
		OBJ_382 /* RatioLockedIconInstructions.swift in Sources */ = {isa = PBXBuildFile; fileRef = OBJ_170 /* RatioLockedIconInstructions.swift */; };
		OBJ_383 /* RatioOpenedIconInstructions.swift in Sources */ = {isa = PBXBuildFile; fileRef = OBJ_171 /* RatioOpenedIconInstructions.swift */; };
		OBJ_384 /* RotateIconInstructions.swift in Sources */ = {isa = PBXBuildFile; fileRef = OBJ_172 /* RotateIconInstructions.swift */; };
		OBJ_385 /* CLDDisplayLinkObserver.swift in Sources */ = {isa = PBXBuildFile; fileRef = OBJ_174 /* CLDDisplayLinkObserver.swift */; };
		OBJ_386 /* CLDVideoControlsState.swift in Sources */ = {isa = PBXBuildFile; fileRef = OBJ_175 /* CLDVideoControlsState.swift */; };
		OBJ_387 /* CLDVideoControlsView.swift in Sources */ = {isa = PBXBuildFile; fileRef = OBJ_176 /* CLDVideoControlsView.swift */; };
		OBJ_388 /* CLDVideoHiddenAndPausedState.swift in Sources */ = {isa = PBXBuildFile; fileRef = OBJ_177 /* CLDVideoHiddenAndPausedState.swift */; };
		OBJ_389 /* CLDVideoHiddenAndPlayingState.swift in Sources */ = {isa = PBXBuildFile; fileRef = OBJ_178 /* CLDVideoHiddenAndPlayingState.swift */; };
		OBJ_390 /* CLDVideoPlayerView.swift in Sources */ = {isa = PBXBuildFile; fileRef = OBJ_179 /* CLDVideoPlayerView.swift */; };
		OBJ_391 /* CLDVideoShownAndPausedState.swift in Sources */ = {isa = PBXBuildFile; fileRef = OBJ_180 /* CLDVideoShownAndPausedState.swift */; };
		OBJ_392 /* CLDVideoShownAndPlayingState.swift in Sources */ = {isa = PBXBuildFile; fileRef = OBJ_181 /* CLDVideoShownAndPlayingState.swift */; };
		OBJ_393 /* CLDVideoView.swift in Sources */ = {isa = PBXBuildFile; fileRef = OBJ_182 /* CLDVideoView.swift */; };
		OBJ_394 /* CLDWidgetEditViewController.swift in Sources */ = {isa = PBXBuildFile; fileRef = OBJ_184 /* CLDWidgetEditViewController.swift */; };
		OBJ_395 /* CLDWidgetPreviewViewController.swift in Sources */ = {isa = PBXBuildFile; fileRef = OBJ_185 /* CLDWidgetPreviewViewController.swift */; };
		OBJ_396 /* CLDWidgetViewController.swift in Sources */ = {isa = PBXBuildFile; fileRef = OBJ_186 /* CLDWidgetViewController.swift */; };
		OBJ_397 /* CLDUploader.swift in Sources */ = {isa = PBXBuildFile; fileRef = OBJ_188 /* CLDUploader.swift */; };
		OBJ_398 /* CLDPreprocessChain.swift in Sources */ = {isa = PBXBuildFile; fileRef = OBJ_190 /* CLDPreprocessChain.swift */; };
		OBJ_399 /* CLDUploadRequestParams.swift in Sources */ = {isa = PBXBuildFile; fileRef = OBJ_192 /* CLDUploadRequestParams.swift */; };
		OBJ_400 /* CLDDefaultUploadRequest.swift in Sources */ = {isa = PBXBuildFile; fileRef = OBJ_194 /* CLDDefaultUploadRequest.swift */; };
		OBJ_401 /* CLDUploadRequest.swift in Sources */ = {isa = PBXBuildFile; fileRef = OBJ_195 /* CLDUploadRequest.swift */; };
		OBJ_402 /* CLDUploadRequestWrapper.swift in Sources */ = {isa = PBXBuildFile; fileRef = OBJ_196 /* CLDUploadRequestWrapper.swift */; };
		OBJ_403 /* CLDUploadResult.swift in Sources */ = {isa = PBXBuildFile; fileRef = OBJ_198 /* CLDUploadResult.swift */; };
		OBJ_404 /* CLDUrl.swift in Sources */ = {isa = PBXBuildFile; fileRef = OBJ_200 /* CLDUrl.swift */; };
		OBJ_405 /* CLDNetworkAdapter.swift in Sources */ = {isa = PBXBuildFile; fileRef = OBJ_203 /* CLDNetworkAdapter.swift */; };
		OBJ_406 /* CLDDefaultNetworkAdapter.swift in Sources */ = {isa = PBXBuildFile; fileRef = OBJ_204 /* CLDDefaultNetworkAdapter.swift */; };
		OBJ_407 /* CLDNetworkCoordinator.swift in Sources */ = {isa = PBXBuildFile; fileRef = OBJ_205 /* CLDNetworkCoordinator.swift */; };
		OBJ_408 /* CLDAsyncNetworkUploadRequest.swift in Sources */ = {isa = PBXBuildFile; fileRef = OBJ_207 /* CLDAsyncNetworkUploadRequest.swift */; };
		OBJ_409 /* CLDErrorRequest.swift in Sources */ = {isa = PBXBuildFile; fileRef = OBJ_208 /* CLDErrorRequest.swift */; };
		OBJ_410 /* CLDGenericNetworkRequest.swift in Sources */ = {isa = PBXBuildFile; fileRef = OBJ_209 /* CLDGenericNetworkRequest.swift */; };
		OBJ_411 /* CLDNetworkDataRequestImpl.swift in Sources */ = {isa = PBXBuildFile; fileRef = OBJ_210 /* CLDNetworkDataRequestImpl.swift */; };
		OBJ_412 /* CLDNetworkDownloadRequest.swift in Sources */ = {isa = PBXBuildFile; fileRef = OBJ_211 /* CLDNetworkDownloadRequest.swift */; };
		OBJ_413 /* CLDNetworkUploadRequest.swift in Sources */ = {isa = PBXBuildFile; fileRef = OBJ_212 /* CLDNetworkUploadRequest.swift */; };
		OBJ_414 /* CLDBuildParamsUtils.swift in Sources */ = {isa = PBXBuildFile; fileRef = OBJ_214 /* CLDBuildParamsUtils.swift */; };
		OBJ_415 /* CLDCryptoUtils.swift in Sources */ = {isa = PBXBuildFile; fileRef = OBJ_215 /* CLDCryptoUtils.swift */; };
		OBJ_416 /* CLDDictionaryUtils.swift in Sources */ = {isa = PBXBuildFile; fileRef = OBJ_216 /* CLDDictionaryUtils.swift */; };
		OBJ_417 /* CLDError.swift in Sources */ = {isa = PBXBuildFile; fileRef = OBJ_217 /* CLDError.swift */; };
		OBJ_418 /* CLDFileUtils.swift in Sources */ = {isa = PBXBuildFile; fileRef = OBJ_218 /* CLDFileUtils.swift */; };
		OBJ_420 /* CLDImageGenerator.swift in Sources */ = {isa = PBXBuildFile; fileRef = OBJ_221 /* CLDImageGenerator.swift */; };
		OBJ_421 /* CLDImageUtils.swift in Sources */ = {isa = PBXBuildFile; fileRef = OBJ_222 /* CLDImageUtils.swift */; };
		OBJ_422 /* CLDJsonUtils.swift in Sources */ = {isa = PBXBuildFile; fileRef = OBJ_223 /* CLDJsonUtils.swift */; };
		OBJ_423 /* CLDLogManager.swift in Sources */ = {isa = PBXBuildFile; fileRef = OBJ_224 /* CLDLogManager.swift */; };
		OBJ_424 /* CLDStringUtils.swift in Sources */ = {isa = PBXBuildFile; fileRef = OBJ_225 /* CLDStringUtils.swift */; };
		OBJ_425 /* CLDTransformation+Ios.swift in Sources */ = {isa = PBXBuildFile; fileRef = OBJ_228 /* CLDTransformation+Ios.swift */; };
		OBJ_426 /* ExtensionCLDDownloader.swift in Sources */ = {isa = PBXBuildFile; fileRef = OBJ_229 /* ExtensionCLDDownloader.swift */; };
		OBJ_427 /* UIButton+Cloudinary.swift in Sources */ = {isa = PBXBuildFile; fileRef = OBJ_230 /* UIButton+Cloudinary.swift */; };
		OBJ_428 /* UIImageView+Cloudinary.swift in Sources */ = {isa = PBXBuildFile; fileRef = OBJ_231 /* UIImageView+Cloudinary.swift */; };
		OBJ_429 /* UIView+Cloudinary.swift in Sources */ = {isa = PBXBuildFile; fileRef = OBJ_232 /* UIView+Cloudinary.swift */; };
		OBJ_430 /* CLDFetchAssetRequestImpl.swift in Sources */ = {isa = PBXBuildFile; fileRef = OBJ_234 /* CLDFetchAssetRequestImpl.swift */; };
		OBJ_431 /* CLDFetchImageRequestImpl.swift in Sources */ = {isa = PBXBuildFile; fileRef = OBJ_235 /* CLDFetchImageRequestImpl.swift */; };
		OBJ_432 /* CLDResponsiveViewHelper.swift in Sources */ = {isa = PBXBuildFile; fileRef = OBJ_237 /* CLDResponsiveViewHelper.swift */; };
		OBJ_433 /* CLDUIImageView.swift in Sources */ = {isa = PBXBuildFile; fileRef = OBJ_238 /* CLDUIImageView.swift */; };
		OBJ_434 /* CLDImagePreprocessChain.swift in Sources */ = {isa = PBXBuildFile; fileRef = OBJ_240 /* CLDImagePreprocessChain.swift */; };
		OBJ_435 /* CLDPreprocessHelpers.swift in Sources */ = {isa = PBXBuildFile; fileRef = OBJ_241 /* CLDPreprocessHelpers.swift */; };
		OBJ_442 /* Package.swift in Sources */ = {isa = PBXBuildFile; fileRef = OBJ_6 /* Package.swift */; };
/* End PBXBuildFile section */

/* Begin PBXFileReference section */
		B690BF5D2BC55992007117AC /* HTTPStatusCode.swift */ = {isa = PBXFileReference; fileEncoding = 4; lastKnownFileType = sourcecode.swift; name = HTTPStatusCode.swift; path = CacheSystem/Enum/HTTPStatusCode.swift; sourceTree = "<group>"; };
		B694AAEB2B308AF100075041 /* CLDAnalytics.swift */ = {isa = PBXFileReference; fileEncoding = 4; lastKnownFileType = sourcecode.swift; path = CLDAnalytics.swift; sourceTree = "<group>"; };
		B694AAEE2B308B8400075041 /* VideoAnalytics.swift */ = {isa = PBXFileReference; lastKnownFileType = sourcecode.swift; path = VideoAnalytics.swift; sourceTree = "<group>"; };
		B694AAF02B308B9D00075041 /* VideoEventsManager.swift */ = {isa = PBXFileReference; lastKnownFileType = sourcecode.swift; path = VideoEventsManager.swift; sourceTree = "<group>"; };
		B6C2D4852A724C4200AA0039 /* CLDVideoPlayer.swift */ = {isa = PBXFileReference; lastKnownFileType = sourcecode.swift; path = CLDVideoPlayer.swift; sourceTree = "<group>"; };
		"Cloudinary::Cloudinary::Product" /* Cloudinary.framework */ = {isa = PBXFileReference; lastKnownFileType = wrapper.framework; path = Cloudinary.framework; sourceTree = BUILT_PRODUCTS_DIR; };
		OBJ_10 /* CLDNConvertible.swift */ = {isa = PBXFileReference; lastKnownFileType = sourcecode.swift; path = CLDNConvertible.swift; sourceTree = "<group>"; };
		OBJ_100 /* CLDDetection.swift */ = {isa = PBXFileReference; lastKnownFileType = sourcecode.swift; path = CLDDetection.swift; sourceTree = "<group>"; };
		OBJ_101 /* CLDFace.swift */ = {isa = PBXFileReference; lastKnownFileType = sourcecode.swift; path = CLDFace.swift; sourceTree = "<group>"; };
		OBJ_102 /* CLDInfo.swift */ = {isa = PBXFileReference; lastKnownFileType = sourcecode.swift; path = CLDInfo.swift; sourceTree = "<group>"; };
		OBJ_104 /* CLDAdvOcrResult.swift */ = {isa = PBXFileReference; lastKnownFileType = sourcecode.swift; path = CLDAdvOcrResult.swift; sourceTree = "<group>"; };
		OBJ_105 /* CLDOcrBlockResult.swift */ = {isa = PBXFileReference; lastKnownFileType = sourcecode.swift; path = CLDOcrBlockResult.swift; sourceTree = "<group>"; };
		OBJ_106 /* CLDOcrBoundindBlockResult.swift */ = {isa = PBXFileReference; lastKnownFileType = sourcecode.swift; path = CLDOcrBoundindBlockResult.swift; sourceTree = "<group>"; };
		OBJ_107 /* CLDOcrDataResult.swift */ = {isa = PBXFileReference; lastKnownFileType = sourcecode.swift; path = CLDOcrDataResult.swift; sourceTree = "<group>"; };
		OBJ_108 /* CLDOcrDetectedLanguagesResult.swift */ = {isa = PBXFileReference; lastKnownFileType = sourcecode.swift; path = CLDOcrDetectedLanguagesResult.swift; sourceTree = "<group>"; };
		OBJ_109 /* CLDOcrFullTextAnnotationResult.swift */ = {isa = PBXFileReference; lastKnownFileType = sourcecode.swift; path = CLDOcrFullTextAnnotationResult.swift; sourceTree = "<group>"; };
		OBJ_11 /* CLDNError.swift */ = {isa = PBXFileReference; lastKnownFileType = sourcecode.swift; path = CLDNError.swift; sourceTree = "<group>"; };
		OBJ_110 /* CLDOcrPageResult.swift */ = {isa = PBXFileReference; lastKnownFileType = sourcecode.swift; path = CLDOcrPageResult.swift; sourceTree = "<group>"; };
		OBJ_111 /* CLDOcrParagraphResult.swift */ = {isa = PBXFileReference; lastKnownFileType = sourcecode.swift; path = CLDOcrParagraphResult.swift; sourceTree = "<group>"; };
		OBJ_112 /* CLDOcrPropertyResult.swift */ = {isa = PBXFileReference; lastKnownFileType = sourcecode.swift; path = CLDOcrPropertyResult.swift; sourceTree = "<group>"; };
		OBJ_113 /* CLDOcrResult.swift */ = {isa = PBXFileReference; lastKnownFileType = sourcecode.swift; path = CLDOcrResult.swift; sourceTree = "<group>"; };
		OBJ_114 /* CLDOcrSymbolResult.swift */ = {isa = PBXFileReference; lastKnownFileType = sourcecode.swift; path = CLDOcrSymbolResult.swift; sourceTree = "<group>"; };
		OBJ_115 /* CLDOcrTextAnnotationResult.swift */ = {isa = PBXFileReference; lastKnownFileType = sourcecode.swift; path = CLDOcrTextAnnotationResult.swift; sourceTree = "<group>"; };
		OBJ_116 /* CLDOcrWordResult.swift */ = {isa = PBXFileReference; lastKnownFileType = sourcecode.swift; path = CLDOcrWordResult.swift; sourceTree = "<group>"; };
		OBJ_118 /* CLDQualityAnalysis.swift */ = {isa = PBXFileReference; lastKnownFileType = sourcecode.swift; path = CLDQualityAnalysis.swift; sourceTree = "<group>"; };
		OBJ_119 /* CLDRekognitionFace.swift */ = {isa = PBXFileReference; lastKnownFileType = sourcecode.swift; path = CLDRekognitionFace.swift; sourceTree = "<group>"; };
		OBJ_12 /* CLDNMultipartFormData.swift */ = {isa = PBXFileReference; lastKnownFileType = sourcecode.swift; path = CLDNMultipartFormData.swift; sourceTree = "<group>"; };
		OBJ_120 /* CommonResultKeys.swift */ = {isa = PBXFileReference; lastKnownFileType = sourcecode.swift; path = CommonResultKeys.swift; sourceTree = "<group>"; };
		OBJ_122 /* CLDManagementApi.swift */ = {isa = PBXFileReference; lastKnownFileType = sourcecode.swift; path = CLDManagementApi.swift; sourceTree = "<group>"; };
		OBJ_124 /* CLDDeleteRequest.swift */ = {isa = PBXFileReference; lastKnownFileType = sourcecode.swift; path = CLDDeleteRequest.swift; sourceTree = "<group>"; };
		OBJ_125 /* CLDExplicitRequest.swift */ = {isa = PBXFileReference; lastKnownFileType = sourcecode.swift; path = CLDExplicitRequest.swift; sourceTree = "<group>"; };
		OBJ_126 /* CLDExplodeRequest.swift */ = {isa = PBXFileReference; lastKnownFileType = sourcecode.swift; path = CLDExplodeRequest.swift; sourceTree = "<group>"; };
		OBJ_127 /* CLDMultiRequest.swift */ = {isa = PBXFileReference; lastKnownFileType = sourcecode.swift; path = CLDMultiRequest.swift; sourceTree = "<group>"; };
		OBJ_128 /* CLDRenameRequest.swift */ = {isa = PBXFileReference; lastKnownFileType = sourcecode.swift; path = CLDRenameRequest.swift; sourceTree = "<group>"; };
		OBJ_129 /* CLDSpriteRequest.swift */ = {isa = PBXFileReference; lastKnownFileType = sourcecode.swift; path = CLDSpriteRequest.swift; sourceTree = "<group>"; };
		OBJ_13 /* CLDNParameterEncoding.swift */ = {isa = PBXFileReference; lastKnownFileType = sourcecode.swift; path = CLDNParameterEncoding.swift; sourceTree = "<group>"; };
		OBJ_130 /* CLDTagRequest.swift */ = {isa = PBXFileReference; lastKnownFileType = sourcecode.swift; path = CLDTagRequest.swift; sourceTree = "<group>"; };
		OBJ_131 /* CLDTextRequest.swift */ = {isa = PBXFileReference; lastKnownFileType = sourcecode.swift; path = CLDTextRequest.swift; sourceTree = "<group>"; };
		OBJ_133 /* CLDDeleteByTokenRequestParams.swift */ = {isa = PBXFileReference; lastKnownFileType = sourcecode.swift; path = CLDDeleteByTokenRequestParams.swift; sourceTree = "<group>"; };
		OBJ_134 /* CLDDestroyRequestParams.swift */ = {isa = PBXFileReference; lastKnownFileType = sourcecode.swift; path = CLDDestroyRequestParams.swift; sourceTree = "<group>"; };
		OBJ_135 /* CLDExplicitRequestParams.swift */ = {isa = PBXFileReference; lastKnownFileType = sourcecode.swift; path = CLDExplicitRequestParams.swift; sourceTree = "<group>"; };
		OBJ_136 /* CLDExplodeRequestParams.swift */ = {isa = PBXFileReference; lastKnownFileType = sourcecode.swift; path = CLDExplodeRequestParams.swift; sourceTree = "<group>"; };
		OBJ_137 /* CLDMultiRequestParams.swift */ = {isa = PBXFileReference; lastKnownFileType = sourcecode.swift; path = CLDMultiRequestParams.swift; sourceTree = "<group>"; };
		OBJ_138 /* CLDRenameRequestParams.swift */ = {isa = PBXFileReference; lastKnownFileType = sourcecode.swift; path = CLDRenameRequestParams.swift; sourceTree = "<group>"; };
		OBJ_139 /* CLDSpriteRequestParams.swift */ = {isa = PBXFileReference; lastKnownFileType = sourcecode.swift; path = CLDSpriteRequestParams.swift; sourceTree = "<group>"; };
		OBJ_14 /* CLDNRequest.swift */ = {isa = PBXFileReference; lastKnownFileType = sourcecode.swift; path = CLDNRequest.swift; sourceTree = "<group>"; };
		OBJ_140 /* CLDTagsRequestParams.swift */ = {isa = PBXFileReference; lastKnownFileType = sourcecode.swift; path = CLDTagsRequestParams.swift; sourceTree = "<group>"; };
		OBJ_141 /* CLDTextRequestParams.swift */ = {isa = PBXFileReference; lastKnownFileType = sourcecode.swift; path = CLDTextRequestParams.swift; sourceTree = "<group>"; };
		OBJ_143 /* CLDDeleteResult.swift */ = {isa = PBXFileReference; lastKnownFileType = sourcecode.swift; path = CLDDeleteResult.swift; sourceTree = "<group>"; };
		OBJ_144 /* CLDExplicitResult.swift */ = {isa = PBXFileReference; lastKnownFileType = sourcecode.swift; path = CLDExplicitResult.swift; sourceTree = "<group>"; };
		OBJ_145 /* CLDExplodeResult.swift */ = {isa = PBXFileReference; lastKnownFileType = sourcecode.swift; path = CLDExplodeResult.swift; sourceTree = "<group>"; };
		OBJ_146 /* CLDMultiResult.swift */ = {isa = PBXFileReference; lastKnownFileType = sourcecode.swift; path = CLDMultiResult.swift; sourceTree = "<group>"; };
		OBJ_147 /* CLDRenameResult.swift */ = {isa = PBXFileReference; lastKnownFileType = sourcecode.swift; path = CLDRenameResult.swift; sourceTree = "<group>"; };
		OBJ_148 /* CLDSpriteResult.swift */ = {isa = PBXFileReference; lastKnownFileType = sourcecode.swift; path = CLDSpriteResult.swift; sourceTree = "<group>"; };
		OBJ_149 /* CLDTagResult.swift */ = {isa = PBXFileReference; lastKnownFileType = sourcecode.swift; path = CLDTagResult.swift; sourceTree = "<group>"; };
		OBJ_15 /* CLDNResponse.swift */ = {isa = PBXFileReference; lastKnownFileType = sourcecode.swift; path = CLDNResponse.swift; sourceTree = "<group>"; };
		OBJ_150 /* CLDTextResult.swift */ = {isa = PBXFileReference; lastKnownFileType = sourcecode.swift; path = CLDTextResult.swift; sourceTree = "<group>"; };
		OBJ_152 /* CLDUploaderWidget.swift */ = {isa = PBXFileReference; lastKnownFileType = sourcecode.swift; path = CLDUploaderWidget.swift; sourceTree = "<group>"; };
		OBJ_154 /* CLDCropOverlayView.swift */ = {isa = PBXFileReference; lastKnownFileType = sourcecode.swift; path = CLDCropOverlayView.swift; sourceTree = "<group>"; };
		OBJ_155 /* CLDCropScrollView.swift */ = {isa = PBXFileReference; lastKnownFileType = sourcecode.swift; path = CLDCropScrollView.swift; sourceTree = "<group>"; };
		OBJ_156 /* CLDCropScrollViewController.swift */ = {isa = PBXFileReference; lastKnownFileType = sourcecode.swift; path = CLDCropScrollViewController.swift; sourceTree = "<group>"; };
		OBJ_157 /* CLDCropView.swift */ = {isa = PBXFileReference; lastKnownFileType = sourcecode.swift; path = CLDCropView.swift; sourceTree = "<group>"; };
		OBJ_158 /* CLDCropViewCalculator.swift */ = {isa = PBXFileReference; lastKnownFileType = sourcecode.swift; path = CLDCropViewCalculator.swift; sourceTree = "<group>"; };
		OBJ_159 /* CLDCropViewUIManager.swift */ = {isa = PBXFileReference; lastKnownFileType = sourcecode.swift; path = CLDCropViewUIManager.swift; sourceTree = "<group>"; };
		OBJ_16 /* CLDNResponseSerialization.swift */ = {isa = PBXFileReference; lastKnownFileType = sourcecode.swift; path = CLDNResponseSerialization.swift; sourceTree = "<group>"; };
		OBJ_161 /* CLDWidgetConfiguration.swift */ = {isa = PBXFileReference; lastKnownFileType = sourcecode.swift; path = CLDWidgetConfiguration.swift; sourceTree = "<group>"; };
		OBJ_163 /* CLDWidgetAssetContainer.swift */ = {isa = PBXFileReference; lastKnownFileType = sourcecode.swift; path = CLDWidgetAssetContainer.swift; sourceTree = "<group>"; };
		OBJ_164 /* CLDWidgetPreviewCollectionCell.swift */ = {isa = PBXFileReference; lastKnownFileType = sourcecode.swift; path = CLDWidgetPreviewCollectionCell.swift; sourceTree = "<group>"; };
		OBJ_166 /* BackIconInstructions.swift */ = {isa = PBXFileReference; lastKnownFileType = sourcecode.swift; path = BackIconInstructions.swift; sourceTree = "<group>"; };
		OBJ_167 /* CropIconInstructions.swift */ = {isa = PBXFileReference; lastKnownFileType = sourcecode.swift; path = CropIconInstructions.swift; sourceTree = "<group>"; };
		OBJ_168 /* CropRotateIconInstructions.swift */ = {isa = PBXFileReference; lastKnownFileType = sourcecode.swift; path = CropRotateIconInstructions.swift; sourceTree = "<group>"; };
		OBJ_169 /* DoneIconInstructions.swift */ = {isa = PBXFileReference; lastKnownFileType = sourcecode.swift; path = DoneIconInstructions.swift; sourceTree = "<group>"; };
		OBJ_17 /* CLDNResult.swift */ = {isa = PBXFileReference; lastKnownFileType = sourcecode.swift; path = CLDNResult.swift; sourceTree = "<group>"; };
		OBJ_170 /* RatioLockedIconInstructions.swift */ = {isa = PBXFileReference; lastKnownFileType = sourcecode.swift; path = RatioLockedIconInstructions.swift; sourceTree = "<group>"; };
		OBJ_171 /* RatioOpenedIconInstructions.swift */ = {isa = PBXFileReference; lastKnownFileType = sourcecode.swift; path = RatioOpenedIconInstructions.swift; sourceTree = "<group>"; };
		OBJ_172 /* RotateIconInstructions.swift */ = {isa = PBXFileReference; lastKnownFileType = sourcecode.swift; path = RotateIconInstructions.swift; sourceTree = "<group>"; };
		OBJ_174 /* CLDDisplayLinkObserver.swift */ = {isa = PBXFileReference; lastKnownFileType = sourcecode.swift; path = CLDDisplayLinkObserver.swift; sourceTree = "<group>"; };
		OBJ_175 /* CLDVideoControlsState.swift */ = {isa = PBXFileReference; lastKnownFileType = sourcecode.swift; path = CLDVideoControlsState.swift; sourceTree = "<group>"; };
		OBJ_176 /* CLDVideoControlsView.swift */ = {isa = PBXFileReference; lastKnownFileType = sourcecode.swift; path = CLDVideoControlsView.swift; sourceTree = "<group>"; };
		OBJ_177 /* CLDVideoHiddenAndPausedState.swift */ = {isa = PBXFileReference; lastKnownFileType = sourcecode.swift; path = CLDVideoHiddenAndPausedState.swift; sourceTree = "<group>"; };
		OBJ_178 /* CLDVideoHiddenAndPlayingState.swift */ = {isa = PBXFileReference; lastKnownFileType = sourcecode.swift; path = CLDVideoHiddenAndPlayingState.swift; sourceTree = "<group>"; };
		OBJ_179 /* CLDVideoPlayerView.swift */ = {isa = PBXFileReference; lastKnownFileType = sourcecode.swift; path = CLDVideoPlayerView.swift; sourceTree = "<group>"; };
		OBJ_18 /* CLDNSessionDelegate.swift */ = {isa = PBXFileReference; lastKnownFileType = sourcecode.swift; path = CLDNSessionDelegate.swift; sourceTree = "<group>"; };
		OBJ_180 /* CLDVideoShownAndPausedState.swift */ = {isa = PBXFileReference; lastKnownFileType = sourcecode.swift; path = CLDVideoShownAndPausedState.swift; sourceTree = "<group>"; };
		OBJ_181 /* CLDVideoShownAndPlayingState.swift */ = {isa = PBXFileReference; lastKnownFileType = sourcecode.swift; path = CLDVideoShownAndPlayingState.swift; sourceTree = "<group>"; };
		OBJ_182 /* CLDVideoView.swift */ = {isa = PBXFileReference; lastKnownFileType = sourcecode.swift; path = CLDVideoView.swift; sourceTree = "<group>"; };
		OBJ_184 /* CLDWidgetEditViewController.swift */ = {isa = PBXFileReference; lastKnownFileType = sourcecode.swift; path = CLDWidgetEditViewController.swift; sourceTree = "<group>"; };
		OBJ_185 /* CLDWidgetPreviewViewController.swift */ = {isa = PBXFileReference; lastKnownFileType = sourcecode.swift; path = CLDWidgetPreviewViewController.swift; sourceTree = "<group>"; };
		OBJ_186 /* CLDWidgetViewController.swift */ = {isa = PBXFileReference; lastKnownFileType = sourcecode.swift; path = CLDWidgetViewController.swift; sourceTree = "<group>"; };
		OBJ_188 /* CLDUploader.swift */ = {isa = PBXFileReference; lastKnownFileType = sourcecode.swift; path = CLDUploader.swift; sourceTree = "<group>"; };
		OBJ_19 /* CLDNSessionManager.swift */ = {isa = PBXFileReference; lastKnownFileType = sourcecode.swift; path = CLDNSessionManager.swift; sourceTree = "<group>"; };
		OBJ_190 /* CLDPreprocessChain.swift */ = {isa = PBXFileReference; lastKnownFileType = sourcecode.swift; path = CLDPreprocessChain.swift; sourceTree = "<group>"; };
		OBJ_192 /* CLDUploadRequestParams.swift */ = {isa = PBXFileReference; lastKnownFileType = sourcecode.swift; path = CLDUploadRequestParams.swift; sourceTree = "<group>"; };
		OBJ_194 /* CLDDefaultUploadRequest.swift */ = {isa = PBXFileReference; lastKnownFileType = sourcecode.swift; path = CLDDefaultUploadRequest.swift; sourceTree = "<group>"; };
		OBJ_195 /* CLDUploadRequest.swift */ = {isa = PBXFileReference; lastKnownFileType = sourcecode.swift; path = CLDUploadRequest.swift; sourceTree = "<group>"; };
		OBJ_196 /* CLDUploadRequestWrapper.swift */ = {isa = PBXFileReference; lastKnownFileType = sourcecode.swift; path = CLDUploadRequestWrapper.swift; sourceTree = "<group>"; };
		OBJ_198 /* CLDUploadResult.swift */ = {isa = PBXFileReference; lastKnownFileType = sourcecode.swift; path = CLDUploadResult.swift; sourceTree = "<group>"; };
		OBJ_20 /* CLDNTaskDelegate.swift */ = {isa = PBXFileReference; lastKnownFileType = sourcecode.swift; path = CLDNTaskDelegate.swift; sourceTree = "<group>"; };
		OBJ_200 /* CLDUrl.swift */ = {isa = PBXFileReference; lastKnownFileType = sourcecode.swift; path = CLDUrl.swift; sourceTree = "<group>"; };
		OBJ_203 /* CLDNetworkAdapter.swift */ = {isa = PBXFileReference; lastKnownFileType = sourcecode.swift; path = CLDNetworkAdapter.swift; sourceTree = "<group>"; };
		OBJ_204 /* CLDDefaultNetworkAdapter.swift */ = {isa = PBXFileReference; lastKnownFileType = sourcecode.swift; path = CLDDefaultNetworkAdapter.swift; sourceTree = "<group>"; };
		OBJ_205 /* CLDNetworkCoordinator.swift */ = {isa = PBXFileReference; lastKnownFileType = sourcecode.swift; path = CLDNetworkCoordinator.swift; sourceTree = "<group>"; };
		OBJ_207 /* CLDAsyncNetworkUploadRequest.swift */ = {isa = PBXFileReference; lastKnownFileType = sourcecode.swift; path = CLDAsyncNetworkUploadRequest.swift; sourceTree = "<group>"; };
		OBJ_208 /* CLDErrorRequest.swift */ = {isa = PBXFileReference; lastKnownFileType = sourcecode.swift; path = CLDErrorRequest.swift; sourceTree = "<group>"; };
		OBJ_209 /* CLDGenericNetworkRequest.swift */ = {isa = PBXFileReference; lastKnownFileType = sourcecode.swift; path = CLDGenericNetworkRequest.swift; sourceTree = "<group>"; };
		OBJ_21 /* CLDNTimeline.swift */ = {isa = PBXFileReference; lastKnownFileType = sourcecode.swift; path = CLDNTimeline.swift; sourceTree = "<group>"; };
		OBJ_210 /* CLDNetworkDataRequestImpl.swift */ = {isa = PBXFileReference; lastKnownFileType = sourcecode.swift; path = CLDNetworkDataRequestImpl.swift; sourceTree = "<group>"; };
		OBJ_211 /* CLDNetworkDownloadRequest.swift */ = {isa = PBXFileReference; lastKnownFileType = sourcecode.swift; path = CLDNetworkDownloadRequest.swift; sourceTree = "<group>"; };
		OBJ_212 /* CLDNetworkUploadRequest.swift */ = {isa = PBXFileReference; lastKnownFileType = sourcecode.swift; path = CLDNetworkUploadRequest.swift; sourceTree = "<group>"; };
		OBJ_214 /* CLDBuildParamsUtils.swift */ = {isa = PBXFileReference; lastKnownFileType = sourcecode.swift; path = CLDBuildParamsUtils.swift; sourceTree = "<group>"; };
		OBJ_215 /* CLDCryptoUtils.swift */ = {isa = PBXFileReference; lastKnownFileType = sourcecode.swift; path = CLDCryptoUtils.swift; sourceTree = "<group>"; };
		OBJ_216 /* CLDDictionaryUtils.swift */ = {isa = PBXFileReference; lastKnownFileType = sourcecode.swift; path = CLDDictionaryUtils.swift; sourceTree = "<group>"; };
		OBJ_217 /* CLDError.swift */ = {isa = PBXFileReference; lastKnownFileType = sourcecode.swift; path = CLDError.swift; sourceTree = "<group>"; };
		OBJ_218 /* CLDFileUtils.swift */ = {isa = PBXFileReference; lastKnownFileType = sourcecode.swift; path = CLDFileUtils.swift; sourceTree = "<group>"; };
		OBJ_22 /* CLDNValidation.swift */ = {isa = PBXFileReference; lastKnownFileType = sourcecode.swift; path = CLDNValidation.swift; sourceTree = "<group>"; };
		OBJ_221 /* CLDImageGenerator.swift */ = {isa = PBXFileReference; lastKnownFileType = sourcecode.swift; path = CLDImageGenerator.swift; sourceTree = "<group>"; };
		OBJ_222 /* CLDImageUtils.swift */ = {isa = PBXFileReference; lastKnownFileType = sourcecode.swift; path = CLDImageUtils.swift; sourceTree = "<group>"; };
		OBJ_223 /* CLDJsonUtils.swift */ = {isa = PBXFileReference; lastKnownFileType = sourcecode.swift; path = CLDJsonUtils.swift; sourceTree = "<group>"; };
		OBJ_224 /* CLDLogManager.swift */ = {isa = PBXFileReference; lastKnownFileType = sourcecode.swift; path = CLDLogManager.swift; sourceTree = "<group>"; };
		OBJ_225 /* CLDStringUtils.swift */ = {isa = PBXFileReference; lastKnownFileType = sourcecode.swift; path = CLDStringUtils.swift; sourceTree = "<group>"; };
		OBJ_228 /* CLDTransformation+Ios.swift */ = {isa = PBXFileReference; lastKnownFileType = sourcecode.swift; path = "CLDTransformation+Ios.swift"; sourceTree = "<group>"; };
		OBJ_229 /* ExtensionCLDDownloader.swift */ = {isa = PBXFileReference; lastKnownFileType = sourcecode.swift; path = ExtensionCLDDownloader.swift; sourceTree = "<group>"; };
		OBJ_23 /* DispatchQueue+Cloudinary.swift */ = {isa = PBXFileReference; lastKnownFileType = sourcecode.swift; path = "DispatchQueue+Cloudinary.swift"; sourceTree = "<group>"; };
		OBJ_230 /* UIButton+Cloudinary.swift */ = {isa = PBXFileReference; lastKnownFileType = sourcecode.swift; path = "UIButton+Cloudinary.swift"; sourceTree = "<group>"; };
		OBJ_231 /* UIImageView+Cloudinary.swift */ = {isa = PBXFileReference; lastKnownFileType = sourcecode.swift; path = "UIImageView+Cloudinary.swift"; sourceTree = "<group>"; };
		OBJ_232 /* UIView+Cloudinary.swift */ = {isa = PBXFileReference; lastKnownFileType = sourcecode.swift; path = "UIView+Cloudinary.swift"; sourceTree = "<group>"; };
		OBJ_234 /* CLDFetchAssetRequestImpl.swift */ = {isa = PBXFileReference; lastKnownFileType = sourcecode.swift; path = CLDFetchAssetRequestImpl.swift; sourceTree = "<group>"; };
		OBJ_235 /* CLDFetchImageRequestImpl.swift */ = {isa = PBXFileReference; lastKnownFileType = sourcecode.swift; path = CLDFetchImageRequestImpl.swift; sourceTree = "<group>"; };
		OBJ_237 /* CLDResponsiveViewHelper.swift */ = {isa = PBXFileReference; lastKnownFileType = sourcecode.swift; path = CLDResponsiveViewHelper.swift; sourceTree = "<group>"; };
		OBJ_238 /* CLDUIImageView.swift */ = {isa = PBXFileReference; lastKnownFileType = sourcecode.swift; path = CLDUIImageView.swift; sourceTree = "<group>"; };
		OBJ_24 /* CLDCloudinary.swift */ = {isa = PBXFileReference; lastKnownFileType = sourcecode.swift; path = CLDCloudinary.swift; sourceTree = "<group>"; };
		OBJ_240 /* CLDImagePreprocessChain.swift */ = {isa = PBXFileReference; lastKnownFileType = sourcecode.swift; path = CLDImagePreprocessChain.swift; sourceTree = "<group>"; };
		OBJ_241 /* CLDPreprocessHelpers.swift */ = {isa = PBXFileReference; lastKnownFileType = sourcecode.swift; path = CLDPreprocessHelpers.swift; sourceTree = "<group>"; };
		OBJ_245 /* tools */ = {isa = PBXFileReference; lastKnownFileType = folder; path = tools; sourceTree = SOURCE_ROOT; };
		OBJ_246 /* Example */ = {isa = PBXFileReference; lastKnownFileType = folder; path = Example; sourceTree = SOURCE_ROOT; };
		OBJ_247 /* Cloudinary */ = {isa = PBXFileReference; lastKnownFileType = folder; path = Cloudinary; sourceTree = SOURCE_ROOT; };
		OBJ_248 /* LICENSE */ = {isa = PBXFileReference; lastKnownFileType = text; path = LICENSE; sourceTree = "<group>"; };
		OBJ_249 /* CHANGELOG.md */ = {isa = PBXFileReference; lastKnownFileType = net.daringfireball.markdown; path = CHANGELOG.md; sourceTree = "<group>"; };
		OBJ_25 /* CLDCompatibility.swift */ = {isa = PBXFileReference; lastKnownFileType = sourcecode.swift; path = CLDCompatibility.swift; sourceTree = "<group>"; };
		OBJ_250 /* Cloudinary.podspec */ = {isa = PBXFileReference; lastKnownFileType = text; path = Cloudinary.podspec; sourceTree = "<group>"; };
		OBJ_251 /* README.md */ = {isa = PBXFileReference; lastKnownFileType = net.daringfireball.markdown; path = README.md; sourceTree = "<group>"; };
		OBJ_26 /* CLDConfiguration.swift */ = {isa = PBXFileReference; lastKnownFileType = sourcecode.swift; path = CLDConfiguration.swift; sourceTree = "<group>"; };
		OBJ_27 /* CLDEagerTransformation.swift */ = {isa = PBXFileReference; lastKnownFileType = sourcecode.swift; path = CLDEagerTransformation.swift; sourceTree = "<group>"; };
		OBJ_28 /* CLDResponsiveParams.swift */ = {isa = PBXFileReference; lastKnownFileType = sourcecode.swift; path = CLDResponsiveParams.swift; sourceTree = "<group>"; };
		OBJ_6 /* Package.swift */ = {isa = PBXFileReference; explicitFileType = sourcecode.swift; path = Package.swift; sourceTree = "<group>"; };
		OBJ_73 /* CLDDownloader.swift */ = {isa = PBXFileReference; lastKnownFileType = sourcecode.swift; path = CLDDownloader.swift; sourceTree = "<group>"; };
		OBJ_75 /* CLDBaseNetworkObject.swift */ = {isa = PBXFileReference; lastKnownFileType = sourcecode.swift; path = CLDBaseNetworkObject.swift; sourceTree = "<group>"; };
		OBJ_76 /* CLDConditionExpression.swift */ = {isa = PBXFileReference; lastKnownFileType = sourcecode.swift; path = CLDConditionExpression.swift; sourceTree = "<group>"; };
		OBJ_77 /* CLDDefinitions.swift */ = {isa = PBXFileReference; lastKnownFileType = sourcecode.swift; path = CLDDefinitions.swift; sourceTree = "<group>"; };
		OBJ_78 /* CLDExpression.swift */ = {isa = PBXFileReference; lastKnownFileType = sourcecode.swift; path = CLDExpression.swift; sourceTree = "<group>"; };
		OBJ_79 /* CLDOperators.swift */ = {isa = PBXFileReference; lastKnownFileType = sourcecode.swift; path = CLDOperators.swift; sourceTree = "<group>"; };
		OBJ_80 /* CLDTransformation.swift */ = {isa = PBXFileReference; lastKnownFileType = sourcecode.swift; path = CLDTransformation.swift; sourceTree = "<group>"; };
		OBJ_81 /* CLDVariable.swift */ = {isa = PBXFileReference; lastKnownFileType = sourcecode.swift; path = CLDVariable.swift; sourceTree = "<group>"; };
		OBJ_83 /* CLDFetchLayer.swift */ = {isa = PBXFileReference; lastKnownFileType = sourcecode.swift; path = CLDFetchLayer.swift; sourceTree = "<group>"; };
		OBJ_84 /* CLDLayer.swift */ = {isa = PBXFileReference; lastKnownFileType = sourcecode.swift; path = CLDLayer.swift; sourceTree = "<group>"; };
		OBJ_85 /* CLDSubtitlesLayer.swift */ = {isa = PBXFileReference; lastKnownFileType = sourcecode.swift; path = CLDSubtitlesLayer.swift; sourceTree = "<group>"; };
		OBJ_86 /* CLDTextLayer.swift */ = {isa = PBXFileReference; lastKnownFileType = sourcecode.swift; path = CLDTextLayer.swift; sourceTree = "<group>"; };
		OBJ_88 /* CLDRequestParams.swift */ = {isa = PBXFileReference; lastKnownFileType = sourcecode.swift; path = CLDRequestParams.swift; sourceTree = "<group>"; };
		OBJ_90 /* CLDRequestParamsHelpers.swift */ = {isa = PBXFileReference; lastKnownFileType = sourcecode.swift; path = CLDRequestParamsHelpers.swift; sourceTree = "<group>"; };
		OBJ_92 /* CLDRequest.swift */ = {isa = PBXFileReference; lastKnownFileType = sourcecode.swift; path = CLDRequest.swift; sourceTree = "<group>"; };
		OBJ_94 /* CLDBaseResult.swift */ = {isa = PBXFileReference; lastKnownFileType = sourcecode.swift; path = CLDBaseResult.swift; sourceTree = "<group>"; };
		OBJ_97 /* CLDAccessibilityAnalysisResult.swift */ = {isa = PBXFileReference; lastKnownFileType = sourcecode.swift; path = CLDAccessibilityAnalysisResult.swift; sourceTree = "<group>"; };
		OBJ_98 /* CLDColorblindAccessibilityAnalysisResult.swift */ = {isa = PBXFileReference; lastKnownFileType = sourcecode.swift; path = CLDColorblindAccessibilityAnalysisResult.swift; sourceTree = "<group>"; };
		OBJ_99 /* CLDBoundingBox.swift */ = {isa = PBXFileReference; lastKnownFileType = sourcecode.swift; path = CLDBoundingBox.swift; sourceTree = "<group>"; };
/* End PBXFileReference section */

/* Begin PBXFrameworksBuildPhase section */
		OBJ_436 /* Frameworks */ = {
			isa = PBXFrameworksBuildPhase;
			buildActionMask = 0;
			files = (
			);
			runOnlyForDeploymentPostprocessing = 0;
		};
/* End PBXFrameworksBuildPhase section */

/* Begin PBXGroup section */
		B694AAED2B308B7600075041 /* Analytics */ = {
			isa = PBXGroup;
			children = (
				B694AAEE2B308B8400075041 /* VideoAnalytics.swift */,
				B694AAF02B308B9D00075041 /* VideoEventsManager.swift */,
			);
			path = Analytics;
			sourceTree = "<group>";
		};
		B6C2D4842A724C2F00AA0039 /* Video */ = {
			isa = PBXGroup;
			children = (
				B694AAED2B308B7600075041 /* Analytics */,
				B6C2D4852A724C4200AA0039 /* CLDVideoPlayer.swift */,
			);
			path = Video;
			sourceTree = "<group>";
		};
		OBJ_103 /* CLDOcr */ = {
			isa = PBXGroup;
			children = (
				OBJ_104 /* CLDAdvOcrResult.swift */,
				OBJ_105 /* CLDOcrBlockResult.swift */,
				OBJ_106 /* CLDOcrBoundindBlockResult.swift */,
				OBJ_107 /* CLDOcrDataResult.swift */,
				OBJ_108 /* CLDOcrDetectedLanguagesResult.swift */,
				OBJ_109 /* CLDOcrFullTextAnnotationResult.swift */,
				OBJ_110 /* CLDOcrPageResult.swift */,
				OBJ_111 /* CLDOcrParagraphResult.swift */,
				OBJ_112 /* CLDOcrPropertyResult.swift */,
				OBJ_113 /* CLDOcrResult.swift */,
				OBJ_114 /* CLDOcrSymbolResult.swift */,
				OBJ_115 /* CLDOcrTextAnnotationResult.swift */,
				OBJ_116 /* CLDOcrWordResult.swift */,
			);
			path = CLDOcr;
			sourceTree = "<group>";
		};
		OBJ_117 /* CLDQualityAnalysis */ = {
			isa = PBXGroup;
			children = (
				OBJ_118 /* CLDQualityAnalysis.swift */,
			);
			path = CLDQualityAnalysis;
			sourceTree = "<group>";
		};
		OBJ_121 /* ManagementApi */ = {
			isa = PBXGroup;
			children = (
				OBJ_122 /* CLDManagementApi.swift */,
				OBJ_123 /* Requests */,
				OBJ_132 /* RequestsParams */,
				OBJ_142 /* Results */,
			);
			path = ManagementApi;
			sourceTree = "<group>";
		};
		OBJ_123 /* Requests */ = {
			isa = PBXGroup;
			children = (
				OBJ_124 /* CLDDeleteRequest.swift */,
				OBJ_125 /* CLDExplicitRequest.swift */,
				OBJ_126 /* CLDExplodeRequest.swift */,
				OBJ_127 /* CLDMultiRequest.swift */,
				OBJ_128 /* CLDRenameRequest.swift */,
				OBJ_129 /* CLDSpriteRequest.swift */,
				OBJ_130 /* CLDTagRequest.swift */,
				OBJ_131 /* CLDTextRequest.swift */,
			);
			path = Requests;
			sourceTree = "<group>";
		};
		OBJ_132 /* RequestsParams */ = {
			isa = PBXGroup;
			children = (
				OBJ_133 /* CLDDeleteByTokenRequestParams.swift */,
				OBJ_134 /* CLDDestroyRequestParams.swift */,
				OBJ_135 /* CLDExplicitRequestParams.swift */,
				OBJ_136 /* CLDExplodeRequestParams.swift */,
				OBJ_137 /* CLDMultiRequestParams.swift */,
				OBJ_138 /* CLDRenameRequestParams.swift */,
				OBJ_139 /* CLDSpriteRequestParams.swift */,
				OBJ_140 /* CLDTagsRequestParams.swift */,
				OBJ_141 /* CLDTextRequestParams.swift */,
			);
			path = RequestsParams;
			sourceTree = "<group>";
		};
		OBJ_142 /* Results */ = {
			isa = PBXGroup;
			children = (
				OBJ_143 /* CLDDeleteResult.swift */,
				OBJ_144 /* CLDExplicitResult.swift */,
				OBJ_145 /* CLDExplodeResult.swift */,
				OBJ_146 /* CLDMultiResult.swift */,
				OBJ_147 /* CLDRenameResult.swift */,
				OBJ_148 /* CLDSpriteResult.swift */,
				OBJ_149 /* CLDTagResult.swift */,
				OBJ_150 /* CLDTextResult.swift */,
			);
			path = Results;
			sourceTree = "<group>";
		};
		OBJ_151 /* UploadWidget */ = {
			isa = PBXGroup;
			children = (
				OBJ_152 /* CLDUploaderWidget.swift */,
				OBJ_153 /* CropView */,
				OBJ_160 /* WidgetConfiguration */,
				OBJ_162 /* WidgetElements */,
				OBJ_165 /* WidgetImages */,
				OBJ_173 /* WidgetVideo */,
				OBJ_183 /* WidgetViewControllers */,
			);
			path = UploadWidget;
			sourceTree = "<group>";
		};
		OBJ_153 /* CropView */ = {
			isa = PBXGroup;
			children = (
				OBJ_154 /* CLDCropOverlayView.swift */,
				OBJ_155 /* CLDCropScrollView.swift */,
				OBJ_156 /* CLDCropScrollViewController.swift */,
				OBJ_157 /* CLDCropView.swift */,
				OBJ_158 /* CLDCropViewCalculator.swift */,
				OBJ_159 /* CLDCropViewUIManager.swift */,
			);
			path = CropView;
			sourceTree = "<group>";
		};
		OBJ_160 /* WidgetConfiguration */ = {
			isa = PBXGroup;
			children = (
				OBJ_161 /* CLDWidgetConfiguration.swift */,
			);
			path = WidgetConfiguration;
			sourceTree = "<group>";
		};
		OBJ_162 /* WidgetElements */ = {
			isa = PBXGroup;
			children = (
				OBJ_163 /* CLDWidgetAssetContainer.swift */,
				OBJ_164 /* CLDWidgetPreviewCollectionCell.swift */,
			);
			path = WidgetElements;
			sourceTree = "<group>";
		};
		OBJ_165 /* WidgetImages */ = {
			isa = PBXGroup;
			children = (
				OBJ_166 /* BackIconInstructions.swift */,
				OBJ_167 /* CropIconInstructions.swift */,
				OBJ_168 /* CropRotateIconInstructions.swift */,
				OBJ_169 /* DoneIconInstructions.swift */,
				OBJ_170 /* RatioLockedIconInstructions.swift */,
				OBJ_171 /* RatioOpenedIconInstructions.swift */,
				OBJ_172 /* RotateIconInstructions.swift */,
			);
			path = WidgetImages;
			sourceTree = "<group>";
		};
		OBJ_173 /* WidgetVideo */ = {
			isa = PBXGroup;
			children = (
				OBJ_174 /* CLDDisplayLinkObserver.swift */,
				OBJ_175 /* CLDVideoControlsState.swift */,
				OBJ_176 /* CLDVideoControlsView.swift */,
				OBJ_177 /* CLDVideoHiddenAndPausedState.swift */,
				OBJ_178 /* CLDVideoHiddenAndPlayingState.swift */,
				OBJ_179 /* CLDVideoPlayerView.swift */,
				OBJ_180 /* CLDVideoShownAndPausedState.swift */,
				OBJ_181 /* CLDVideoShownAndPlayingState.swift */,
				OBJ_182 /* CLDVideoView.swift */,
			);
			path = WidgetVideo;
			sourceTree = "<group>";
		};
		OBJ_183 /* WidgetViewControllers */ = {
			isa = PBXGroup;
			children = (
				OBJ_184 /* CLDWidgetEditViewController.swift */,
				OBJ_185 /* CLDWidgetPreviewViewController.swift */,
				OBJ_186 /* CLDWidgetViewController.swift */,
			);
			path = WidgetViewControllers;
			sourceTree = "<group>";
		};
		OBJ_187 /* Uploader */ = {
			isa = PBXGroup;
			children = (
				OBJ_188 /* CLDUploader.swift */,
				OBJ_189 /* Preupload */,
				OBJ_191 /* RequestParams */,
				OBJ_193 /* Requests */,
				OBJ_197 /* Results */,
			);
			path = Uploader;
			sourceTree = "<group>";
		};
		OBJ_189 /* Preupload */ = {
			isa = PBXGroup;
			children = (
				OBJ_190 /* CLDPreprocessChain.swift */,
			);
			path = Preupload;
			sourceTree = "<group>";
		};
		OBJ_191 /* RequestParams */ = {
			isa = PBXGroup;
			children = (
				OBJ_192 /* CLDUploadRequestParams.swift */,
			);
			path = RequestParams;
			sourceTree = "<group>";
		};
		OBJ_193 /* Requests */ = {
			isa = PBXGroup;
			children = (
				OBJ_194 /* CLDDefaultUploadRequest.swift */,
				OBJ_195 /* CLDUploadRequest.swift */,
				OBJ_196 /* CLDUploadRequestWrapper.swift */,
			);
			path = Requests;
			sourceTree = "<group>";
		};
		OBJ_197 /* Results */ = {
			isa = PBXGroup;
			children = (
				OBJ_198 /* CLDUploadResult.swift */,
			);
			path = Results;
			sourceTree = "<group>";
		};
		OBJ_199 /* Url */ = {
			isa = PBXGroup;
			children = (
				OBJ_200 /* CLDUrl.swift */,
			);
			path = Url;
			sourceTree = "<group>";
		};
		OBJ_201 /* Network */ = {
			isa = PBXGroup;
			children = (
				OBJ_202 /* Adapter */,
				OBJ_204 /* CLDDefaultNetworkAdapter.swift */,
				OBJ_205 /* CLDNetworkCoordinator.swift */,
				OBJ_206 /* NetworkRequest */,
			);
			path = Network;
			sourceTree = "<group>";
		};
		OBJ_202 /* Adapter */ = {
			isa = PBXGroup;
			children = (
				OBJ_203 /* CLDNetworkAdapter.swift */,
			);
			path = Adapter;
			sourceTree = "<group>";
		};
		OBJ_206 /* NetworkRequest */ = {
			isa = PBXGroup;
			children = (
				OBJ_207 /* CLDAsyncNetworkUploadRequest.swift */,
				OBJ_208 /* CLDErrorRequest.swift */,
				OBJ_209 /* CLDGenericNetworkRequest.swift */,
				OBJ_210 /* CLDNetworkDataRequestImpl.swift */,
				OBJ_211 /* CLDNetworkDownloadRequest.swift */,
				OBJ_212 /* CLDNetworkUploadRequest.swift */,
			);
			path = NetworkRequest;
			sourceTree = "<group>";
		};
		OBJ_213 /* Utils */ = {
			isa = PBXGroup;
			children = (
				OBJ_214 /* CLDBuildParamsUtils.swift */,
				OBJ_215 /* CLDCryptoUtils.swift */,
				OBJ_216 /* CLDDictionaryUtils.swift */,
				OBJ_217 /* CLDError.swift */,
				OBJ_218 /* CLDFileUtils.swift */,
				OBJ_220 /* CLDImageGenerator */,
				OBJ_222 /* CLDImageUtils.swift */,
				OBJ_223 /* CLDJsonUtils.swift */,
				OBJ_224 /* CLDLogManager.swift */,
				OBJ_225 /* CLDStringUtils.swift */,
			);
			path = Utils;
			sourceTree = "<group>";
		};
		OBJ_220 /* CLDImageGenerator */ = {
			isa = PBXGroup;
			children = (
				OBJ_221 /* CLDImageGenerator.swift */,
			);
			path = CLDImageGenerator;
			sourceTree = "<group>";
		};
		OBJ_226 /* ios */ = {
			isa = PBXGroup;
			children = (
				B6C2D4842A724C2F00AA0039 /* Video */,
				OBJ_227 /* Extensions */,
				OBJ_233 /* NetworkRequest */,
				OBJ_236 /* UIViews */,
				OBJ_239 /* Uploader */,
			);
			path = ios;
			sourceTree = "<group>";
		};
		OBJ_227 /* Extensions */ = {
			isa = PBXGroup;
			children = (
				OBJ_228 /* CLDTransformation+Ios.swift */,
				OBJ_229 /* ExtensionCLDDownloader.swift */,
				OBJ_230 /* UIButton+Cloudinary.swift */,
				OBJ_231 /* UIImageView+Cloudinary.swift */,
				OBJ_232 /* UIView+Cloudinary.swift */,
			);
			path = Extensions;
			sourceTree = "<group>";
		};
		OBJ_233 /* NetworkRequest */ = {
			isa = PBXGroup;
			children = (
				OBJ_234 /* CLDFetchAssetRequestImpl.swift */,
				OBJ_235 /* CLDFetchImageRequestImpl.swift */,
			);
			path = NetworkRequest;
			sourceTree = "<group>";
		};
		OBJ_236 /* UIViews */ = {
			isa = PBXGroup;
			children = (
				OBJ_237 /* CLDResponsiveViewHelper.swift */,
				OBJ_238 /* CLDUIImageView.swift */,
			);
			path = UIViews;
			sourceTree = "<group>";
		};
		OBJ_239 /* Uploader */ = {
			isa = PBXGroup;
			children = (
				OBJ_240 /* CLDImagePreprocessChain.swift */,
				OBJ_241 /* CLDPreprocessHelpers.swift */,
			);
			path = Uploader;
			sourceTree = "<group>";
		};
		OBJ_242 /* Tests */ = {
			isa = PBXGroup;
			children = (
			);
			name = Tests;
			sourceTree = SOURCE_ROOT;
		};
		OBJ_243 /* Products */ = {
			isa = PBXGroup;
			children = (
				"Cloudinary::Cloudinary::Product" /* Cloudinary.framework */,
			);
			name = Products;
			sourceTree = BUILT_PRODUCTS_DIR;
		};
		OBJ_29 /* Features */ = {
			isa = PBXGroup;
			children = (
				B690BF5D2BC55992007117AC /* HTTPStatusCode.swift */,
				OBJ_72 /* Downloader */,
				OBJ_74 /* Helpers */,
				OBJ_121 /* ManagementApi */,
				OBJ_151 /* UploadWidget */,
				OBJ_187 /* Uploader */,
				OBJ_199 /* Url */,
			);
			path = Features;
			sourceTree = "<group>";
		};
		OBJ_5 = {
			isa = PBXGroup;
			children = (
				OBJ_6 /* Package.swift */,
				OBJ_7 /* Sources */,
				OBJ_242 /* Tests */,
				OBJ_243 /* Products */,
				OBJ_245 /* tools */,
				OBJ_246 /* Example */,
				OBJ_247 /* Cloudinary */,
				OBJ_248 /* LICENSE */,
				OBJ_249 /* CHANGELOG.md */,
				OBJ_250 /* Cloudinary.podspec */,
				OBJ_251 /* README.md */,
			);
			sourceTree = "<group>";
		};
		OBJ_7 /* Sources */ = {
			isa = PBXGroup;
			children = (
				OBJ_8 /* Core */,
				OBJ_226 /* ios */,
			);
			name = Sources;
			path = Cloudinary/Classes;
			sourceTree = SOURCE_ROOT;
		};
		OBJ_72 /* Downloader */ = {
			isa = PBXGroup;
			children = (
				OBJ_73 /* CLDDownloader.swift */,
			);
			path = Downloader;
			sourceTree = "<group>";
		};
		OBJ_74 /* Helpers */ = {
			isa = PBXGroup;
			children = (
				OBJ_75 /* CLDBaseNetworkObject.swift */,
				OBJ_76 /* CLDConditionExpression.swift */,
				OBJ_77 /* CLDDefinitions.swift */,
				OBJ_78 /* CLDExpression.swift */,
				OBJ_79 /* CLDOperators.swift */,
				OBJ_80 /* CLDTransformation.swift */,
				OBJ_81 /* CLDVariable.swift */,
				OBJ_82 /* Layers */,
				OBJ_87 /* RequestParams */,
				OBJ_91 /* Requests */,
				OBJ_93 /* Results */,
			);
			path = Helpers;
			sourceTree = "<group>";
		};
		OBJ_8 /* Core */ = {
			isa = PBXGroup;
			children = (
				OBJ_9 /* BaseNetwork */,
				OBJ_24 /* CLDCloudinary.swift */,
				B694AAEB2B308AF100075041 /* CLDAnalytics.swift */,
				OBJ_25 /* CLDCompatibility.swift */,
				OBJ_26 /* CLDConfiguration.swift */,
				OBJ_27 /* CLDEagerTransformation.swift */,
				OBJ_28 /* CLDResponsiveParams.swift */,
				OBJ_29 /* Features */,
				OBJ_201 /* Network */,
				OBJ_213 /* Utils */,
			);
			path = Core;
			sourceTree = "<group>";
		};
		OBJ_82 /* Layers */ = {
			isa = PBXGroup;
			children = (
				OBJ_83 /* CLDFetchLayer.swift */,
				OBJ_84 /* CLDLayer.swift */,
				OBJ_85 /* CLDSubtitlesLayer.swift */,
				OBJ_86 /* CLDTextLayer.swift */,
			);
			path = Layers;
			sourceTree = "<group>";
		};
		OBJ_87 /* RequestParams */ = {
			isa = PBXGroup;
			children = (
				OBJ_88 /* CLDRequestParams.swift */,
				OBJ_89 /* Helpers */,
			);
			path = RequestParams;
			sourceTree = "<group>";
		};
		OBJ_89 /* Helpers */ = {
			isa = PBXGroup;
			children = (
				OBJ_90 /* CLDRequestParamsHelpers.swift */,
			);
			path = Helpers;
			sourceTree = "<group>";
		};
		OBJ_9 /* BaseNetwork */ = {
			isa = PBXGroup;
			children = (
				OBJ_10 /* CLDNConvertible.swift */,
				OBJ_11 /* CLDNError.swift */,
				OBJ_12 /* CLDNMultipartFormData.swift */,
				OBJ_13 /* CLDNParameterEncoding.swift */,
				OBJ_14 /* CLDNRequest.swift */,
				OBJ_15 /* CLDNResponse.swift */,
				OBJ_16 /* CLDNResponseSerialization.swift */,
				OBJ_17 /* CLDNResult.swift */,
				OBJ_18 /* CLDNSessionDelegate.swift */,
				OBJ_19 /* CLDNSessionManager.swift */,
				OBJ_20 /* CLDNTaskDelegate.swift */,
				OBJ_21 /* CLDNTimeline.swift */,
				OBJ_22 /* CLDNValidation.swift */,
				OBJ_23 /* DispatchQueue+Cloudinary.swift */,
			);
			path = BaseNetwork;
			sourceTree = "<group>";
		};
		OBJ_91 /* Requests */ = {
			isa = PBXGroup;
			children = (
				OBJ_92 /* CLDRequest.swift */,
			);
			path = Requests;
			sourceTree = "<group>";
		};
		OBJ_93 /* Results */ = {
			isa = PBXGroup;
			children = (
				OBJ_94 /* CLDBaseResult.swift */,
				OBJ_95 /* Helpers */,
			);
			path = Results;
			sourceTree = "<group>";
		};
		OBJ_95 /* Helpers */ = {
			isa = PBXGroup;
			children = (
				OBJ_96 /* AccessibilityAnalysis */,
				OBJ_99 /* CLDBoundingBox.swift */,
				OBJ_100 /* CLDDetection.swift */,
				OBJ_101 /* CLDFace.swift */,
				OBJ_102 /* CLDInfo.swift */,
				OBJ_103 /* CLDOcr */,
				OBJ_117 /* CLDQualityAnalysis */,
				OBJ_119 /* CLDRekognitionFace.swift */,
				OBJ_120 /* CommonResultKeys.swift */,
			);
			path = Helpers;
			sourceTree = "<group>";
		};
		OBJ_96 /* AccessibilityAnalysis */ = {
			isa = PBXGroup;
			children = (
				OBJ_97 /* CLDAccessibilityAnalysisResult.swift */,
				OBJ_98 /* CLDColorblindAccessibilityAnalysisResult.swift */,
			);
			path = AccessibilityAnalysis;
			sourceTree = "<group>";
		};
/* End PBXGroup section */

/* Begin PBXNativeTarget section */
		"Cloudinary::Cloudinary" /* Cloudinary */ = {
			isa = PBXNativeTarget;
			buildConfigurationList = OBJ_253 /* Build configuration list for PBXNativeTarget "Cloudinary" */;
			buildPhases = (
				OBJ_256 /* Sources */,
				OBJ_436 /* Frameworks */,
			);
			buildRules = (
			);
			dependencies = (
			);
			name = Cloudinary;
			productName = Cloudinary;
			productReference = "Cloudinary::Cloudinary::Product" /* Cloudinary.framework */;
			productType = "com.apple.product-type.framework";
		};
		"Cloudinary::SwiftPMPackageDescription" /* CloudinaryPackageDescription */ = {
			isa = PBXNativeTarget;
			buildConfigurationList = OBJ_438 /* Build configuration list for PBXNativeTarget "CloudinaryPackageDescription" */;
			buildPhases = (
				OBJ_441 /* Sources */,
			);
			buildRules = (
			);
			dependencies = (
			);
			name = CloudinaryPackageDescription;
			productName = CloudinaryPackageDescription;
			productType = "com.apple.product-type.framework";
		};
/* End PBXNativeTarget section */

/* Begin PBXProject section */
		OBJ_1 /* Project object */ = {
			isa = PBXProject;
			attributes = {
				LastSwiftMigration = 9999;
				LastUpgradeCheck = 9999;
			};
			buildConfigurationList = OBJ_2 /* Build configuration list for PBXProject "Cloudinary" */;
			compatibilityVersion = "Xcode 3.2";
			developmentRegion = en;
			hasScannedForEncodings = 0;
			knownRegions = (
				en,
			);
			mainGroup = OBJ_5;
			productRefGroup = OBJ_243 /* Products */;
			projectDirPath = "";
			projectRoot = "";
			targets = (
				"Cloudinary::Cloudinary" /* Cloudinary */,
				"Cloudinary::SwiftPMPackageDescription" /* CloudinaryPackageDescription */,
			);
		};
/* End PBXProject section */

/* Begin PBXSourcesBuildPhase section */
		OBJ_256 /* Sources */ = {
			isa = PBXSourcesBuildPhase;
			buildActionMask = 0;
			files = (
				OBJ_257 /* CLDNConvertible.swift in Sources */,
				OBJ_258 /* CLDNError.swift in Sources */,
				OBJ_259 /* CLDNMultipartFormData.swift in Sources */,
				OBJ_260 /* CLDNParameterEncoding.swift in Sources */,
				OBJ_261 /* CLDNRequest.swift in Sources */,
				OBJ_262 /* CLDNResponse.swift in Sources */,
				OBJ_263 /* CLDNResponseSerialization.swift in Sources */,
				OBJ_264 /* CLDNResult.swift in Sources */,
				OBJ_265 /* CLDNSessionDelegate.swift in Sources */,
				OBJ_266 /* CLDNSessionManager.swift in Sources */,
				OBJ_267 /* CLDNTaskDelegate.swift in Sources */,
				OBJ_268 /* CLDNTimeline.swift in Sources */,
				OBJ_269 /* CLDNValidation.swift in Sources */,
				OBJ_270 /* DispatchQueue+Cloudinary.swift in Sources */,
				OBJ_271 /* CLDCloudinary.swift in Sources */,
				OBJ_272 /* CLDCompatibility.swift in Sources */,
				OBJ_273 /* CLDConfiguration.swift in Sources */,
				OBJ_274 /* CLDEagerTransformation.swift in Sources */,
				OBJ_275 /* CLDResponsiveParams.swift in Sources */,
				B694AAF12B308B9D00075041 /* VideoEventsManager.swift in Sources */,
				OBJ_304 /* CLDDownloader.swift in Sources */,
				OBJ_305 /* CLDBaseNetworkObject.swift in Sources */,
				OBJ_306 /* CLDConditionExpression.swift in Sources */,
				OBJ_307 /* CLDDefinitions.swift in Sources */,
				OBJ_308 /* CLDExpression.swift in Sources */,
				OBJ_309 /* CLDOperators.swift in Sources */,
				OBJ_310 /* CLDTransformation.swift in Sources */,
				OBJ_311 /* CLDVariable.swift in Sources */,
				OBJ_312 /* CLDFetchLayer.swift in Sources */,
				OBJ_313 /* CLDLayer.swift in Sources */,
				OBJ_314 /* CLDSubtitlesLayer.swift in Sources */,
				OBJ_315 /* CLDTextLayer.swift in Sources */,
				OBJ_316 /* CLDRequestParams.swift in Sources */,
				OBJ_317 /* CLDRequestParamsHelpers.swift in Sources */,
				OBJ_318 /* CLDRequest.swift in Sources */,
				B6C2D4862A724C4200AA0039 /* CLDVideoPlayer.swift in Sources */,
				OBJ_319 /* CLDBaseResult.swift in Sources */,
				OBJ_320 /* CLDAccessibilityAnalysisResult.swift in Sources */,
				OBJ_321 /* CLDColorblindAccessibilityAnalysisResult.swift in Sources */,
				OBJ_322 /* CLDBoundingBox.swift in Sources */,
				OBJ_323 /* CLDDetection.swift in Sources */,
				OBJ_324 /* CLDFace.swift in Sources */,
				OBJ_325 /* CLDInfo.swift in Sources */,
				OBJ_326 /* CLDAdvOcrResult.swift in Sources */,
				OBJ_327 /* CLDOcrBlockResult.swift in Sources */,
				OBJ_328 /* CLDOcrBoundindBlockResult.swift in Sources */,
				OBJ_329 /* CLDOcrDataResult.swift in Sources */,
				OBJ_330 /* CLDOcrDetectedLanguagesResult.swift in Sources */,
				OBJ_331 /* CLDOcrFullTextAnnotationResult.swift in Sources */,
				OBJ_332 /* CLDOcrPageResult.swift in Sources */,
				OBJ_333 /* CLDOcrParagraphResult.swift in Sources */,
				OBJ_334 /* CLDOcrPropertyResult.swift in Sources */,
				OBJ_335 /* CLDOcrResult.swift in Sources */,
				OBJ_336 /* CLDOcrSymbolResult.swift in Sources */,
				OBJ_337 /* CLDOcrTextAnnotationResult.swift in Sources */,
				OBJ_338 /* CLDOcrWordResult.swift in Sources */,
				OBJ_339 /* CLDQualityAnalysis.swift in Sources */,
				OBJ_340 /* CLDRekognitionFace.swift in Sources */,
				OBJ_341 /* CommonResultKeys.swift in Sources */,
				OBJ_342 /* CLDManagementApi.swift in Sources */,
				OBJ_343 /* CLDDeleteRequest.swift in Sources */,
				OBJ_344 /* CLDExplicitRequest.swift in Sources */,
				OBJ_345 /* CLDExplodeRequest.swift in Sources */,
				OBJ_346 /* CLDMultiRequest.swift in Sources */,
				OBJ_347 /* CLDRenameRequest.swift in Sources */,
				OBJ_348 /* CLDSpriteRequest.swift in Sources */,
				OBJ_349 /* CLDTagRequest.swift in Sources */,
				OBJ_350 /* CLDTextRequest.swift in Sources */,
				OBJ_351 /* CLDDeleteByTokenRequestParams.swift in Sources */,
				OBJ_352 /* CLDDestroyRequestParams.swift in Sources */,
				OBJ_353 /* CLDExplicitRequestParams.swift in Sources */,
				OBJ_354 /* CLDExplodeRequestParams.swift in Sources */,
				OBJ_355 /* CLDMultiRequestParams.swift in Sources */,
				OBJ_356 /* CLDRenameRequestParams.swift in Sources */,
				OBJ_357 /* CLDSpriteRequestParams.swift in Sources */,
				OBJ_358 /* CLDTagsRequestParams.swift in Sources */,
				OBJ_359 /* CLDTextRequestParams.swift in Sources */,
				OBJ_360 /* CLDDeleteResult.swift in Sources */,
				OBJ_361 /* CLDExplicitResult.swift in Sources */,
				OBJ_362 /* CLDExplodeResult.swift in Sources */,
				OBJ_363 /* CLDMultiResult.swift in Sources */,
				OBJ_364 /* CLDRenameResult.swift in Sources */,
				OBJ_365 /* CLDSpriteResult.swift in Sources */,
				OBJ_366 /* CLDTagResult.swift in Sources */,
				OBJ_367 /* CLDTextResult.swift in Sources */,
				OBJ_368 /* CLDUploaderWidget.swift in Sources */,
				OBJ_369 /* CLDCropOverlayView.swift in Sources */,
				OBJ_370 /* CLDCropScrollView.swift in Sources */,
				OBJ_371 /* CLDCropScrollViewController.swift in Sources */,
				OBJ_372 /* CLDCropView.swift in Sources */,
				OBJ_373 /* CLDCropViewCalculator.swift in Sources */,
				OBJ_374 /* CLDCropViewUIManager.swift in Sources */,
				OBJ_375 /* CLDWidgetConfiguration.swift in Sources */,
				OBJ_376 /* CLDWidgetAssetContainer.swift in Sources */,
				OBJ_377 /* CLDWidgetPreviewCollectionCell.swift in Sources */,
				OBJ_378 /* BackIconInstructions.swift in Sources */,
				B694AAEC2B308AF100075041 /* CLDAnalytics.swift in Sources */,
				OBJ_379 /* CropIconInstructions.swift in Sources */,
				OBJ_380 /* CropRotateIconInstructions.swift in Sources */,
				OBJ_381 /* DoneIconInstructions.swift in Sources */,
				OBJ_382 /* RatioLockedIconInstructions.swift in Sources */,
				OBJ_383 /* RatioOpenedIconInstructions.swift in Sources */,
				OBJ_384 /* RotateIconInstructions.swift in Sources */,
				OBJ_385 /* CLDDisplayLinkObserver.swift in Sources */,
				OBJ_386 /* CLDVideoControlsState.swift in Sources */,
				OBJ_387 /* CLDVideoControlsView.swift in Sources */,
				OBJ_388 /* CLDVideoHiddenAndPausedState.swift in Sources */,
				B694AAEF2B308B8400075041 /* VideoAnalytics.swift in Sources */,
				OBJ_389 /* CLDVideoHiddenAndPlayingState.swift in Sources */,
				OBJ_390 /* CLDVideoPlayerView.swift in Sources */,
				OBJ_391 /* CLDVideoShownAndPausedState.swift in Sources */,
				OBJ_392 /* CLDVideoShownAndPlayingState.swift in Sources */,
				OBJ_393 /* CLDVideoView.swift in Sources */,
				OBJ_394 /* CLDWidgetEditViewController.swift in Sources */,
				OBJ_395 /* CLDWidgetPreviewViewController.swift in Sources */,
				B690BF5E2BC55992007117AC /* HTTPStatusCode.swift in Sources */,
				OBJ_396 /* CLDWidgetViewController.swift in Sources */,
				OBJ_397 /* CLDUploader.swift in Sources */,
				OBJ_398 /* CLDPreprocessChain.swift in Sources */,
				OBJ_399 /* CLDUploadRequestParams.swift in Sources */,
				OBJ_400 /* CLDDefaultUploadRequest.swift in Sources */,
				OBJ_401 /* CLDUploadRequest.swift in Sources */,
				OBJ_402 /* CLDUploadRequestWrapper.swift in Sources */,
				OBJ_403 /* CLDUploadResult.swift in Sources */,
				OBJ_404 /* CLDUrl.swift in Sources */,
				OBJ_405 /* CLDNetworkAdapter.swift in Sources */,
				OBJ_406 /* CLDDefaultNetworkAdapter.swift in Sources */,
				OBJ_407 /* CLDNetworkCoordinator.swift in Sources */,
				OBJ_408 /* CLDAsyncNetworkUploadRequest.swift in Sources */,
				OBJ_409 /* CLDErrorRequest.swift in Sources */,
				OBJ_410 /* CLDGenericNetworkRequest.swift in Sources */,
				OBJ_411 /* CLDNetworkDataRequestImpl.swift in Sources */,
				OBJ_412 /* CLDNetworkDownloadRequest.swift in Sources */,
				OBJ_413 /* CLDNetworkUploadRequest.swift in Sources */,
				OBJ_414 /* CLDBuildParamsUtils.swift in Sources */,
				OBJ_415 /* CLDCryptoUtils.swift in Sources */,
				OBJ_416 /* CLDDictionaryUtils.swift in Sources */,
				OBJ_417 /* CLDError.swift in Sources */,
				OBJ_418 /* CLDFileUtils.swift in Sources */,
				OBJ_420 /* CLDImageGenerator.swift in Sources */,
				OBJ_421 /* CLDImageUtils.swift in Sources */,
				OBJ_422 /* CLDJsonUtils.swift in Sources */,
				OBJ_423 /* CLDLogManager.swift in Sources */,
				OBJ_424 /* CLDStringUtils.swift in Sources */,
				OBJ_425 /* CLDTransformation+Ios.swift in Sources */,
				OBJ_426 /* ExtensionCLDDownloader.swift in Sources */,
				OBJ_427 /* UIButton+Cloudinary.swift in Sources */,
				OBJ_428 /* UIImageView+Cloudinary.swift in Sources */,
				OBJ_429 /* UIView+Cloudinary.swift in Sources */,
				OBJ_430 /* CLDFetchAssetRequestImpl.swift in Sources */,
				OBJ_431 /* CLDFetchImageRequestImpl.swift in Sources */,
				OBJ_432 /* CLDResponsiveViewHelper.swift in Sources */,
				OBJ_433 /* CLDUIImageView.swift in Sources */,
				OBJ_434 /* CLDImagePreprocessChain.swift in Sources */,
				OBJ_435 /* CLDPreprocessHelpers.swift in Sources */,
			);
			runOnlyForDeploymentPostprocessing = 0;
		};
		OBJ_441 /* Sources */ = {
			isa = PBXSourcesBuildPhase;
			buildActionMask = 0;
			files = (
				OBJ_442 /* Package.swift in Sources */,
			);
			runOnlyForDeploymentPostprocessing = 0;
		};
/* End PBXSourcesBuildPhase section */

/* Begin XCBuildConfiguration section */
		OBJ_254 /* Debug */ = {
			isa = XCBuildConfiguration;
			buildSettings = {
				CURRENT_PROJECT_VERSION = 1;
				DRIVERKIT_DEPLOYMENT_TARGET = 19.0;
				ENABLE_TESTABILITY = YES;
				FRAMEWORK_SEARCH_PATHS = (
					"$(inherited)",
					"$(PLATFORM_DIR)/Developer/Library/Frameworks",
				);
				HEADER_SEARCH_PATHS = "$(inherited)";
				INFOPLIST_FILE = Cloudinary.xcodeproj/Cloudinary_Info.plist;
				IPHONEOS_DEPLOYMENT_TARGET = 9.0;
				LD_RUNPATH_SEARCH_PATHS = "$(inherited) $(TOOLCHAIN_DIR)/usr/lib/swift/macosx";
				MACOSX_DEPLOYMENT_TARGET = 10.10;
				OTHER_CFLAGS = "$(inherited)";
				OTHER_LDFLAGS = "$(inherited)";
				OTHER_SWIFT_FLAGS = "$(inherited)";
				PRODUCT_BUNDLE_IDENTIFIER = Cloudinary;
				PRODUCT_MODULE_NAME = "$(TARGET_NAME:c99extidentifier)";
				PRODUCT_NAME = "$(TARGET_NAME:c99extidentifier)";
				SKIP_INSTALL = YES;
				SWIFT_ACTIVE_COMPILATION_CONDITIONS = "$(inherited)";
				SWIFT_VERSION = 5.0;
				TARGET_NAME = Cloudinary;
				TVOS_DEPLOYMENT_TARGET = 9.0;
				WATCHOS_DEPLOYMENT_TARGET = 2.0;
			};
			name = Debug;
		};
		OBJ_255 /* Release */ = {
			isa = XCBuildConfiguration;
			buildSettings = {
				CURRENT_PROJECT_VERSION = 1;
				DRIVERKIT_DEPLOYMENT_TARGET = 19.0;
				ENABLE_TESTABILITY = YES;
				FRAMEWORK_SEARCH_PATHS = (
					"$(inherited)",
					"$(PLATFORM_DIR)/Developer/Library/Frameworks",
				);
				HEADER_SEARCH_PATHS = "$(inherited)";
				INFOPLIST_FILE = Cloudinary.xcodeproj/Cloudinary_Info.plist;
				IPHONEOS_DEPLOYMENT_TARGET = 9.0;
				LD_RUNPATH_SEARCH_PATHS = "$(inherited) $(TOOLCHAIN_DIR)/usr/lib/swift/macosx";
				MACOSX_DEPLOYMENT_TARGET = 10.10;
				OTHER_CFLAGS = "$(inherited)";
				OTHER_LDFLAGS = "$(inherited)";
				OTHER_SWIFT_FLAGS = "$(inherited)";
				PRODUCT_BUNDLE_IDENTIFIER = Cloudinary;
				PRODUCT_MODULE_NAME = "$(TARGET_NAME:c99extidentifier)";
				PRODUCT_NAME = "$(TARGET_NAME:c99extidentifier)";
				SKIP_INSTALL = YES;
				SWIFT_ACTIVE_COMPILATION_CONDITIONS = "$(inherited)";
				SWIFT_VERSION = 5.0;
				TARGET_NAME = Cloudinary;
				TVOS_DEPLOYMENT_TARGET = 9.0;
				WATCHOS_DEPLOYMENT_TARGET = 2.0;
			};
			name = Release;
		};
		OBJ_3 /* Debug */ = {
			isa = XCBuildConfiguration;
			buildSettings = {
				CLANG_ENABLE_OBJC_ARC = YES;
				COMBINE_HIDPI_IMAGES = YES;
				COPY_PHASE_STRIP = NO;
				DEBUG_INFORMATION_FORMAT = dwarf;
				DYLIB_INSTALL_NAME_BASE = "@rpath";
				ENABLE_NS_ASSERTIONS = YES;
				GCC_OPTIMIZATION_LEVEL = 0;
				GCC_PREPROCESSOR_DEFINITIONS = (
					"$(inherited)",
					"SWIFT_PACKAGE=1",
					"DEBUG=1",
				);
				MACOSX_DEPLOYMENT_TARGET = 10.10;
				ONLY_ACTIVE_ARCH = YES;
				OTHER_SWIFT_FLAGS = "$(inherited) -DXcode";
				PRODUCT_NAME = "$(TARGET_NAME)";
				SDKROOT = iphoneos;
				SUPPORTED_PLATFORMS = "iphonesimulator iphoneos";
				SUPPORTS_MACCATALYST = YES;
				SWIFT_ACTIVE_COMPILATION_CONDITIONS = "$(inherited) SWIFT_PACKAGE DEBUG";
				SWIFT_OPTIMIZATION_LEVEL = "-Onone";
				USE_HEADERMAP = NO;
			};
			name = Debug;
		};
		OBJ_4 /* Release */ = {
			isa = XCBuildConfiguration;
			buildSettings = {
				CLANG_ENABLE_OBJC_ARC = YES;
				COMBINE_HIDPI_IMAGES = YES;
				COPY_PHASE_STRIP = YES;
				DEBUG_INFORMATION_FORMAT = "dwarf-with-dsym";
				DYLIB_INSTALL_NAME_BASE = "@rpath";
				GCC_OPTIMIZATION_LEVEL = s;
				GCC_PREPROCESSOR_DEFINITIONS = (
					"$(inherited)",
					"SWIFT_PACKAGE=1",
				);
				MACOSX_DEPLOYMENT_TARGET = 10.10;
				ONLY_ACTIVE_ARCH = YES;
				OTHER_SWIFT_FLAGS = "$(inherited) -DXcode";
				PRODUCT_NAME = "$(TARGET_NAME)";
				SDKROOT = iphoneos;
				SUPPORTED_PLATFORMS = "iphonesimulator iphoneos";
				SUPPORTS_MACCATALYST = YES;
				SWIFT_ACTIVE_COMPILATION_CONDITIONS = "$(inherited) SWIFT_PACKAGE";
				SWIFT_OPTIMIZATION_LEVEL = "-Owholemodule";
				USE_HEADERMAP = NO;
			};
			name = Release;
		};
		OBJ_439 /* Debug */ = {
			isa = XCBuildConfiguration;
			buildSettings = {
				LD = /usr/bin/true;
				OTHER_SWIFT_FLAGS = "-swift-version 5 -I $(TOOLCHAIN_DIR)/usr/lib/swift/pm/ManifestAPI -sdk /Applications/Xcode.app/Contents/Developer/Platforms/MacOSX.platform/Developer/SDKs/MacOSX12.1.sdk -package-description-version 5.1.0";
				SWIFT_VERSION = 5.0;
			};
			name = Debug;
		};
		OBJ_440 /* Release */ = {
			isa = XCBuildConfiguration;
			buildSettings = {
				LD = /usr/bin/true;
				OTHER_SWIFT_FLAGS = "-swift-version 5 -I $(TOOLCHAIN_DIR)/usr/lib/swift/pm/ManifestAPI -sdk /Applications/Xcode.app/Contents/Developer/Platforms/MacOSX.platform/Developer/SDKs/MacOSX12.1.sdk -package-description-version 5.1.0";
				SWIFT_VERSION = 5.0;
			};
			name = Release;
		};
/* End XCBuildConfiguration section */

/* Begin XCConfigurationList section */
		OBJ_2 /* Build configuration list for PBXProject "Cloudinary" */ = {
			isa = XCConfigurationList;
			buildConfigurations = (
				OBJ_3 /* Debug */,
				OBJ_4 /* Release */,
			);
			defaultConfigurationIsVisible = 0;
			defaultConfigurationName = Release;
		};
		OBJ_253 /* Build configuration list for PBXNativeTarget "Cloudinary" */ = {
			isa = XCConfigurationList;
			buildConfigurations = (
				OBJ_254 /* Debug */,
				OBJ_255 /* Release */,
			);
			defaultConfigurationIsVisible = 0;
			defaultConfigurationName = Release;
		};
		OBJ_438 /* Build configuration list for PBXNativeTarget "CloudinaryPackageDescription" */ = {
			isa = XCConfigurationList;
			buildConfigurations = (
				OBJ_439 /* Debug */,
				OBJ_440 /* Release */,
			);
			defaultConfigurationIsVisible = 0;
			defaultConfigurationName = Release;
		};
/* End XCConfigurationList section */
	};
	rootObject = OBJ_1 /* Project object */;
}
