// !$*UTF8*$!
{
	archiveVersion = 1;
	classes = {
	};
	objectVersion = 46;
	objects = {

/* Begin PBXBuildFile section */
		723C80BB163885C7003FB3FB /* Foundation.framework in Frameworks */ = {isa = PBXBuildFile; fileRef = 723C80BA163885C7003FB3FB /* Foundation.framework */; };
		723C80C0163885C7003FB3FB /* CLCloudinary.h in CopyFiles */ = {isa = PBXBuildFile; fileRef = 723C80BF163885C7003FB3FB /* CLCloudinary.h */; };
		723C80C2163885C7003FB3FB /* CLCloudinary.m in Sources */ = {isa = PBXBuildFile; fileRef = 723C80C1163885C7003FB3FB /* CLCloudinary.m */; };
		723C80CA163885C7003FB3FB /* SenTestingKit.framework in Frameworks */ = {isa = PBXBuildFile; fileRef = 723C80C9163885C7003FB3FB /* SenTestingKit.framework */; };
		723C80CD163885C7003FB3FB /* Foundation.framework in Frameworks */ = {isa = PBXBuildFile; fileRef = 723C80BA163885C7003FB3FB /* Foundation.framework */; };
		723C80D0163885C7003FB3FB /* libCloudinary.a in Frameworks */ = {isa = PBXBuildFile; fileRef = 723C80B7163885C7003FB3FB /* libCloudinary.a */; settings = {ATTRIBUTES = (Required, ); }; };
		723C80D6163885C7003FB3FB /* InfoPlist.strings in Resources */ = {isa = PBXBuildFile; fileRef = 723C80D4163885C7003FB3FB /* InfoPlist.strings */; };
		723C80D9163885C7003FB3FB /* CloudinaryTests.m in Sources */ = {isa = PBXBuildFile; fileRef = 723C80D8163885C7003FB3FB /* CloudinaryTests.m */; };
		723C80E616393B13003FB3FB /* Security.framework in Frameworks */ = {isa = PBXBuildFile; fileRef = 723C80E516393B13003FB3FB /* Security.framework */; };
		723C80EB16394BAA003FB3FB /* CLTransformation.m in Sources */ = {isa = PBXBuildFile; fileRef = 723C80EA16394BAA003FB3FB /* CLTransformation.m */; };
		723C8105163A9118003FB3FB /* CLUploader.m in Sources */ = {isa = PBXBuildFile; fileRef = 723C8104163A9118003FB3FB /* CLUploader.m */; };
		723C8108163AB193003FB3FB /* CLEagerTransformation.m in Sources */ = {isa = PBXBuildFile; fileRef = 723C8107163AB193003FB3FB /* CLEagerTransformation.m */; };
		723C8131163C707C003FB3FB /* UploaderTests.m in Sources */ = {isa = PBXBuildFile; fileRef = 723C8130163C707C003FB3FB /* UploaderTests.m */; };
		723C8193163D3EC2003FB3FB /* logo.png in Resources */ = {isa = PBXBuildFile; fileRef = 723C8192163D3EC2003FB3FB /* logo.png */; };
		723E72341642B9F7004CFB6E /* CLTransformation.h in CopyFiles */ = {isa = PBXBuildFile; fileRef = 723C80E916394BAA003FB3FB /* CLTransformation.h */; };
		723E72351642B9F7004CFB6E /* CLUploader.h in CopyFiles */ = {isa = PBXBuildFile; fileRef = 723C8103163A9118003FB3FB /* CLUploader.h */; };
		723E72361642B9F7004CFB6E /* CLEagerTransformation.h in CopyFiles */ = {isa = PBXBuildFile; fileRef = 723C8106163AB193003FB3FB /* CLEagerTransformation.h */; };
		723E72381642D487004CFB6E /* Cloudinary.h in CopyFiles */ = {isa = PBXBuildFile; fileRef = 723E72371642D295004CFB6E /* Cloudinary.h */; };
		72EFFE0E17250CA600005AC9 /* NSDictionary+CLUtilities.m in Sources */ = {isa = PBXBuildFile; fileRef = 72EFFE0B17250CA600005AC9 /* NSDictionary+CLUtilities.m */; };
		72EFFE0F17250CA600005AC9 /* NSString+CLURLEncoding.m in Sources */ = {isa = PBXBuildFile; fileRef = 72EFFE0D17250CA600005AC9 /* NSString+CLURLEncoding.m */; };
/* End PBXBuildFile section */

/* Begin PBXContainerItemProxy section */
		723C80CE163885C7003FB3FB /* PBXContainerItemProxy */ = {
			isa = PBXContainerItemProxy;
			containerPortal = 723C80AE163885C7003FB3FB /* Project object */;
			proxyType = 1;
			remoteGlobalIDString = 723C80B6163885C7003FB3FB;
			remoteInfo = Cloudinary;
		};
/* End PBXContainerItemProxy section */

/* Begin PBXCopyFilesBuildPhase section */
		723C80B5163885C7003FB3FB /* CopyFiles */ = {
			isa = PBXCopyFilesBuildPhase;
			buildActionMask = 2147483647;
			dstPath = "include/${PRODUCT_NAME}";
			dstSubfolderSpec = 16;
			files = (
				723E72381642D487004CFB6E /* Cloudinary.h in CopyFiles */,
				723E72341642B9F7004CFB6E /* CLTransformation.h in CopyFiles */,
				723E72351642B9F7004CFB6E /* CLUploader.h in CopyFiles */,
				723E72361642B9F7004CFB6E /* CLEagerTransformation.h in CopyFiles */,
				723C80C0163885C7003FB3FB /* CLCloudinary.h in CopyFiles */,
			);
			runOnlyForDeploymentPostprocessing = 0;
		};
/* End PBXCopyFilesBuildPhase section */

/* Begin PBXFileReference section */
		723C80B7163885C7003FB3FB /* libCloudinary.a */ = {isa = PBXFileReference; explicitFileType = archive.ar; includeInIndex = 0; path = libCloudinary.a; sourceTree = BUILT_PRODUCTS_DIR; };
		723C80BA163885C7003FB3FB /* Foundation.framework */ = {isa = PBXFileReference; lastKnownFileType = wrapper.framework; name = Foundation.framework; path = System/Library/Frameworks/Foundation.framework; sourceTree = SDKROOT; };
		723C80BE163885C7003FB3FB /* Cloudinary-Prefix.pch */ = {isa = PBXFileReference; lastKnownFileType = sourcecode.c.h; path = "Cloudinary-Prefix.pch"; sourceTree = "<group>"; };
		723C80BF163885C7003FB3FB /* CLCloudinary.h */ = {isa = PBXFileReference; lastKnownFileType = sourcecode.c.h; path = CLCloudinary.h; sourceTree = "<group>"; };
		723C80C1163885C7003FB3FB /* CLCloudinary.m */ = {isa = PBXFileReference; lastKnownFileType = sourcecode.c.objc; path = CLCloudinary.m; sourceTree = "<group>"; };
		723C80C8163885C7003FB3FB /* CloudinaryTests.octest */ = {isa = PBXFileReference; explicitFileType = wrapper.cfbundle; includeInIndex = 0; path = CloudinaryTests.octest; sourceTree = BUILT_PRODUCTS_DIR; };
		723C80C9163885C7003FB3FB /* SenTestingKit.framework */ = {isa = PBXFileReference; lastKnownFileType = wrapper.framework; name = SenTestingKit.framework; path = Library/Frameworks/SenTestingKit.framework; sourceTree = DEVELOPER_DIR; };
		723C80D3163885C7003FB3FB /* CloudinaryTests-Info.plist */ = {isa = PBXFileReference; lastKnownFileType = text.plist.xml; path = "CloudinaryTests-Info.plist"; sourceTree = "<group>"; };
		723C80D5163885C7003FB3FB /* en */ = {isa = PBXFileReference; lastKnownFileType = text.plist.strings; name = en; path = en.lproj/InfoPlist.strings; sourceTree = "<group>"; };
		723C80D7163885C7003FB3FB /* CloudinaryTests.h */ = {isa = PBXFileReference; lastKnownFileType = sourcecode.c.h; path = CloudinaryTests.h; sourceTree = "<group>"; };
		723C80D8163885C7003FB3FB /* CloudinaryTests.m */ = {isa = PBXFileReference; lastKnownFileType = sourcecode.c.objc; path = CloudinaryTests.m; sourceTree = "<group>"; };
		723C80E516393B13003FB3FB /* Security.framework */ = {isa = PBXFileReference; lastKnownFileType = wrapper.framework; name = Security.framework; path = System/Library/Frameworks/Security.framework; sourceTree = SDKROOT; };
		723C80E916394BAA003FB3FB /* CLTransformation.h */ = {isa = PBXFileReference; fileEncoding = 4; lastKnownFileType = sourcecode.c.h; path = CLTransformation.h; sourceTree = "<group>"; };
		723C80EA16394BAA003FB3FB /* CLTransformation.m */ = {isa = PBXFileReference; fileEncoding = 4; lastKnownFileType = sourcecode.c.objc; path = CLTransformation.m; sourceTree = "<group>"; };
		723C8103163A9118003FB3FB /* CLUploader.h */ = {isa = PBXFileReference; fileEncoding = 4; lastKnownFileType = sourcecode.c.h; path = CLUploader.h; sourceTree = "<group>"; };
		723C8104163A9118003FB3FB /* CLUploader.m */ = {isa = PBXFileReference; fileEncoding = 4; lastKnownFileType = sourcecode.c.objc; path = CLUploader.m; sourceTree = "<group>"; };
		723C8106163AB193003FB3FB /* CLEagerTransformation.h */ = {isa = PBXFileReference; fileEncoding = 4; lastKnownFileType = sourcecode.c.h; path = CLEagerTransformation.h; sourceTree = "<group>"; };
		723C8107163AB193003FB3FB /* CLEagerTransformation.m */ = {isa = PBXFileReference; fileEncoding = 4; lastKnownFileType = sourcecode.c.objc; path = CLEagerTransformation.m; sourceTree = "<group>"; };
		723C812F163C707C003FB3FB /* UploaderTests.h */ = {isa = PBXFileReference; fileEncoding = 4; lastKnownFileType = sourcecode.c.h; path = UploaderTests.h; sourceTree = "<group>"; };
		723C8130163C707C003FB3FB /* UploaderTests.m */ = {isa = PBXFileReference; fileEncoding = 4; lastKnownFileType = sourcecode.c.objc; path = UploaderTests.m; sourceTree = "<group>"; };
		723C8192163D3EC2003FB3FB /* logo.png */ = {isa = PBXFileReference; lastKnownFileType = image.png; path = logo.png; sourceTree = "<group>"; };
		723E72371642D295004CFB6E /* Cloudinary.h */ = {isa = PBXFileReference; lastKnownFileType = sourcecode.c.h; path = Cloudinary.h; sourceTree = "<group>"; };
		72EFFE0A17250CA600005AC9 /* NSDictionary+CLUtilities.h */ = {isa = PBXFileReference; fileEncoding = 4; lastKnownFileType = sourcecode.c.h; path = "NSDictionary+CLUtilities.h"; sourceTree = "<group>"; };
		72EFFE0B17250CA600005AC9 /* NSDictionary+CLUtilities.m */ = {isa = PBXFileReference; fileEncoding = 4; lastKnownFileType = sourcecode.c.objc; path = "NSDictionary+CLUtilities.m"; sourceTree = "<group>"; };
		72EFFE0C17250CA600005AC9 /* NSString+CLURLEncoding.h */ = {isa = PBXFileReference; fileEncoding = 4; lastKnownFileType = sourcecode.c.h; path = "NSString+CLURLEncoding.h"; sourceTree = "<group>"; };
		72EFFE0D17250CA600005AC9 /* NSString+CLURLEncoding.m */ = {isa = PBXFileReference; fileEncoding = 4; lastKnownFileType = sourcecode.c.objc; path = "NSString+CLURLEncoding.m"; sourceTree = "<group>"; };
/* End PBXFileReference section */

/* Begin PBXFrameworksBuildPhase section */
		723C80B4163885C7003FB3FB /* Frameworks */ = {
			isa = PBXFrameworksBuildPhase;
			buildActionMask = 2147483647;
			files = (
				723C80E616393B13003FB3FB /* Security.framework in Frameworks */,
				723C80BB163885C7003FB3FB /* Foundation.framework in Frameworks */,
			);
			runOnlyForDeploymentPostprocessing = 0;
		};
		723C80C4163885C7003FB3FB /* Frameworks */ = {
			isa = PBXFrameworksBuildPhase;
			buildActionMask = 2147483647;
			files = (
				723C80CA163885C7003FB3FB /* SenTestingKit.framework in Frameworks */,
				723C80CD163885C7003FB3FB /* Foundation.framework in Frameworks */,
				723C80D0163885C7003FB3FB /* libCloudinary.a in Frameworks */,
			);
			runOnlyForDeploymentPostprocessing = 0;
		};
/* End PBXFrameworksBuildPhase section */

/* Begin PBXGroup section */
		26DE806C16F68DBF0099F2E2 /* Categories */ = {
			isa = PBXGroup;
			children = (
				72EFFE0A17250CA600005AC9 /* NSDictionary+CLUtilities.h */,
				72EFFE0B17250CA600005AC9 /* NSDictionary+CLUtilities.m */,
				72EFFE0C17250CA600005AC9 /* NSString+CLURLEncoding.h */,
				72EFFE0D17250CA600005AC9 /* NSString+CLURLEncoding.m */,
			);
			name = Categories;
			sourceTree = "<group>";
		};
		723C80AC163885C7003FB3FB = {
			isa = PBXGroup;
			children = (
				723C80BC163885C7003FB3FB /* Cloudinary */,
				723C80D1163885C7003FB3FB /* CloudinaryTests */,
				723C80B9163885C7003FB3FB /* Frameworks */,
				723C80B8163885C7003FB3FB /* Products */,
			);
			sourceTree = "<group>";
		};
		723C80B8163885C7003FB3FB /* Products */ = {
			isa = PBXGroup;
			children = (
				723C80B7163885C7003FB3FB /* libCloudinary.a */,
				723C80C8163885C7003FB3FB /* CloudinaryTests.octest */,
			);
			name = Products;
			sourceTree = "<group>";
		};
		723C80B9163885C7003FB3FB /* Frameworks */ = {
			isa = PBXGroup;
			children = (
				723C80E516393B13003FB3FB /* Security.framework */,
				723C80BA163885C7003FB3FB /* Foundation.framework */,
				723C80C9163885C7003FB3FB /* SenTestingKit.framework */,
			);
			name = Frameworks;
			sourceTree = "<group>";
		};
		723C80BC163885C7003FB3FB /* Cloudinary */ = {
			isa = PBXGroup;
			children = (
				723C80BD163885C7003FB3FB /* Supporting Files */,
				26DE806C16F68DBF0099F2E2 /* Categories */,
				723E72371642D295004CFB6E /* Cloudinary.h */,
				723C80BF163885C7003FB3FB /* CLCloudinary.h */,
				723C80C1163885C7003FB3FB /* CLCloudinary.m */,
				723C80E916394BAA003FB3FB /* CLTransformation.h */,
				723C80EA16394BAA003FB3FB /* CLTransformation.m */,
				723C8103163A9118003FB3FB /* CLUploader.h */,
				723C8104163A9118003FB3FB /* CLUploader.m */,
				723C8106163AB193003FB3FB /* CLEagerTransformation.h */,
				723C8107163AB193003FB3FB /* CLEagerTransformation.m */,
			);
			path = Cloudinary;
			sourceTree = "<group>";
		};
		723C80BD163885C7003FB3FB /* Supporting Files */ = {
			isa = PBXGroup;
			children = (
				723C80BE163885C7003FB3FB /* Cloudinary-Prefix.pch */,
			);
			name = "Supporting Files";
			sourceTree = "<group>";
		};
		723C80D1163885C7003FB3FB /* CloudinaryTests */ = {
			isa = PBXGroup;
			children = (
				723C80D2163885C7003FB3FB /* Supporting Files */,
				723C80D7163885C7003FB3FB /* CloudinaryTests.h */,
				723C80D8163885C7003FB3FB /* CloudinaryTests.m */,
				723C812F163C707C003FB3FB /* UploaderTests.h */,
				723C8130163C707C003FB3FB /* UploaderTests.m */,
			);
			path = CloudinaryTests;
			sourceTree = "<group>";
		};
		723C80D2163885C7003FB3FB /* Supporting Files */ = {
			isa = PBXGroup;
			children = (
				723C8192163D3EC2003FB3FB /* logo.png */,
				723C80D3163885C7003FB3FB /* CloudinaryTests-Info.plist */,
				723C80D4163885C7003FB3FB /* InfoPlist.strings */,
			);
			name = "Supporting Files";
			sourceTree = "<group>";
		};
/* End PBXGroup section */

/* Begin PBXNativeTarget section */
		723C80B6163885C7003FB3FB /* Cloudinary */ = {
			isa = PBXNativeTarget;
			buildConfigurationList = 723C80DC163885C7003FB3FB /* Build configuration list for PBXNativeTarget "Cloudinary" */;
			buildPhases = (
				723C80B3163885C7003FB3FB /* Sources */,
				723C80B4163885C7003FB3FB /* Frameworks */,
				723C80B5163885C7003FB3FB /* CopyFiles */,
				7291D3D316481C5A00B708CA /* ShellScript */,
			);
			buildRules = (
			);
			dependencies = (
			);
			name = Cloudinary;
			productName = Cloudinary;
			productReference = 723C80B7163885C7003FB3FB /* libCloudinary.a */;
			productType = "com.apple.product-type.library.static";
		};
		723C80C7163885C7003FB3FB /* CloudinaryTests */ = {
			isa = PBXNativeTarget;
			buildConfigurationList = 723C80DF163885C7003FB3FB /* Build configuration list for PBXNativeTarget "CloudinaryTests" */;
			buildPhases = (
				723C80C3163885C7003FB3FB /* Sources */,
				723C80C4163885C7003FB3FB /* Frameworks */,
				723C80C5163885C7003FB3FB /* Resources */,
				723C80C6163885C7003FB3FB /* Run Script */,
			);
			buildRules = (
			);
			dependencies = (
				723C80CF163885C7003FB3FB /* PBXTargetDependency */,
			);
			name = CloudinaryTests;
			productName = CloudinaryTests;
			productReference = 723C80C8163885C7003FB3FB /* CloudinaryTests.octest */;
			productType = "com.apple.product-type.bundle";
		};
/* End PBXNativeTarget section */

/* Begin PBXProject section */
		723C80AE163885C7003FB3FB /* Project object */ = {
			isa = PBXProject;
			attributes = {
				LastUpgradeCheck = 0450;
				ORGANIZATIONNAME = "Cloudinary Ltd";
			};
			buildConfigurationList = 723C80B1163885C7003FB3FB /* Build configuration list for PBXProject "Cloudinary" */;
			compatibilityVersion = "Xcode 3.2";
			developmentRegion = English;
			hasScannedForEncodings = 0;
			knownRegions = (
				en,
			);
			mainGroup = 723C80AC163885C7003FB3FB;
			productRefGroup = 723C80B8163885C7003FB3FB /* Products */;
			projectDirPath = "";
			projectRoot = "";
			targets = (
				723C80B6163885C7003FB3FB /* Cloudinary */,
				723C80C7163885C7003FB3FB /* CloudinaryTests */,
			);
		};
/* End PBXProject section */

/* Begin PBXResourcesBuildPhase section */
		723C80C5163885C7003FB3FB /* Resources */ = {
			isa = PBXResourcesBuildPhase;
			buildActionMask = 2147483647;
			files = (
				723C8193163D3EC2003FB3FB /* logo.png in Resources */,
				723C80D6163885C7003FB3FB /* InfoPlist.strings in Resources */,
			);
			runOnlyForDeploymentPostprocessing = 0;
		};
/* End PBXResourcesBuildPhase section */

/* Begin PBXShellScriptBuildPhase section */
		723C80C6163885C7003FB3FB /* Run Script */ = {
			isa = PBXShellScriptBuildPhase;
			buildActionMask = 2147483647;
			files = (
			);
			inputPaths = (
			);
			name = "Run Script";
			outputPaths = (
			);
			runOnlyForDeploymentPostprocessing = 0;
			shellPath = /bin/sh;
			shellScript = "# Run the unit tests in this test bundle.\n\"${SYSTEM_DEVELOPER_DIR}/Tools/RunUnitTests\"\n";
		};
		7291D3D316481C5A00B708CA /* ShellScript */ = {
			isa = PBXShellScriptBuildPhase;
			buildActionMask = 2147483647;
			files = (
			);
			inputPaths = (
			);
			outputPaths = (
			);
			runOnlyForDeploymentPostprocessing = 0;
			shellPath = /bin/sh;
			shellScript = "#\n# c.f. StackOverflow question/answer here: http://stackoverflow.com/questions/3520977/build-fat-static-library-device-simulator-using-xcode-and-sdk-4\n#\n# Version 2.4\n#\n# Latest Change:\n# - Apple's handling of \"project files\" is broken; added a workaround for Xcode 4.5\n# - Added automatic FAIL BUILD if any of the internal commands fail\n#\n# Purpose:\n#   Create a static library for iPhone from within XCode\n#   Because Apple staff DELIBERATELY broke Xcode to make this impossible from the GUI (Xcode 3.2.3 specifically states this in the Release notes!)\n#   ...no, I don't understand why they did this!\n#\n# Author: Adam Martin - http://twitter.com/redglassesapps\n# Based on: original script from Eonil (main changes: Eonil's script WILL NOT WORK in Xcode GUI - it WILL CRASH YOUR COMPUTER)\n#\n\nset -e\nset -o pipefail\n\n#################[ Tests: helps workaround any future bugs in Xcode ]########\n#\nDEBUG_THIS_SCRIPT=\"false\"\n\nif [ $DEBUG_THIS_SCRIPT = \"true\" ]\nthen\necho \"########### TESTS #############\"\necho \"Use the following variables when debugging this script; note that they may change on recursions\"\necho \"BUILD_DIR = $BUILD_DIR\"\necho \"BUILD_ROOT = $BUILD_ROOT\"\necho \"CONFIGURATION_BUILD_DIR = $CONFIGURATION_BUILD_DIR\"\necho \"BUILT_PRODUCTS_DIR = $BUILT_PRODUCTS_DIR\"\necho \"CONFIGURATION_TEMP_DIR = $CONFIGURATION_TEMP_DIR\"\necho \"TARGET_BUILD_DIR = $TARGET_BUILD_DIR\"\nfi\n\n#####################[ part 1 ]##################\n# First, work out the BASESDK version number (NB: Apple ought to report this, but they hide it)\n#    (incidental: searching for substrings in sh is a nightmare! Sob)\n\nSDK_VERSION=$(echo ${SDK_NAME} | grep -o '.\\{3\\}$')\n\n# Next, work out if we're in SIM or DEVICE\n\nif [ ${PLATFORM_NAME} = \"iphonesimulator\" ]\nthen\nOTHER_SDK_TO_BUILD=iphoneos${SDK_VERSION}\nelse\nOTHER_SDK_TO_BUILD=iphonesimulator${SDK_VERSION}\nfi\n\necho \"XCode has selected SDK: ${PLATFORM_NAME} with version: ${SDK_VERSION} (although back-targetting: ${IPHONEOS_DEPLOYMENT_TARGET})\"\necho \"...therefore, OTHER_SDK_TO_BUILD = ${OTHER_SDK_TO_BUILD}\"\n#\n#####################[ end of part 1 ]##################\n\n#####################[ part 2 ]##################\n#\n# IF this is the original invocation, invoke WHATEVER other builds are required\n#\n# Xcode is already building ONE target...\n#\n# ...but this is a LIBRARY, so Apple is wrong to set it to build just one.\n# ...we need to build ALL targets\n# ...we MUST NOT re-build the target that is ALREADY being built: Xcode WILL CRASH YOUR COMPUTER if you try this (infinite recursion!)\n#\n#\n# So: build ONLY the missing platforms/configurations.\n\nif [ \"true\" == ${ALREADYINVOKED:-false} ]\nthen\necho \"RECURSION: I am NOT the root invocation, so I'm NOT going to recurse\"\nelse\n# CRITICAL:\n# Prevent infinite recursion (Xcode sucks)\nexport ALREADYINVOKED=\"true\"\n\necho \"RECURSION: I am the root ... recursing all missing build targets NOW...\"\necho \"RECURSION: ...about to invoke: xcodebuild -configuration \\\"${CONFIGURATION}\\\" -project \\\"${PROJECT_NAME}.xcodeproj\\\" -target \\\"${TARGET_NAME}\\\" -sdk \\\"${OTHER_SDK_TO_BUILD}\\\" ${ACTION} RUN_CLANG_STATIC_ANALYZER=NO\" BUILD_DIR=\\\"${BUILD_DIR}\\\" BUILD_ROOT=\\\"${BUILD_ROOT}\\\" SYMROOT=\\\"${SYMROOT}\\\"\n\nxcodebuild -configuration \"${CONFIGURATION}\" -project \"${PROJECT_NAME}.xcodeproj\" -target \"${TARGET_NAME}\" -sdk \"${OTHER_SDK_TO_BUILD}\" ${ACTION} RUN_CLANG_STATIC_ANALYZER=NO BUILD_DIR=\"${BUILD_DIR}\" BUILD_ROOT=\"${BUILD_ROOT}\" SYMROOT=\"${SYMROOT}\"\n\nACTION=\"build\"\n\n#Merge all platform binaries as a fat binary for each configurations.\n\n# Calculate where the (multiple) built files are coming from:\nCURRENTCONFIG_DEVICE_DIR=${SYMROOT}/${CONFIGURATION}-iphoneos\nCURRENTCONFIG_SIMULATOR_DIR=${SYMROOT}/${CONFIGURATION}-iphonesimulator\n\necho \"Taking device build from: ${CURRENTCONFIG_DEVICE_DIR}\"\necho \"Taking simulator build from: ${CURRENTCONFIG_SIMULATOR_DIR}\"\n\nCREATING_UNIVERSAL_DIR=${SYMROOT}/${CONFIGURATION}-universal\necho \"...I will output a universal build to: ${CREATING_UNIVERSAL_DIR}\"\n\nmkdir -p \"${CREATING_UNIVERSAL_DIR}\"\n\n#\necho \"lipo: for current configuration (${CONFIGURATION}) creating output file: ${CREATING_UNIVERSAL_DIR}/${EXECUTABLE_NAME}\"\nlipo -create -output \"${CREATING_UNIVERSAL_DIR}/${EXECUTABLE_NAME}\" \"${CURRENTCONFIG_DEVICE_DIR}/${EXECUTABLE_NAME}\" \"${CURRENTCONFIG_SIMULATOR_DIR}/${EXECUTABLE_NAME}\"\n\n#########\n#\n# Added: StackOverflow suggestion to also copy \"include\" files\n#    (untested, but should work OK)\n#\nif [ -d \"${CURRENTCONFIG_DEVICE_DIR}/include\" ]\nthen\nmkdir -p \"${CREATING_UNIVERSAL_DIR}/include\"\n# * needs to be outside the double quotes?\ncp -r \"${CURRENTCONFIG_DEVICE_DIR}/include/\"* \"${CREATING_UNIVERSAL_DIR}/include\"\nfi\nfi";
		};
/* End PBXShellScriptBuildPhase section */

/* Begin PBXSourcesBuildPhase section */
		723C80B3163885C7003FB3FB /* Sources */ = {
			isa = PBXSourcesBuildPhase;
			buildActionMask = 2147483647;
			files = (
				723C80C2163885C7003FB3FB /* CLCloudinary.m in Sources */,
				723C80EB16394BAA003FB3FB /* CLTransformation.m in Sources */,
				723C8105163A9118003FB3FB /* CLUploader.m in Sources */,
				723C8108163AB193003FB3FB /* CLEagerTransformation.m in Sources */,
				72EFFE0E17250CA600005AC9 /* NSDictionary+CLUtilities.m in Sources */,
				72EFFE0F17250CA600005AC9 /* NSString+CLURLEncoding.m in Sources */,
			);
			runOnlyForDeploymentPostprocessing = 0;
		};
		723C80C3163885C7003FB3FB /* Sources */ = {
			isa = PBXSourcesBuildPhase;
			buildActionMask = 2147483647;
			files = (
				723C80D9163885C7003FB3FB /* CloudinaryTests.m in Sources */,
				723C8131163C707C003FB3FB /* UploaderTests.m in Sources */,
			);
			runOnlyForDeploymentPostprocessing = 0;
		};
/* End PBXSourcesBuildPhase section */

/* Begin PBXTargetDependency section */
		723C80CF163885C7003FB3FB /* PBXTargetDependency */ = {
			isa = PBXTargetDependency;
			target = 723C80B6163885C7003FB3FB /* Cloudinary */;
			targetProxy = 723C80CE163885C7003FB3FB /* PBXContainerItemProxy */;
		};
/* End PBXTargetDependency section */

/* Begin PBXVariantGroup section */
		723C80D4163885C7003FB3FB /* InfoPlist.strings */ = {
			isa = PBXVariantGroup;
			children = (
				723C80D5163885C7003FB3FB /* en */,
			);
			name = InfoPlist.strings;
			sourceTree = "<group>";
		};
/* End PBXVariantGroup section */

/* Begin XCBuildConfiguration section */
		723C80DA163885C7003FB3FB /* Debug */ = {
			isa = XCBuildConfiguration;
			buildSettings = {
				ALWAYS_SEARCH_USER_PATHS = NO;
				CLANG_CXX_LANGUAGE_STANDARD = "gnu++0x";
				CLANG_CXX_LIBRARY = "libc++";
				CLANG_ENABLE_OBJC_ARC = YES;
				CLANG_WARN_EMPTY_BODY = YES;
				CLANG_WARN__DUPLICATE_METHOD_MATCH = YES;
				COPY_PHASE_STRIP = NO;
				GCC_C_LANGUAGE_STANDARD = gnu99;
				GCC_DYNAMIC_NO_PIC = NO;
				GCC_OPTIMIZATION_LEVEL = 0;
				GCC_PREPROCESSOR_DEFINITIONS = (
					"DEBUG=1",
					"$(inherited)",
				);
				GCC_SYMBOLS_PRIVATE_EXTERN = NO;
				GCC_WARN_ABOUT_RETURN_TYPE = YES;
				GCC_WARN_UNINITIALIZED_AUTOS = YES;
				GCC_WARN_UNUSED_VARIABLE = YES;
				IPHONEOS_DEPLOYMENT_TARGET = 4.3;
				ONLY_ACTIVE_ARCH = YES;
				SDKROOT = iphoneos;
				TARGETED_DEVICE_FAMILY = "1,2";
			};
			name = Debug;
		};
		723C80DB163885C7003FB3FB /* Release */ = {
			isa = XCBuildConfiguration;
			buildSettings = {
				ALWAYS_SEARCH_USER_PATHS = NO;
				CLANG_CXX_LANGUAGE_STANDARD = "gnu++0x";
				CLANG_CXX_LIBRARY = "libc++";
				CLANG_ENABLE_OBJC_ARC = YES;
				CLANG_WARN_EMPTY_BODY = YES;
				CLANG_WARN__DUPLICATE_METHOD_MATCH = YES;
				COPY_PHASE_STRIP = YES;
				GCC_C_LANGUAGE_STANDARD = gnu99;
				GCC_WARN_ABOUT_RETURN_TYPE = YES;
				GCC_WARN_UNINITIALIZED_AUTOS = YES;
				GCC_WARN_UNUSED_VARIABLE = YES;
				IPHONEOS_DEPLOYMENT_TARGET = 4.3;
				SDKROOT = iphoneos;
				TARGETED_DEVICE_FAMILY = "1,2";
				VALIDATE_PRODUCT = YES;
			};
			name = Release;
		};
		723C80DD163885C7003FB3FB /* Debug */ = {
			isa = XCBuildConfiguration;
			buildSettings = {
				DSTROOT = /tmp/Cloudinary.dst;
				FRAMEWORK_VERSION = A;
				GCC_PRECOMPILE_PREFIX_HEADER = YES;
				GCC_PREFIX_HEADER = "Cloudinary/Cloudinary-Prefix.pch";
				IPHONEOS_DEPLOYMENT_TARGET = 4.3;
				LIBRARY_SEARCH_PATHS = (
					"$(inherited)",
					"\"$(SDKROOT)/usr/lib/system\"",
				);
				OTHER_LDFLAGS = "-ObjC";
				PRODUCT_NAME = "$(TARGET_NAME)";
				SKIP_INSTALL = YES;
			};
			name = Debug;
		};
		723C80DE163885C7003FB3FB /* Release */ = {
			isa = XCBuildConfiguration;
			buildSettings = {
				DSTROOT = /tmp/Cloudinary.dst;
				FRAMEWORK_VERSION = A;
				GCC_PRECOMPILE_PREFIX_HEADER = YES;
				GCC_PREFIX_HEADER = "Cloudinary/Cloudinary-Prefix.pch";
				IPHONEOS_DEPLOYMENT_TARGET = 4.3;
				LIBRARY_SEARCH_PATHS = (
					"$(inherited)",
					"\"$(SDKROOT)/usr/lib/system\"",
				);
				OTHER_CFLAGS = "-DNDEBUG=1";
				OTHER_LDFLAGS = "-ObjC";
				PRODUCT_NAME = "$(TARGET_NAME)";
				SKIP_INSTALL = YES;
			};
			name = Release;
		};
		723C80E0163885C7003FB3FB /* Debug */ = {
			isa = XCBuildConfiguration;
			buildSettings = {
				"ARCHS[sdk=*]" = "$(ARCHS_STANDARD)";
				FRAMEWORK_SEARCH_PATHS = (
					"\"$(SDKROOT)/Developer/Library/Frameworks\"",
					"\"$(DEVELOPER_LIBRARY_DIR)/Frameworks\"",
				);
				GCC_PRECOMPILE_PREFIX_HEADER = YES;
				GCC_PREFIX_HEADER = "Cloudinary/Cloudinary-Prefix.pch";
				INFOPLIST_FILE = "CloudinaryTests/CloudinaryTests-Info.plist";
				OTHER_LDFLAGS = "-ObjC";
				PRODUCT_NAME = "$(TARGET_NAME)";
				WRAPPER_EXTENSION = octest;
			};
			name = Debug;
		};
		723C80E1163885C7003FB3FB /* Release */ = {
			isa = XCBuildConfiguration;
			buildSettings = {
				FRAMEWORK_SEARCH_PATHS = (
					"\"$(SDKROOT)/Developer/Library/Frameworks\"",
					"\"$(DEVELOPER_LIBRARY_DIR)/Frameworks\"",
				);
				GCC_PRECOMPILE_PREFIX_HEADER = YES;
				GCC_PREFIX_HEADER = "Cloudinary/Cloudinary-Prefix.pch";
				INFOPLIST_FILE = "CloudinaryTests/CloudinaryTests-Info.plist";
				OTHER_LDFLAGS = "-ObjC";
				PRODUCT_NAME = "$(TARGET_NAME)";
				WRAPPER_EXTENSION = octest;
			};
			name = Release;
		};
/* End XCBuildConfiguration section */

/* Begin XCConfigurationList section */
		723C80B1163885C7003FB3FB /* Build configuration list for PBXProject "Cloudinary" */ = {
			isa = XCConfigurationList;
			buildConfigurations = (
				723C80DA163885C7003FB3FB /* Debug */,
				723C80DB163885C7003FB3FB /* Release */,
			);
			defaultConfigurationIsVisible = 0;
			defaultConfigurationName = Release;
		};
		723C80DC163885C7003FB3FB /* Build configuration list for PBXNativeTarget "Cloudinary" */ = {
			isa = XCConfigurationList;
			buildConfigurations = (
				723C80DD163885C7003FB3FB /* Debug */,
				723C80DE163885C7003FB3FB /* Release */,
			);
			defaultConfigurationIsVisible = 0;
			defaultConfigurationName = Release;
		};
		723C80DF163885C7003FB3FB /* Build configuration list for PBXNativeTarget "CloudinaryTests" */ = {
			isa = XCConfigurationList;
			buildConfigurations = (
				723C80E0163885C7003FB3FB /* Debug */,
				723C80E1163885C7003FB3FB /* Release */,
			);
			defaultConfigurationIsVisible = 0;
			defaultConfigurationName = Release;
		};
/* End XCConfigurationList section */
	};
	rootObject = 723C80AE163885C7003FB3FB /* Project object */;
}
