// !$*UTF8*$!
{
	archiveVersion = 1;
	classes = {
	};
	objectVersion = 46;
	objects = {

/* Begin PBXBuildFile section */
		2936A50D1E1D92A5009B7FAF /* Cloudinary.podspec in Resources */ = {isa = PBXBuildFile; fileRef = 2936A50C1E1D92A5009B7FAF /* Cloudinary.podspec */; };
		2936A58E1E1EFF95009B7FAF /* LICENCE in Resources */ = {isa = PBXBuildFile; fileRef = 2936A58C1E1EFF95009B7FAF /* LICENCE */; };
		2936A58F1E1EFF95009B7FAF /* README.md in Sources */ = {isa = PBXBuildFile; fileRef = 2936A58D1E1EFF95009B7FAF /* README.md */; };
		2944B6731E2FB613003AB794 /* CHANGELOG.md in Sources */ = {isa = PBXBuildFile; fileRef = 2944B6721E2FB613003AB794 /* CHANGELOG.md */; };
		29CEE1A31E34A55600A2629D /* GenerateCLDCryptoModule in Resources */ = {isa = PBXBuildFile; fileRef = 29CEE1A11E34A55600A2629D /* GenerateCLDCryptoModule */; };
		29CEE1A41E34A55600A2629D /* GenerateCLDCryptoModule.swift in Sources */ = {isa = PBXBuildFile; fileRef = 29CEE1A21E34A55600A2629D /* GenerateCLDCryptoModule.swift */; };
		362CB7721CA2EA9900C26E74 /* CLDNetworkDelegate.swift in Sources */ = {isa = PBXBuildFile; fileRef = 362CB7711CA2EA9900C26E74 /* CLDNetworkDelegate.swift */; };
		362CB7771CA41D0F00C26E74 /* CLDBuildParamsUtils.swift in Sources */ = {isa = PBXBuildFile; fileRef = 362CB7761CA41D0F00C26E74 /* CLDBuildParamsUtils.swift */; };
		362CB77D1CA41E6B00C26E74 /* CLDDefinitions.swift in Sources */ = {isa = PBXBuildFile; fileRef = 362CB77C1CA41E6B00C26E74 /* CLDDefinitions.swift */; };
		362CB79C1CA7D72600C26E74 /* UploaderTests.swift in Sources */ = {isa = PBXBuildFile; fileRef = 362CB79B1CA7D72600C26E74 /* UploaderTests.swift */; };
		362CB7A01CA7D7BA00C26E74 /* borderCollie.jpg in Resources */ = {isa = PBXBuildFile; fileRef = 362CB79E1CA7D7BA00C26E74 /* borderCollie.jpg */; };
		362CB7A11CA7D7BA00C26E74 /* logo.png in Resources */ = {isa = PBXBuildFile; fileRef = 362CB79F1CA7D7BA00C26E74 /* logo.png */; };
		362CB7A31CA7D7DD00C26E74 /* UrlTests.swift in Sources */ = {isa = PBXBuildFile; fileRef = 362CB7A21CA7D7DD00C26E74 /* UrlTests.swift */; };
		362CB7A71CA7D8FD00C26E74 /* ManagementApiTests.swift in Sources */ = {isa = PBXBuildFile; fileRef = 362CB7A61CA7D8FD00C26E74 /* ManagementApiTests.swift */; };
		362CB7A91CA7DAF700C26E74 /* NetworkBaseTest.swift in Sources */ = {isa = PBXBuildFile; fileRef = 362CB7A81CA7DAF700C26E74 /* NetworkBaseTest.swift */; };
		363087641CB5487400782A57 /* CLDImageUtils.swift in Sources */ = {isa = PBXBuildFile; fileRef = 363087631CB5487400782A57 /* CLDImageUtils.swift */; };
		363087731CBA4A2F00782A57 /* UIImageView+Cloudinary.swift in Sources */ = {isa = PBXBuildFile; fileRef = 363087721CBA4A2F00782A57 /* UIImageView+Cloudinary.swift */; };
		363087771CBA5C6100782A57 /* UIButton+Cloudinary.swift in Sources */ = {isa = PBXBuildFile; fileRef = 363087761CBA5C6100782A57 /* UIButton+Cloudinary.swift */; };
		3630877B1CBA6C4B00782A57 /* UIView+Cloudinary.swift in Sources */ = {isa = PBXBuildFile; fileRef = 3630877A1CBA6C4B00782A57 /* UIView+Cloudinary.swift */; };
		3630877E1CC38E0200782A57 /* CLDFetchImageRequestImpl.swift in Sources */ = {isa = PBXBuildFile; fileRef = 3630877D1CC38E0200782A57 /* CLDFetchImageRequestImpl.swift */; };
		363BE8D51CC3E94200124C46 /* CLDUploader.swift in Sources */ = {isa = PBXBuildFile; fileRef = 363BE8D41CC3E94200124C46 /* CLDUploader.swift */; };
		3653B1971D43B29B0093765C /* CLDImageCache.swift in Sources */ = {isa = PBXBuildFile; fileRef = 3653B1961D43B29B0093765C /* CLDImageCache.swift */; };
		3653B1991D43B3CB0093765C /* CLDError.swift in Sources */ = {isa = PBXBuildFile; fileRef = 3653B1981D43B3CB0093765C /* CLDError.swift */; };
		3661F8C41CD22B0E0054F84F /* docx.docx in Resources */ = {isa = PBXBuildFile; fileRef = 3661F8C31CD22B0E0054F84F /* docx.docx */; };
		366CDD101CA1979F0014361F /* CLDLogManager.swift in Sources */ = {isa = PBXBuildFile; fileRef = 366CDD0F1CA1979F0014361F /* CLDLogManager.swift */; };
		36747B6D1CB130C200087D10 /* CLDDownloader.swift in Sources */ = {isa = PBXBuildFile; fileRef = 36747B6C1CB130C200087D10 /* CLDDownloader.swift */; };
		36747B6F1CB131E300087D10 /* CLDBaseNetworkObject.swift in Sources */ = {isa = PBXBuildFile; fileRef = 36747B6E1CB131E300087D10 /* CLDBaseNetworkObject.swift */; };
		36747B711CB13BD100087D10 /* CLDNetworkDownloadRequest.swift in Sources */ = {isa = PBXBuildFile; fileRef = 36747B701CB13BD100087D10 /* CLDNetworkDownloadRequest.swift */; };
		36747B731CB1459800087D10 /* DownloaderTests.swift in Sources */ = {isa = PBXBuildFile; fileRef = 36747B721CB1459800087D10 /* DownloaderTests.swift */; };
		36784DBA1CCCCE1100F3B777 /* CLDRequestParams.swift in Sources */ = {isa = PBXBuildFile; fileRef = 36784DB91CCCCE1100F3B777 /* CLDRequestParams.swift */; };
		36784DBC1CCCCE1C00F3B777 /* CLDRequestParamsHelpers.swift in Sources */ = {isa = PBXBuildFile; fileRef = 36784DBB1CCCCE1C00F3B777 /* CLDRequestParamsHelpers.swift */; };
		367FA4D11DD34E20001C8A61 /* CLDAsyncNetworkUploadRequest.swift in Sources */ = {isa = PBXBuildFile; fileRef = 367FA4D01DD34E20001C8A61 /* CLDAsyncNetworkUploadRequest.swift */; };
		36806F721CC7F4FF009BD86F /* Alamofire.framework in Frameworks */ = {isa = PBXBuildFile; fileRef = 36806F6B1CC7F4DB009BD86F /* Alamofire.framework */; };
		3696FBF61C8C6A3D00DE9568 /* Cloudinary.framework in Frameworks */ = {isa = PBXBuildFile; fileRef = 369FB3461C79D360003E81B6 /* Cloudinary.framework */; };
		3696FC061C8E014500DE9568 /* CLDStringUtils.swift in Sources */ = {isa = PBXBuildFile; fileRef = 3696FC051C8E014500DE9568 /* CLDStringUtils.swift */; };
		3696FC561C9162FF00DE9568 /* CLDCryptoUtils.swift in Sources */ = {isa = PBXBuildFile; fileRef = 3696FC551C9162FF00DE9568 /* CLDCryptoUtils.swift */; };
		369F77611D994EEA00F1CC90 /* CLDUploadResult.swift in Sources */ = {isa = PBXBuildFile; fileRef = 369F77601D994EEA00F1CC90 /* CLDUploadResult.swift */; };
		369FB34A1C79D360003E81B6 /* Cloudinary.h in Headers */ = {isa = PBXBuildFile; fileRef = 369FB3491C79D360003E81B6 /* Cloudinary.h */; settings = {ATTRIBUTES = (Public, ); }; };
		369FB3811C7A0FCF003E81B6 /* CLDCloudinary.swift in Sources */ = {isa = PBXBuildFile; fileRef = 369FB3801C7A0FCF003E81B6 /* CLDCloudinary.swift */; };
		36AC05071D4F4653002FC9DF /* CLDRequest.swift in Sources */ = {isa = PBXBuildFile; fileRef = 36AC05061D4F4653002FC9DF /* CLDRequest.swift */; };
		36AC050B1D4F4EFB002FC9DF /* CLDBaseResult.swift in Sources */ = {isa = PBXBuildFile; fileRef = 36AC050A1D4F4EFB002FC9DF /* CLDBaseResult.swift */; };
		36AC050D1D4F59CD002FC9DF /* CLDExplodeResult.swift in Sources */ = {isa = PBXBuildFile; fileRef = 36AC050C1D4F59CD002FC9DF /* CLDExplodeResult.swift */; };
		36AC050F1D4F5B5D002FC9DF /* CLDExplodeRequest.swift in Sources */ = {isa = PBXBuildFile; fileRef = 36AC050E1D4F5B5D002FC9DF /* CLDExplodeRequest.swift */; };
		36AC05111D4F8950002FC9DF /* CLDMultiRequest.swift in Sources */ = {isa = PBXBuildFile; fileRef = 36AC05101D4F8950002FC9DF /* CLDMultiRequest.swift */; };
		36AC05131D4F8988002FC9DF /* CLDMultiResult.swift in Sources */ = {isa = PBXBuildFile; fileRef = 36AC05121D4F8988002FC9DF /* CLDMultiResult.swift */; };
		36AC05151D4F8B14002FC9DF /* CLDRenameResult.swift in Sources */ = {isa = PBXBuildFile; fileRef = 36AC05141D4F8B14002FC9DF /* CLDRenameResult.swift */; };
		36AC05191D4F8B75002FC9DF /* CLDRenameRequest.swift in Sources */ = {isa = PBXBuildFile; fileRef = 36AC05181D4F8B75002FC9DF /* CLDRenameRequest.swift */; };
		36AC051B1D4F8C20002FC9DF /* CLDSpriteResult.swift in Sources */ = {isa = PBXBuildFile; fileRef = 36AC051A1D4F8C20002FC9DF /* CLDSpriteResult.swift */; };
		36AC051D1D4F9196002FC9DF /* CLDSpriteRequest.swift in Sources */ = {isa = PBXBuildFile; fileRef = 36AC051C1D4F9196002FC9DF /* CLDSpriteRequest.swift */; };
		36AC05211D4F9C0D002FC9DF /* CLDTagResult.swift in Sources */ = {isa = PBXBuildFile; fileRef = 36AC05201D4F9C0D002FC9DF /* CLDTagResult.swift */; };
		36AC05231D4F9CE4002FC9DF /* CLDTagRequest.swift in Sources */ = {isa = PBXBuildFile; fileRef = 36AC05221D4F9CE4002FC9DF /* CLDTagRequest.swift */; };
		36AC05271D4F9EC0002FC9DF /* CLDTextResult.swift in Sources */ = {isa = PBXBuildFile; fileRef = 36AC05261D4F9EC0002FC9DF /* CLDTextResult.swift */; };
		36AC05291D4F9F88002FC9DF /* CLDTextRequest.swift in Sources */ = {isa = PBXBuildFile; fileRef = 36AC05281D4F9F88002FC9DF /* CLDTextRequest.swift */; };
		36AC052C1D4FA5A0002FC9DF /* CLDUploadRequestParams.swift in Sources */ = {isa = PBXBuildFile; fileRef = 36AC052B1D4FA5A0002FC9DF /* CLDUploadRequestParams.swift */; };
		36AC05321D4FA983002FC9DF /* CLDExplicitResult.swift in Sources */ = {isa = PBXBuildFile; fileRef = 36AC05311D4FA983002FC9DF /* CLDExplicitResult.swift */; };
		36AC05341D4FAD55002FC9DF /* CLDExplicitRequest.swift in Sources */ = {isa = PBXBuildFile; fileRef = 36AC05331D4FAD55002FC9DF /* CLDExplicitRequest.swift */; };
		36AC05371D4FB575002FC9DF /* CLDDeleteRequest.swift in Sources */ = {isa = PBXBuildFile; fileRef = 36AC05361D4FB575002FC9DF /* CLDDeleteRequest.swift */; };
		36AC053D1D4FB58B002FC9DF /* CLDDeleteResult.swift in Sources */ = {isa = PBXBuildFile; fileRef = 36AC053C1D4FB58B002FC9DF /* CLDDeleteResult.swift */; };
		36AC05411D500C64002FC9DF /* dog.mov in Resources */ = {isa = PBXBuildFile; fileRef = 36AC053F1D500C64002FC9DF /* dog.mov */; };
		36AC05421D500C64002FC9DF /* dog.mp4 in Resources */ = {isa = PBXBuildFile; fileRef = 36AC05401D500C64002FC9DF /* dog.mp4 */; };
		36AC05441D501621002FC9DF /* CLDUploadRequest.swift in Sources */ = {isa = PBXBuildFile; fileRef = 36AC05431D501621002FC9DF /* CLDUploadRequest.swift */; };
		36B246AC1C958EBF00122DB7 /* CLDNetworkAdapter.swift in Sources */ = {isa = PBXBuildFile; fileRef = 36B246AB1C958EBF00122DB7 /* CLDNetworkAdapter.swift */; };
		36B246B61C95D18500122DB7 /* CLDGenericNetworkRequest.swift in Sources */ = {isa = PBXBuildFile; fileRef = 36B246B51C95D18500122DB7 /* CLDGenericNetworkRequest.swift */; };
		36B246B81C95D60700122DB7 /* CLDNetworkDataRequestImpl.swift in Sources */ = {isa = PBXBuildFile; fileRef = 36B246B71C95D60700122DB7 /* CLDNetworkDataRequestImpl.swift */; };
		36B497101C9811BA0083C935 /* CLDConfiguration.swift in Sources */ = {isa = PBXBuildFile; fileRef = 36B4970F1C9811BA0083C935 /* CLDConfiguration.swift */; };
		36B497121C9811C60083C935 /* CLDUrl.swift in Sources */ = {isa = PBXBuildFile; fileRef = 36B497111C9811C60083C935 /* CLDUrl.swift */; };
		36B497181C9811E80083C935 /* CLDTranformation.swift in Sources */ = {isa = PBXBuildFile; fileRef = 36B497161C9811E80083C935 /* CLDTranformation.swift */; };
		36B7FAD21D3E8093008754EF /* CLDLayer.swift in Sources */ = {isa = PBXBuildFile; fileRef = 36B7FAD11D3E8093008754EF /* CLDLayer.swift */; };
		36B7FAD41D3E80A9008754EF /* CLDTextLayer.swift in Sources */ = {isa = PBXBuildFile; fileRef = 36B7FAD31D3E80A9008754EF /* CLDTextLayer.swift */; };
		36B7FAD61D3E80BF008754EF /* CLDSubtitlesLayer.swift in Sources */ = {isa = PBXBuildFile; fileRef = 36B7FAD51D3E80BF008754EF /* CLDSubtitlesLayer.swift */; };
		36B7FAE51D41231E008754EF /* CLDManagementApi.swift in Sources */ = {isa = PBXBuildFile; fileRef = 36B7FADA1D41231E008754EF /* CLDManagementApi.swift */; };
		36B7FAE61D41231E008754EF /* CLDDeleteByTokenRequestParams.swift in Sources */ = {isa = PBXBuildFile; fileRef = 36B7FADC1D41231E008754EF /* CLDDeleteByTokenRequestParams.swift */; };
		36B7FAE71D41231E008754EF /* CLDDestroyRequestParams.swift in Sources */ = {isa = PBXBuildFile; fileRef = 36B7FADD1D41231E008754EF /* CLDDestroyRequestParams.swift */; };
		36B7FAE81D41231E008754EF /* CLDExplicitRequestParams.swift in Sources */ = {isa = PBXBuildFile; fileRef = 36B7FADE1D41231E008754EF /* CLDExplicitRequestParams.swift */; };
		36B7FAE91D41231E008754EF /* CLDExplodeRequestParams.swift in Sources */ = {isa = PBXBuildFile; fileRef = 36B7FADF1D41231E008754EF /* CLDExplodeRequestParams.swift */; };
		36B7FAEA1D41231E008754EF /* CLDMultiRequestParams.swift in Sources */ = {isa = PBXBuildFile; fileRef = 36B7FAE01D41231E008754EF /* CLDMultiRequestParams.swift */; };
		36B7FAEB1D41231E008754EF /* CLDRenameRequestParams.swift in Sources */ = {isa = PBXBuildFile; fileRef = 36B7FAE11D41231E008754EF /* CLDRenameRequestParams.swift */; };
		36B7FAEC1D41231E008754EF /* CLDSpriteRequestParams.swift in Sources */ = {isa = PBXBuildFile; fileRef = 36B7FAE21D41231E008754EF /* CLDSpriteRequestParams.swift */; };
		36B7FAED1D41231E008754EF /* CLDTagsRequestParams.swift in Sources */ = {isa = PBXBuildFile; fileRef = 36B7FAE31D41231E008754EF /* CLDTagsRequestParams.swift */; };
		36B7FAEE1D41231E008754EF /* CLDTextRequestParams.swift in Sources */ = {isa = PBXBuildFile; fileRef = 36B7FAE41D41231E008754EF /* CLDTextRequestParams.swift */; };
		36B7FAF21D413288008754EF /* CLDDictionaryUtils.swift in Sources */ = {isa = PBXBuildFile; fileRef = 36B7FAF11D413288008754EF /* CLDDictionaryUtils.swift */; };
		36BB95B11DD2051300665FC4 /* CLDErrorRequest.swift in Sources */ = {isa = PBXBuildFile; fileRef = 36BB95B01DD2051300665FC4 /* CLDErrorRequest.swift */; };
		36C20DC11C936E10006EB15A /* CLDNetworkCoordinator.swift in Sources */ = {isa = PBXBuildFile; fileRef = 36C20DC01C936E10006EB15A /* CLDNetworkCoordinator.swift */; };
		36D00E001D9C2FDF00BF4DD5 /* pdf.pdf in Resources */ = {isa = PBXBuildFile; fileRef = 36D00DFF1D9C2FDF00BF4DD5 /* pdf.pdf */; };
		36D00E081D9C735100BF4DD5 /* UIButtonTests.swift in Sources */ = {isa = PBXBuildFile; fileRef = 36D00E071D9C735100BF4DD5 /* UIButtonTests.swift */; };
		36D00E0A1D9C742400BF4DD5 /* UIBaseTest.swift in Sources */ = {isa = PBXBuildFile; fileRef = 36D00E091D9C742400BF4DD5 /* UIBaseTest.swift */; };
		36D00E0C1D9C8A2400BF4DD5 /* UIImageViewTests.swift in Sources */ = {isa = PBXBuildFile; fileRef = 36D00E0B1D9C8A2400BF4DD5 /* UIImageViewTests.swift */; };
		36D00E171D9D6E8A00BF4DD5 /* CommonResultKeys.swift in Sources */ = {isa = PBXBuildFile; fileRef = 36D00E161D9D6E8A00BF4DD5 /* CommonResultKeys.swift */; };
		36D00E191D9D822B00BF4DD5 /* CLDInfo.swift in Sources */ = {isa = PBXBuildFile; fileRef = 36D00E181D9D822B00BF4DD5 /* CLDInfo.swift */; };
		36D00E1B1D9D825900BF4DD5 /* CLDDetection.swift in Sources */ = {isa = PBXBuildFile; fileRef = 36D00E1A1D9D825900BF4DD5 /* CLDDetection.swift */; };
		36D00E1D1D9D827F00BF4DD5 /* CLDRekognitionFace.swift in Sources */ = {isa = PBXBuildFile; fileRef = 36D00E1C1D9D827F00BF4DD5 /* CLDRekognitionFace.swift */; };
		36D00E1F1D9D82E800BF4DD5 /* CLDFace.swift in Sources */ = {isa = PBXBuildFile; fileRef = 36D00E1E1D9D82E800BF4DD5 /* CLDFace.swift */; };
		36D00E211D9D833000BF4DD5 /* CLDBoundingBox.swift in Sources */ = {isa = PBXBuildFile; fileRef = 36D00E201D9D833000BF4DD5 /* CLDBoundingBox.swift */; };
		860465001DC79EA5007172D7 /* CLDNetworkUploadRequest.swift in Sources */ = {isa = PBXBuildFile; fileRef = 860464FF1DC79EA5007172D7 /* CLDNetworkUploadRequest.swift */; };
/* End PBXBuildFile section */

/* Begin PBXContainerItemProxy section */
		36806F6A1CC7F4DB009BD86F /* PBXContainerItemProxy */ = {
			isa = PBXContainerItemProxy;
			containerPortal = 36806F631CC7F4DB009BD86F /* Alamofire.xcodeproj */;
			proxyType = 2;
			remoteGlobalIDString = F8111E3319A95C8B0040E7D1;
			remoteInfo = "Alamofire iOS";
		};
		36806F6C1CC7F4DB009BD86F /* PBXContainerItemProxy */ = {
			isa = PBXContainerItemProxy;
			containerPortal = 36806F631CC7F4DB009BD86F /* Alamofire.xcodeproj */;
			proxyType = 2;
			remoteGlobalIDString = 4DD67C0B1A5C55C900ED2280;
			remoteInfo = "Alamofire OSX";
		};
		36806F6E1CC7F4DB009BD86F /* PBXContainerItemProxy */ = {
			isa = PBXContainerItemProxy;
			containerPortal = 36806F631CC7F4DB009BD86F /* Alamofire.xcodeproj */;
			proxyType = 2;
			remoteGlobalIDString = 4CF626EF1BA7CB3E0011A099;
			remoteInfo = "Alamofire tvOS";
		};
		36806F701CC7F4DB009BD86F /* PBXContainerItemProxy */ = {
			isa = PBXContainerItemProxy;
			containerPortal = 36806F631CC7F4DB009BD86F /* Alamofire.xcodeproj */;
			proxyType = 2;
			remoteGlobalIDString = E4202FE01B667AA100C997FB;
			remoteInfo = "Alamofire watchOS";
		};
		3696FBF71C8C6A3D00DE9568 /* PBXContainerItemProxy */ = {
			isa = PBXContainerItemProxy;
			containerPortal = 369FB33D1C79D360003E81B6 /* Project object */;
			proxyType = 1;
			remoteGlobalIDString = 369FB3451C79D360003E81B6;
			remoteInfo = Cloudinary;
		};
		862713E71DC21CEF00A02D62 /* PBXContainerItemProxy */ = {
			isa = PBXContainerItemProxy;
			containerPortal = 36806F631CC7F4DB009BD86F /* Alamofire.xcodeproj */;
			proxyType = 2;
			remoteGlobalIDString = F8111E3E19A95C8B0040E7D1;
			remoteInfo = "Alamofire iOS Tests";
		};
		862713E91DC21CEF00A02D62 /* PBXContainerItemProxy */ = {
			isa = PBXContainerItemProxy;
			containerPortal = 36806F631CC7F4DB009BD86F /* Alamofire.xcodeproj */;
			proxyType = 2;
			remoteGlobalIDString = F829C6B21A7A94F100A2CD59;
			remoteInfo = "Alamofire OSX Tests";
		};
		862713EB1DC21CEF00A02D62 /* PBXContainerItemProxy */ = {
			isa = PBXContainerItemProxy;
			containerPortal = 36806F631CC7F4DB009BD86F /* Alamofire.xcodeproj */;
			proxyType = 2;
			remoteGlobalIDString = 4CF626F81BA7CB3E0011A099;
			remoteInfo = "Alamofire tvOS Tests";
		};
/* End PBXContainerItemProxy section */

/* Begin PBXFileReference section */
		2936A50C1E1D92A5009B7FAF /* Cloudinary.podspec */ = {isa = PBXFileReference; fileEncoding = 4; lastKnownFileType = text; path = Cloudinary.podspec; sourceTree = "<group>"; };
		2936A58C1E1EFF95009B7FAF /* LICENCE */ = {isa = PBXFileReference; fileEncoding = 4; lastKnownFileType = text; path = LICENCE; sourceTree = "<group>"; };
		2936A58D1E1EFF95009B7FAF /* README.md */ = {isa = PBXFileReference; fileEncoding = 4; lastKnownFileType = net.daringfireball.markdown; path = README.md; sourceTree = "<group>"; };
		2944B6671E2FB36F003AB794 /* .gitignore */ = {isa = PBXFileReference; lastKnownFileType = text; path = .gitignore; sourceTree = "<group>"; };
		2944B6721E2FB613003AB794 /* CHANGELOG.md */ = {isa = PBXFileReference; fileEncoding = 4; lastKnownFileType = net.daringfireball.markdown; path = CHANGELOG.md; sourceTree = "<group>"; };
		29CEE1A11E34A55600A2629D /* GenerateCLDCryptoModule */ = {isa = PBXFileReference; fileEncoding = 4; lastKnownFileType = text.script.sh; path = GenerateCLDCryptoModule; sourceTree = "<group>"; };
		29CEE1A21E34A55600A2629D /* GenerateCLDCryptoModule.swift */ = {isa = PBXFileReference; fileEncoding = 4; lastKnownFileType = sourcecode.swift; path = GenerateCLDCryptoModule.swift; sourceTree = "<group>"; };
		362CB7711CA2EA9900C26E74 /* CLDNetworkDelegate.swift */ = {isa = PBXFileReference; fileEncoding = 4; lastKnownFileType = sourcecode.swift; name = CLDNetworkDelegate.swift; path = Network/CLDNetworkDelegate.swift; sourceTree = "<group>"; };
		362CB7761CA41D0F00C26E74 /* CLDBuildParamsUtils.swift */ = {isa = PBXFileReference; fileEncoding = 4; lastKnownFileType = sourcecode.swift; name = CLDBuildParamsUtils.swift; path = Utils/CLDBuildParamsUtils.swift; sourceTree = "<group>"; };
		362CB77C1CA41E6B00C26E74 /* CLDDefinitions.swift */ = {isa = PBXFileReference; fileEncoding = 4; lastKnownFileType = sourcecode.swift; name = CLDDefinitions.swift; path = Features/Helpers/CLDDefinitions.swift; sourceTree = "<group>"; };
		362CB79B1CA7D72600C26E74 /* UploaderTests.swift */ = {isa = PBXFileReference; fileEncoding = 4; lastKnownFileType = sourcecode.swift; name = UploaderTests.swift; path = NetworkTests/UploaderTests.swift; sourceTree = "<group>"; };
		362CB79E1CA7D7BA00C26E74 /* borderCollie.jpg */ = {isa = PBXFileReference; lastKnownFileType = image.jpeg; name = borderCollie.jpg; path = Resources/Images/borderCollie.jpg; sourceTree = "<group>"; };
		362CB79F1CA7D7BA00C26E74 /* logo.png */ = {isa = PBXFileReference; lastKnownFileType = image.png; name = logo.png; path = Resources/Images/logo.png; sourceTree = "<group>"; };
		362CB7A21CA7D7DD00C26E74 /* UrlTests.swift */ = {isa = PBXFileReference; fileEncoding = 4; lastKnownFileType = sourcecode.swift; name = UrlTests.swift; path = GenerateUrlTests/UrlTests.swift; sourceTree = "<group>"; };
		362CB7A61CA7D8FD00C26E74 /* ManagementApiTests.swift */ = {isa = PBXFileReference; fileEncoding = 4; lastKnownFileType = sourcecode.swift; name = ManagementApiTests.swift; path = NetworkTests/ManagementApiTests.swift; sourceTree = "<group>"; };
		362CB7A81CA7DAF700C26E74 /* NetworkBaseTest.swift */ = {isa = PBXFileReference; fileEncoding = 4; lastKnownFileType = sourcecode.swift; name = NetworkBaseTest.swift; path = NetworkTests/NetworkBaseTest.swift; sourceTree = "<group>"; };
		362CB7FB1CAD451400C26E74 /* Info.plist */ = {isa = PBXFileReference; fileEncoding = 4; lastKnownFileType = text.plist.xml; path = Info.plist; sourceTree = "<group>"; };
		363087631CB5487400782A57 /* CLDImageUtils.swift */ = {isa = PBXFileReference; fileEncoding = 4; lastKnownFileType = sourcecode.swift; name = CLDImageUtils.swift; path = Utils/CLDImageUtils.swift; sourceTree = "<group>"; };
		363087721CBA4A2F00782A57 /* UIImageView+Cloudinary.swift */ = {isa = PBXFileReference; fileEncoding = 4; lastKnownFileType = sourcecode.swift; path = "UIImageView+Cloudinary.swift"; sourceTree = "<group>"; };
		363087761CBA5C6100782A57 /* UIButton+Cloudinary.swift */ = {isa = PBXFileReference; fileEncoding = 4; lastKnownFileType = sourcecode.swift; path = "UIButton+Cloudinary.swift"; sourceTree = "<group>"; };
		3630877A1CBA6C4B00782A57 /* UIView+Cloudinary.swift */ = {isa = PBXFileReference; fileEncoding = 4; lastKnownFileType = sourcecode.swift; path = "UIView+Cloudinary.swift"; sourceTree = "<group>"; };
		3630877D1CC38E0200782A57 /* CLDFetchImageRequestImpl.swift */ = {isa = PBXFileReference; fileEncoding = 4; lastKnownFileType = sourcecode.swift; path = CLDFetchImageRequestImpl.swift; sourceTree = "<group>"; };
		363BE8D41CC3E94200124C46 /* CLDUploader.swift */ = {isa = PBXFileReference; fileEncoding = 4; lastKnownFileType = sourcecode.swift; name = CLDUploader.swift; path = Cloudinary/Features/Uploader/CLDUploader.swift; sourceTree = SOURCE_ROOT; };
		3653B1961D43B29B0093765C /* CLDImageCache.swift */ = {isa = PBXFileReference; fileEncoding = 4; lastKnownFileType = sourcecode.swift; name = CLDImageCache.swift; path = Utils/CLDImageCache.swift; sourceTree = "<group>"; };
		3653B1981D43B3CB0093765C /* CLDError.swift */ = {isa = PBXFileReference; fileEncoding = 4; lastKnownFileType = sourcecode.swift; name = CLDError.swift; path = Utils/CLDError.swift; sourceTree = "<group>"; };
		3661F8C31CD22B0E0054F84F /* docx.docx */ = {isa = PBXFileReference; lastKnownFileType = file; path = docx.docx; sourceTree = "<group>"; };
		366CDD0F1CA1979F0014361F /* CLDLogManager.swift */ = {isa = PBXFileReference; fileEncoding = 4; lastKnownFileType = sourcecode.swift; name = CLDLogManager.swift; path = Utils/CLDLogManager.swift; sourceTree = "<group>"; };
		36747B6C1CB130C200087D10 /* CLDDownloader.swift */ = {isa = PBXFileReference; fileEncoding = 4; lastKnownFileType = sourcecode.swift; path = CLDDownloader.swift; sourceTree = "<group>"; };
		36747B6E1CB131E300087D10 /* CLDBaseNetworkObject.swift */ = {isa = PBXFileReference; fileEncoding = 4; lastKnownFileType = sourcecode.swift; name = CLDBaseNetworkObject.swift; path = Features/Helpers/CLDBaseNetworkObject.swift; sourceTree = "<group>"; };
		36747B701CB13BD100087D10 /* CLDNetworkDownloadRequest.swift */ = {isa = PBXFileReference; fileEncoding = 4; lastKnownFileType = sourcecode.swift; path = CLDNetworkDownloadRequest.swift; sourceTree = "<group>"; };
		36747B721CB1459800087D10 /* DownloaderTests.swift */ = {isa = PBXFileReference; fileEncoding = 4; lastKnownFileType = sourcecode.swift; name = DownloaderTests.swift; path = NetworkTests/DownloaderTests.swift; sourceTree = "<group>"; };
		36784DB91CCCCE1100F3B777 /* CLDRequestParams.swift */ = {isa = PBXFileReference; fileEncoding = 4; lastKnownFileType = sourcecode.swift; name = CLDRequestParams.swift; path = Cloudinary/Features/Helpers/RequestParams/CLDRequestParams.swift; sourceTree = SOURCE_ROOT; };
		36784DBB1CCCCE1C00F3B777 /* CLDRequestParamsHelpers.swift */ = {isa = PBXFileReference; fileEncoding = 4; lastKnownFileType = sourcecode.swift; name = CLDRequestParamsHelpers.swift; path = Cloudinary/Features/Helpers/RequestParams/Helpers/CLDRequestParamsHelpers.swift; sourceTree = SOURCE_ROOT; };
		367FA4D01DD34E20001C8A61 /* CLDAsyncNetworkUploadRequest.swift */ = {isa = PBXFileReference; fileEncoding = 4; lastKnownFileType = sourcecode.swift; path = CLDAsyncNetworkUploadRequest.swift; sourceTree = "<group>"; };
		36806F631CC7F4DB009BD86F /* Alamofire.xcodeproj */ = {isa = PBXFileReference; lastKnownFileType = "wrapper.pb-project"; name = Alamofire.xcodeproj; path = Frameworks/Alamofire/Alamofire.xcodeproj; sourceTree = "<group>"; };
		3696FBF11C8C6A3D00DE9568 /* CloudinaryTests.xctest */ = {isa = PBXFileReference; explicitFileType = wrapper.cfbundle; includeInIndex = 0; path = CloudinaryTests.xctest; sourceTree = BUILT_PRODUCTS_DIR; };
		3696FC051C8E014500DE9568 /* CLDStringUtils.swift */ = {isa = PBXFileReference; fileEncoding = 4; lastKnownFileType = sourcecode.swift; name = CLDStringUtils.swift; path = Utils/CLDStringUtils.swift; sourceTree = "<group>"; };
		3696FC551C9162FF00DE9568 /* CLDCryptoUtils.swift */ = {isa = PBXFileReference; fileEncoding = 4; lastKnownFileType = sourcecode.swift; name = CLDCryptoUtils.swift; path = Utils/CLDCryptoUtils.swift; sourceTree = "<group>"; };
		369F77601D994EEA00F1CC90 /* CLDUploadResult.swift */ = {isa = PBXFileReference; fileEncoding = 4; lastKnownFileType = sourcecode.swift; path = CLDUploadResult.swift; sourceTree = "<group>"; };
		369FB3461C79D360003E81B6 /* Cloudinary.framework */ = {isa = PBXFileReference; explicitFileType = wrapper.framework; includeInIndex = 0; path = Cloudinary.framework; sourceTree = BUILT_PRODUCTS_DIR; };
		369FB3491C79D360003E81B6 /* Cloudinary.h */ = {isa = PBXFileReference; lastKnownFileType = sourcecode.c.h; path = Cloudinary.h; sourceTree = "<group>"; };
		369FB34B1C79D360003E81B6 /* Info.plist */ = {isa = PBXFileReference; lastKnownFileType = text.plist.xml; path = Info.plist; sourceTree = "<group>"; };
		369FB3801C7A0FCF003E81B6 /* CLDCloudinary.swift */ = {isa = PBXFileReference; fileEncoding = 4; lastKnownFileType = sourcecode.swift; path = CLDCloudinary.swift; sourceTree = "<group>"; };
		36AC05061D4F4653002FC9DF /* CLDRequest.swift */ = {isa = PBXFileReference; fileEncoding = 4; lastKnownFileType = sourcecode.swift; path = CLDRequest.swift; sourceTree = "<group>"; };
		36AC050A1D4F4EFB002FC9DF /* CLDBaseResult.swift */ = {isa = PBXFileReference; fileEncoding = 4; lastKnownFileType = sourcecode.swift; path = CLDBaseResult.swift; sourceTree = "<group>"; };
		36AC050C1D4F59CD002FC9DF /* CLDExplodeResult.swift */ = {isa = PBXFileReference; fileEncoding = 4; lastKnownFileType = sourcecode.swift; path = CLDExplodeResult.swift; sourceTree = "<group>"; };
		36AC050E1D4F5B5D002FC9DF /* CLDExplodeRequest.swift */ = {isa = PBXFileReference; fileEncoding = 4; lastKnownFileType = sourcecode.swift; path = CLDExplodeRequest.swift; sourceTree = "<group>"; };
		36AC05101D4F8950002FC9DF /* CLDMultiRequest.swift */ = {isa = PBXFileReference; fileEncoding = 4; lastKnownFileType = sourcecode.swift; path = CLDMultiRequest.swift; sourceTree = "<group>"; };
		36AC05121D4F8988002FC9DF /* CLDMultiResult.swift */ = {isa = PBXFileReference; fileEncoding = 4; lastKnownFileType = sourcecode.swift; path = CLDMultiResult.swift; sourceTree = "<group>"; };
		36AC05141D4F8B14002FC9DF /* CLDRenameResult.swift */ = {isa = PBXFileReference; fileEncoding = 4; lastKnownFileType = sourcecode.swift; path = CLDRenameResult.swift; sourceTree = "<group>"; };
		36AC05181D4F8B75002FC9DF /* CLDRenameRequest.swift */ = {isa = PBXFileReference; fileEncoding = 4; lastKnownFileType = sourcecode.swift; path = CLDRenameRequest.swift; sourceTree = "<group>"; };
		36AC051A1D4F8C20002FC9DF /* CLDSpriteResult.swift */ = {isa = PBXFileReference; fileEncoding = 4; lastKnownFileType = sourcecode.swift; path = CLDSpriteResult.swift; sourceTree = "<group>"; };
		36AC051C1D4F9196002FC9DF /* CLDSpriteRequest.swift */ = {isa = PBXFileReference; fileEncoding = 4; lastKnownFileType = sourcecode.swift; path = CLDSpriteRequest.swift; sourceTree = "<group>"; };
		36AC05201D4F9C0D002FC9DF /* CLDTagResult.swift */ = {isa = PBXFileReference; fileEncoding = 4; lastKnownFileType = sourcecode.swift; path = CLDTagResult.swift; sourceTree = "<group>"; };
		36AC05221D4F9CE4002FC9DF /* CLDTagRequest.swift */ = {isa = PBXFileReference; fileEncoding = 4; lastKnownFileType = sourcecode.swift; path = CLDTagRequest.swift; sourceTree = "<group>"; };
		36AC05261D4F9EC0002FC9DF /* CLDTextResult.swift */ = {isa = PBXFileReference; fileEncoding = 4; lastKnownFileType = sourcecode.swift; path = CLDTextResult.swift; sourceTree = "<group>"; };
		36AC05281D4F9F88002FC9DF /* CLDTextRequest.swift */ = {isa = PBXFileReference; fileEncoding = 4; lastKnownFileType = sourcecode.swift; path = CLDTextRequest.swift; sourceTree = "<group>"; };
		36AC052B1D4FA5A0002FC9DF /* CLDUploadRequestParams.swift */ = {isa = PBXFileReference; fileEncoding = 4; lastKnownFileType = sourcecode.swift; path = CLDUploadRequestParams.swift; sourceTree = "<group>"; };
		36AC05311D4FA983002FC9DF /* CLDExplicitResult.swift */ = {isa = PBXFileReference; fileEncoding = 4; lastKnownFileType = sourcecode.swift; path = CLDExplicitResult.swift; sourceTree = "<group>"; };
		36AC05331D4FAD55002FC9DF /* CLDExplicitRequest.swift */ = {isa = PBXFileReference; fileEncoding = 4; lastKnownFileType = sourcecode.swift; path = CLDExplicitRequest.swift; sourceTree = "<group>"; };
		36AC05361D4FB575002FC9DF /* CLDDeleteRequest.swift */ = {isa = PBXFileReference; fileEncoding = 4; lastKnownFileType = sourcecode.swift; path = CLDDeleteRequest.swift; sourceTree = "<group>"; };
		36AC053C1D4FB58B002FC9DF /* CLDDeleteResult.swift */ = {isa = PBXFileReference; fileEncoding = 4; lastKnownFileType = sourcecode.swift; path = CLDDeleteResult.swift; sourceTree = "<group>"; };
		36AC053F1D500C64002FC9DF /* dog.mov */ = {isa = PBXFileReference; lastKnownFileType = video.quicktime; path = dog.mov; sourceTree = "<group>"; };
		36AC05401D500C64002FC9DF /* dog.mp4 */ = {isa = PBXFileReference; lastKnownFileType = file; path = dog.mp4; sourceTree = "<group>"; };
		36AC05431D501621002FC9DF /* CLDUploadRequest.swift */ = {isa = PBXFileReference; fileEncoding = 4; lastKnownFileType = sourcecode.swift; path = CLDUploadRequest.swift; sourceTree = "<group>"; };
		36B246AB1C958EBF00122DB7 /* CLDNetworkAdapter.swift */ = {isa = PBXFileReference; fileEncoding = 4; lastKnownFileType = sourcecode.swift; path = CLDNetworkAdapter.swift; sourceTree = "<group>"; };
		36B246B51C95D18500122DB7 /* CLDGenericNetworkRequest.swift */ = {isa = PBXFileReference; fileEncoding = 4; lastKnownFileType = sourcecode.swift; path = CLDGenericNetworkRequest.swift; sourceTree = "<group>"; };
		36B246B71C95D60700122DB7 /* CLDNetworkDataRequestImpl.swift */ = {isa = PBXFileReference; fileEncoding = 4; lastKnownFileType = sourcecode.swift; path = CLDNetworkDataRequestImpl.swift; sourceTree = "<group>"; };
		36B4970F1C9811BA0083C935 /* CLDConfiguration.swift */ = {isa = PBXFileReference; fileEncoding = 4; lastKnownFileType = sourcecode.swift; path = CLDConfiguration.swift; sourceTree = "<group>"; };
		36B497111C9811C60083C935 /* CLDUrl.swift */ = {isa = PBXFileReference; fileEncoding = 4; lastKnownFileType = sourcecode.swift; name = CLDUrl.swift; path = Features/Url/CLDUrl.swift; sourceTree = "<group>"; };
		36B497161C9811E80083C935 /* CLDTranformation.swift */ = {isa = PBXFileReference; fileEncoding = 4; lastKnownFileType = sourcecode.swift; name = CLDTranformation.swift; path = Features/Helpers/CLDTranformation.swift; sourceTree = "<group>"; };
		36B7FAD11D3E8093008754EF /* CLDLayer.swift */ = {isa = PBXFileReference; fileEncoding = 4; lastKnownFileType = sourcecode.swift; path = CLDLayer.swift; sourceTree = "<group>"; };
		36B7FAD31D3E80A9008754EF /* CLDTextLayer.swift */ = {isa = PBXFileReference; fileEncoding = 4; lastKnownFileType = sourcecode.swift; path = CLDTextLayer.swift; sourceTree = "<group>"; };
		36B7FAD51D3E80BF008754EF /* CLDSubtitlesLayer.swift */ = {isa = PBXFileReference; fileEncoding = 4; lastKnownFileType = sourcecode.swift; path = CLDSubtitlesLayer.swift; sourceTree = "<group>"; };
		36B7FADA1D41231E008754EF /* CLDManagementApi.swift */ = {isa = PBXFileReference; fileEncoding = 4; lastKnownFileType = sourcecode.swift; path = CLDManagementApi.swift; sourceTree = "<group>"; };
		36B7FADC1D41231E008754EF /* CLDDeleteByTokenRequestParams.swift */ = {isa = PBXFileReference; fileEncoding = 4; lastKnownFileType = sourcecode.swift; path = CLDDeleteByTokenRequestParams.swift; sourceTree = "<group>"; };
		36B7FADD1D41231E008754EF /* CLDDestroyRequestParams.swift */ = {isa = PBXFileReference; fileEncoding = 4; lastKnownFileType = sourcecode.swift; path = CLDDestroyRequestParams.swift; sourceTree = "<group>"; };
		36B7FADE1D41231E008754EF /* CLDExplicitRequestParams.swift */ = {isa = PBXFileReference; fileEncoding = 4; lastKnownFileType = sourcecode.swift; path = CLDExplicitRequestParams.swift; sourceTree = "<group>"; };
		36B7FADF1D41231E008754EF /* CLDExplodeRequestParams.swift */ = {isa = PBXFileReference; fileEncoding = 4; lastKnownFileType = sourcecode.swift; path = CLDExplodeRequestParams.swift; sourceTree = "<group>"; };
		36B7FAE01D41231E008754EF /* CLDMultiRequestParams.swift */ = {isa = PBXFileReference; fileEncoding = 4; lastKnownFileType = sourcecode.swift; path = CLDMultiRequestParams.swift; sourceTree = "<group>"; };
		36B7FAE11D41231E008754EF /* CLDRenameRequestParams.swift */ = {isa = PBXFileReference; fileEncoding = 4; lastKnownFileType = sourcecode.swift; path = CLDRenameRequestParams.swift; sourceTree = "<group>"; };
		36B7FAE21D41231E008754EF /* CLDSpriteRequestParams.swift */ = {isa = PBXFileReference; fileEncoding = 4; lastKnownFileType = sourcecode.swift; path = CLDSpriteRequestParams.swift; sourceTree = "<group>"; };
		36B7FAE31D41231E008754EF /* CLDTagsRequestParams.swift */ = {isa = PBXFileReference; fileEncoding = 4; lastKnownFileType = sourcecode.swift; path = CLDTagsRequestParams.swift; sourceTree = "<group>"; };
		36B7FAE41D41231E008754EF /* CLDTextRequestParams.swift */ = {isa = PBXFileReference; fileEncoding = 4; lastKnownFileType = sourcecode.swift; path = CLDTextRequestParams.swift; sourceTree = "<group>"; };
		36B7FAF11D413288008754EF /* CLDDictionaryUtils.swift */ = {isa = PBXFileReference; fileEncoding = 4; lastKnownFileType = sourcecode.swift; name = CLDDictionaryUtils.swift; path = Utils/CLDDictionaryUtils.swift; sourceTree = "<group>"; };
		36BB95B01DD2051300665FC4 /* CLDErrorRequest.swift */ = {isa = PBXFileReference; fileEncoding = 4; lastKnownFileType = sourcecode.swift; path = CLDErrorRequest.swift; sourceTree = "<group>"; };
		36C20DC01C936E10006EB15A /* CLDNetworkCoordinator.swift */ = {isa = PBXFileReference; fileEncoding = 4; lastKnownFileType = sourcecode.swift; name = CLDNetworkCoordinator.swift; path = Network/CLDNetworkCoordinator.swift; sourceTree = "<group>"; };
		36D00DFF1D9C2FDF00BF4DD5 /* pdf.pdf */ = {isa = PBXFileReference; lastKnownFileType = image.pdf; path = pdf.pdf; sourceTree = "<group>"; };
		36D00E071D9C735100BF4DD5 /* UIButtonTests.swift */ = {isa = PBXFileReference; fileEncoding = 4; lastKnownFileType = sourcecode.swift; path = UIButtonTests.swift; sourceTree = "<group>"; };
		36D00E091D9C742400BF4DD5 /* UIBaseTest.swift */ = {isa = PBXFileReference; fileEncoding = 4; lastKnownFileType = sourcecode.swift; path = UIBaseTest.swift; sourceTree = "<group>"; };
		36D00E0B1D9C8A2400BF4DD5 /* UIImageViewTests.swift */ = {isa = PBXFileReference; fileEncoding = 4; lastKnownFileType = sourcecode.swift; path = UIImageViewTests.swift; sourceTree = "<group>"; };
		36D00E161D9D6E8A00BF4DD5 /* CommonResultKeys.swift */ = {isa = PBXFileReference; fileEncoding = 4; lastKnownFileType = sourcecode.swift; path = CommonResultKeys.swift; sourceTree = "<group>"; };
		36D00E181D9D822B00BF4DD5 /* CLDInfo.swift */ = {isa = PBXFileReference; fileEncoding = 4; lastKnownFileType = sourcecode.swift; path = CLDInfo.swift; sourceTree = "<group>"; };
		36D00E1A1D9D825900BF4DD5 /* CLDDetection.swift */ = {isa = PBXFileReference; fileEncoding = 4; lastKnownFileType = sourcecode.swift; path = CLDDetection.swift; sourceTree = "<group>"; };
		36D00E1C1D9D827F00BF4DD5 /* CLDRekognitionFace.swift */ = {isa = PBXFileReference; fileEncoding = 4; lastKnownFileType = sourcecode.swift; path = CLDRekognitionFace.swift; sourceTree = "<group>"; };
		36D00E1E1D9D82E800BF4DD5 /* CLDFace.swift */ = {isa = PBXFileReference; fileEncoding = 4; lastKnownFileType = sourcecode.swift; path = CLDFace.swift; sourceTree = "<group>"; };
		36D00E201D9D833000BF4DD5 /* CLDBoundingBox.swift */ = {isa = PBXFileReference; fileEncoding = 4; lastKnownFileType = sourcecode.swift; path = CLDBoundingBox.swift; sourceTree = "<group>"; };
		860464FF1DC79EA5007172D7 /* CLDNetworkUploadRequest.swift */ = {isa = PBXFileReference; fileEncoding = 4; lastKnownFileType = sourcecode.swift; path = CLDNetworkUploadRequest.swift; sourceTree = "<group>"; };
/* End PBXFileReference section */

/* Begin PBXFrameworksBuildPhase section */
		3696FBEE1C8C6A3D00DE9568 /* Frameworks */ = {
			isa = PBXFrameworksBuildPhase;
			buildActionMask = 2147483647;
			files = (
				3696FBF61C8C6A3D00DE9568 /* Cloudinary.framework in Frameworks */,
			);
			runOnlyForDeploymentPostprocessing = 0;
		};
		369FB3421C79D360003E81B6 /* Frameworks */ = {
			isa = PBXFrameworksBuildPhase;
			buildActionMask = 2147483647;
			files = (
				36806F721CC7F4FF009BD86F /* Alamofire.framework in Frameworks */,
			);
			runOnlyForDeploymentPostprocessing = 0;
		};
/* End PBXFrameworksBuildPhase section */

/* Begin PBXGroup section */
		2936A58B1E1EFF72009B7FAF /* Support Files */ = {
			isa = PBXGroup;
			children = (
				2944B6721E2FB613003AB794 /* CHANGELOG.md */,
				2944B6671E2FB36F003AB794 /* .gitignore */,
				2936A58C1E1EFF95009B7FAF /* LICENCE */,
				2936A58D1E1EFF95009B7FAF /* README.md */,
				2936A50C1E1D92A5009B7FAF /* Cloudinary.podspec */,
			);
			name = "Support Files";
			sourceTree = "<group>";
		};
		29CEE1A01E34A55600A2629D /* CLDCrypto */ = {
			isa = PBXGroup;
			children = (
				29CEE1A11E34A55600A2629D /* GenerateCLDCryptoModule */,
				29CEE1A21E34A55600A2629D /* GenerateCLDCryptoModule.swift */,
			);
			path = CLDCrypto;
			sourceTree = "<group>";
		};
		362CB78D1CA7D3E900C26E74 /* GenerateUrlTests */ = {
			isa = PBXGroup;
			children = (
				362CB7A21CA7D7DD00C26E74 /* UrlTests.swift */,
			);
			name = GenerateUrlTests;
			sourceTree = "<group>";
		};
		362CB7901CA7D55D00C26E74 /* NetworkTests */ = {
			isa = PBXGroup;
			children = (
				362CB7A81CA7DAF700C26E74 /* NetworkBaseTest.swift */,
				362CB79B1CA7D72600C26E74 /* UploaderTests.swift */,
				362CB7A61CA7D8FD00C26E74 /* ManagementApiTests.swift */,
				36747B721CB1459800087D10 /* DownloaderTests.swift */,
			);
			name = NetworkTests;
			sourceTree = "<group>";
		};
		362CB7951CA7D60B00C26E74 /* Resources */ = {
			isa = PBXGroup;
			children = (
				36AC053E1D500C4A002FC9DF /* Videos */,
				362CB7961CA7D61E00C26E74 /* Images */,
				3661F8BD1CD22AF50054F84F /* Docs */,
			);
			name = Resources;
			sourceTree = "<group>";
		};
		362CB7961CA7D61E00C26E74 /* Images */ = {
			isa = PBXGroup;
			children = (
				362CB79E1CA7D7BA00C26E74 /* borderCollie.jpg */,
				362CB79F1CA7D7BA00C26E74 /* logo.png */,
			);
			name = Images;
			sourceTree = "<group>";
		};
		362CB79D1CA7D76C00C26E74 /* SupportingFiles */ = {
			isa = PBXGroup;
			children = (
				362CB7FB1CAD451400C26E74 /* Info.plist */,
			);
			path = SupportingFiles;
			sourceTree = "<group>";
		};
		3630876D1CBA49D800782A57 /* Extensions */ = {
			isa = PBXGroup;
			children = (
				363087721CBA4A2F00782A57 /* UIImageView+Cloudinary.swift */,
				363087761CBA5C6100782A57 /* UIButton+Cloudinary.swift */,
				3630877A1CBA6C4B00782A57 /* UIView+Cloudinary.swift */,
			);
			path = Extensions;
			sourceTree = "<group>";
		};
		3661F8BD1CD22AF50054F84F /* Docs */ = {
			isa = PBXGroup;
			children = (
				36D00DFF1D9C2FDF00BF4DD5 /* pdf.pdf */,
				3661F8C31CD22B0E0054F84F /* docx.docx */,
			);
			name = Docs;
			path = Resources/Docs;
			sourceTree = "<group>";
		};
		36747B6B1CB130A600087D10 /* Downloader */ = {
			isa = PBXGroup;
			children = (
				36747B6C1CB130C200087D10 /* CLDDownloader.swift */,
			);
			path = Downloader;
			sourceTree = "<group>";
		};
		367EF6581D45720900545D93 /* Results */ = {
			isa = PBXGroup;
			children = (
				36AC053C1D4FB58B002FC9DF /* CLDDeleteResult.swift */,
				36AC05311D4FA983002FC9DF /* CLDExplicitResult.swift */,
				36AC050C1D4F59CD002FC9DF /* CLDExplodeResult.swift */,
				36AC05121D4F8988002FC9DF /* CLDMultiResult.swift */,
				36AC05141D4F8B14002FC9DF /* CLDRenameResult.swift */,
				36AC051A1D4F8C20002FC9DF /* CLDSpriteResult.swift */,
				36AC05201D4F9C0D002FC9DF /* CLDTagResult.swift */,
				36AC05261D4F9EC0002FC9DF /* CLDTextResult.swift */,
			);
			path = Results;
			sourceTree = "<group>";
		};
		36806F621CC7F4CC009BD86F /* Alamofire */ = {
			isa = PBXGroup;
			children = (
				36806F631CC7F4DB009BD86F /* Alamofire.xcodeproj */,
			);
			name = Alamofire;
			sourceTree = "<group>";
		};
		36806F641CC7F4DB009BD86F /* Products */ = {
			isa = PBXGroup;
			children = (
				36806F6B1CC7F4DB009BD86F /* Alamofire.framework */,
				862713E81DC21CEF00A02D62 /* Alamofire iOS Tests.xctest */,
				36806F6D1CC7F4DB009BD86F /* Alamofire.framework */,
				862713EA1DC21CEF00A02D62 /* Alamofire macOS Tests.xctest */,
				36806F6F1CC7F4DB009BD86F /* Alamofire.framework */,
				862713EC1DC21CEF00A02D62 /* Alamofire tvOS Tests.xctest */,
				36806F711CC7F4DB009BD86F /* Alamofire.framework */,
			);
			name = Products;
			sourceTree = "<group>";
		};
		3696FB8F1C8C674B00DE9568 /* Url */ = {
			isa = PBXGroup;
			children = (
				36B497111C9811C60083C935 /* CLDUrl.swift */,
			);
			name = Url;
			path = ..;
			sourceTree = "<group>";
		};
		3696FB901C8C676B00DE9568 /* Helpers */ = {
			isa = PBXGroup;
			children = (
				36B497161C9811E80083C935 /* CLDTranformation.swift */,
				362CB77C1CA41E6B00C26E74 /* CLDDefinitions.swift */,
				36747B6E1CB131E300087D10 /* CLDBaseNetworkObject.swift */,
				36B7FACC1D3E8080008754EF /* Layers */,
				36B246A81C9571E900122DB7 /* RequestParams */,
				36AC05011D4F463A002FC9DF /* Requests */,
				36AC05091D4F4ECF002FC9DF /* Results */,
			);
			name = Helpers;
			path = ..;
			sourceTree = "<group>";
		};
		3696FBF21C8C6A3D00DE9568 /* CloudinaryTests */ = {
			isa = PBXGroup;
			children = (
				362CB78D1CA7D3E900C26E74 /* GenerateUrlTests */,
				362CB7901CA7D55D00C26E74 /* NetworkTests */,
				36D00E061D9C706400BF4DD5 /* UIExtensions */,
				362CB7951CA7D60B00C26E74 /* Resources */,
				362CB79D1CA7D76C00C26E74 /* SupportingFiles */,
			);
			path = CloudinaryTests;
			sourceTree = "<group>";
		};
		3696FC041C8E012300DE9568 /* Utils */ = {
			isa = PBXGroup;
			children = (
				3696FC051C8E014500DE9568 /* CLDStringUtils.swift */,
				3696FC551C9162FF00DE9568 /* CLDCryptoUtils.swift */,
				366CDD0F1CA1979F0014361F /* CLDLogManager.swift */,
				362CB7761CA41D0F00C26E74 /* CLDBuildParamsUtils.swift */,
				363087631CB5487400782A57 /* CLDImageUtils.swift */,
				36B7FAF11D413288008754EF /* CLDDictionaryUtils.swift */,
				3653B1961D43B29B0093765C /* CLDImageCache.swift */,
				3653B1981D43B3CB0093765C /* CLDError.swift */,
			);
			name = Utils;
			sourceTree = "<group>";
		};
		3696FC0B1C90633C00DE9568 /* Frameworks */ = {
			isa = PBXGroup;
			children = (
				36806F621CC7F4CC009BD86F /* Alamofire */,
			);
			name = Frameworks;
			sourceTree = "<group>";
		};
		369FB33C1C79D360003E81B6 = {
			isa = PBXGroup;
			children = (
				29CEE1A01E34A55600A2629D /* CLDCrypto */,
				2936A58B1E1EFF72009B7FAF /* Support Files */,
				369FB3481C79D360003E81B6 /* Cloudinary */,
				3696FBF21C8C6A3D00DE9568 /* CloudinaryTests */,
				369FB3471C79D360003E81B6 /* Products */,
			);
			sourceTree = "<group>";
		};
		369FB3471C79D360003E81B6 /* Products */ = {
			isa = PBXGroup;
			children = (
				369FB3461C79D360003E81B6 /* Cloudinary.framework */,
				3696FBF11C8C6A3D00DE9568 /* CloudinaryTests.xctest */,
			);
			name = Products;
			sourceTree = "<group>";
		};
		369FB3481C79D360003E81B6 /* Cloudinary */ = {
			isa = PBXGroup;
			children = (
				369FB3491C79D360003E81B6 /* Cloudinary.h */,
				369FB34B1C79D360003E81B6 /* Info.plist */,
				369FB3801C7A0FCF003E81B6 /* CLDCloudinary.swift */,
				36B4970F1C9811BA0083C935 /* CLDConfiguration.swift */,
				36B4970A1C9811030083C935 /* Features */,
				36C20DBF1C936DC9006EB15A /* Network */,
				3696FC041C8E012300DE9568 /* Utils */,
				3696FC0B1C90633C00DE9568 /* Frameworks */,
			);
			path = Cloudinary;
			sourceTree = "<group>";
		};
		36AC05011D4F463A002FC9DF /* Requests */ = {
			isa = PBXGroup;
			children = (
				36AC05061D4F4653002FC9DF /* CLDRequest.swift */,
			);
			name = Requests;
			path = Features/Helpers/Requests;
			sourceTree = "<group>";
		};
		36AC05081D4F4C7A002FC9DF /* Requests */ = {
			isa = PBXGroup;
			children = (
				36AC05361D4FB575002FC9DF /* CLDDeleteRequest.swift */,
				36AC05331D4FAD55002FC9DF /* CLDExplicitRequest.swift */,
				36AC050E1D4F5B5D002FC9DF /* CLDExplodeRequest.swift */,
				36AC05101D4F8950002FC9DF /* CLDMultiRequest.swift */,
				36AC05181D4F8B75002FC9DF /* CLDRenameRequest.swift */,
				36AC051C1D4F9196002FC9DF /* CLDSpriteRequest.swift */,
				36AC05221D4F9CE4002FC9DF /* CLDTagRequest.swift */,
				36AC05281D4F9F88002FC9DF /* CLDTextRequest.swift */,
			);
			path = Requests;
			sourceTree = "<group>";
		};
		36AC05091D4F4ECF002FC9DF /* Results */ = {
			isa = PBXGroup;
			children = (
				36AC050A1D4F4EFB002FC9DF /* CLDBaseResult.swift */,
				36D00E151D9D6E7900BF4DD5 /* Helpers */,
			);
			name = Results;
			path = Features/Helpers/Results;
			sourceTree = "<group>";
		};
		36AC052A1D4FA58F002FC9DF /* RequestParams */ = {
			isa = PBXGroup;
			children = (
				36AC052B1D4FA5A0002FC9DF /* CLDUploadRequestParams.swift */,
			);
			name = RequestParams;
			path = Cloudinary/Features/Uploader/RequestParams;
			sourceTree = SOURCE_ROOT;
		};
		36AC052D1D4FA5B3002FC9DF /* Requests */ = {
			isa = PBXGroup;
			children = (
				36AC05431D501621002FC9DF /* CLDUploadRequest.swift */,
			);
			name = Requests;
			path = Cloudinary/Features/Uploader/Requests;
			sourceTree = SOURCE_ROOT;
		};
		36AC052E1D4FA5C4002FC9DF /* Results */ = {
			isa = PBXGroup;
			children = (
				369F77601D994EEA00F1CC90 /* CLDUploadResult.swift */,
			);
			name = Results;
			path = Cloudinary/Features/Uploader/Results;
			sourceTree = SOURCE_ROOT;
		};
		36AC053E1D500C4A002FC9DF /* Videos */ = {
			isa = PBXGroup;
			children = (
				36AC053F1D500C64002FC9DF /* dog.mov */,
				36AC05401D500C64002FC9DF /* dog.mp4 */,
			);
			name = Videos;
			path = Resources/Videos;
			sourceTree = "<group>";
		};
		36B246A51C956FED00122DB7 /* Uploader */ = {
			isa = PBXGroup;
			children = (
				363BE8D41CC3E94200124C46 /* CLDUploader.swift */,
				36AC052D1D4FA5B3002FC9DF /* Requests */,
				36AC052A1D4FA58F002FC9DF /* RequestParams */,
				36AC052E1D4FA5C4002FC9DF /* Results */,
			);
			name = Uploader;
			path = ../Uploader;
			sourceTree = "<group>";
		};
		36B246A81C9571E900122DB7 /* RequestParams */ = {
			isa = PBXGroup;
			children = (
				36784DB91CCCCE1100F3B777 /* CLDRequestParams.swift */,
				36B246B11C95C5AD00122DB7 /* Helpers */,
			);
			name = RequestParams;
			path = Network/RequestParams;
			sourceTree = "<group>";
		};
		36B246AA1C958DD100122DB7 /* Adapter */ = {
			isa = PBXGroup;
			children = (
				36B246AB1C958EBF00122DB7 /* CLDNetworkAdapter.swift */,
			);
			name = Adapter;
			path = Network/Adapter;
			sourceTree = "<group>";
		};
		36B246B11C95C5AD00122DB7 /* Helpers */ = {
			isa = PBXGroup;
			children = (
				36784DBB1CCCCE1C00F3B777 /* CLDRequestParamsHelpers.swift */,
			);
			path = Helpers;
			sourceTree = "<group>";
		};
		36B246B41C95D16C00122DB7 /* NetworkRequest */ = {
			isa = PBXGroup;
			children = (
				36B246B51C95D18500122DB7 /* CLDGenericNetworkRequest.swift */,
				36B246B71C95D60700122DB7 /* CLDNetworkDataRequestImpl.swift */,
				36747B701CB13BD100087D10 /* CLDNetworkDownloadRequest.swift */,
				3630877D1CC38E0200782A57 /* CLDFetchImageRequestImpl.swift */,
				860464FF1DC79EA5007172D7 /* CLDNetworkUploadRequest.swift */,
				36BB95B01DD2051300665FC4 /* CLDErrorRequest.swift */,
				367FA4D01DD34E20001C8A61 /* CLDAsyncNetworkUploadRequest.swift */,
			);
			name = NetworkRequest;
			path = Network/NetworkRequest;
			sourceTree = "<group>";
		};
		36B4970A1C9811030083C935 /* Features */ = {
			isa = PBXGroup;
			children = (
				36B7FAD91D41231E008754EF /* ManagementApi */,
				3696FB8F1C8C674B00DE9568 /* Url */,
				36B246A51C956FED00122DB7 /* Uploader */,
				36747B6B1CB130A600087D10 /* Downloader */,
				3630876D1CBA49D800782A57 /* Extensions */,
				3696FB901C8C676B00DE9568 /* Helpers */,
			);
			path = Features;
			sourceTree = "<group>";
		};
		36B7FACC1D3E8080008754EF /* Layers */ = {
			isa = PBXGroup;
			children = (
				36B7FAD11D3E8093008754EF /* CLDLayer.swift */,
				36B7FAD31D3E80A9008754EF /* CLDTextLayer.swift */,
				36B7FAD51D3E80BF008754EF /* CLDSubtitlesLayer.swift */,
			);
			name = Layers;
			path = Features/Helpers/Layers;
			sourceTree = "<group>";
		};
		36B7FAD91D41231E008754EF /* ManagementApi */ = {
			isa = PBXGroup;
			children = (
				36B7FADA1D41231E008754EF /* CLDManagementApi.swift */,
				36AC05081D4F4C7A002FC9DF /* Requests */,
				36B7FADB1D41231E008754EF /* RequestsParams */,
				367EF6581D45720900545D93 /* Results */,
			);
			path = ManagementApi;
			sourceTree = "<group>";
		};
		36B7FADB1D41231E008754EF /* RequestsParams */ = {
			isa = PBXGroup;
			children = (
				36B7FADC1D41231E008754EF /* CLDDeleteByTokenRequestParams.swift */,
				36B7FADD1D41231E008754EF /* CLDDestroyRequestParams.swift */,
				36B7FADE1D41231E008754EF /* CLDExplicitRequestParams.swift */,
				36B7FADF1D41231E008754EF /* CLDExplodeRequestParams.swift */,
				36B7FAE01D41231E008754EF /* CLDMultiRequestParams.swift */,
				36B7FAE11D41231E008754EF /* CLDRenameRequestParams.swift */,
				36B7FAE21D41231E008754EF /* CLDSpriteRequestParams.swift */,
				36B7FAE31D41231E008754EF /* CLDTagsRequestParams.swift */,
				36B7FAE41D41231E008754EF /* CLDTextRequestParams.swift */,
			);
			path = RequestsParams;
			sourceTree = "<group>";
		};
		36C20DBF1C936DC9006EB15A /* Network */ = {
			isa = PBXGroup;
			children = (
				36C20DC01C936E10006EB15A /* CLDNetworkCoordinator.swift */,
				362CB7711CA2EA9900C26E74 /* CLDNetworkDelegate.swift */,
				36B246B41C95D16C00122DB7 /* NetworkRequest */,
				36B246AA1C958DD100122DB7 /* Adapter */,
			);
			name = Network;
			sourceTree = "<group>";
		};
		36D00E061D9C706400BF4DD5 /* UIExtensions */ = {
			isa = PBXGroup;
			children = (
				36D00E091D9C742400BF4DD5 /* UIBaseTest.swift */,
				36D00E071D9C735100BF4DD5 /* UIButtonTests.swift */,
				36D00E0B1D9C8A2400BF4DD5 /* UIImageViewTests.swift */,
			);
			path = UIExtensions;
			sourceTree = "<group>";
		};
		36D00E151D9D6E7900BF4DD5 /* Helpers */ = {
			isa = PBXGroup;
			children = (
				36D00E161D9D6E8A00BF4DD5 /* CommonResultKeys.swift */,
				36D00E181D9D822B00BF4DD5 /* CLDInfo.swift */,
				36D00E1A1D9D825900BF4DD5 /* CLDDetection.swift */,
				36D00E1C1D9D827F00BF4DD5 /* CLDRekognitionFace.swift */,
				36D00E1E1D9D82E800BF4DD5 /* CLDFace.swift */,
				36D00E201D9D833000BF4DD5 /* CLDBoundingBox.swift */,
			);
			path = Helpers;
			sourceTree = "<group>";
		};
/* End PBXGroup section */

/* Begin PBXHeadersBuildPhase section */
		369FB3431C79D360003E81B6 /* Headers */ = {
			isa = PBXHeadersBuildPhase;
			buildActionMask = 2147483647;
			files = (
				369FB34A1C79D360003E81B6 /* Cloudinary.h in Headers */,
			);
			runOnlyForDeploymentPostprocessing = 0;
		};
/* End PBXHeadersBuildPhase section */

/* Begin PBXNativeTarget section */
		3696FBF01C8C6A3D00DE9568 /* CloudinaryTests */ = {
			isa = PBXNativeTarget;
			buildConfigurationList = 3696FBF91C8C6A3D00DE9568 /* Build configuration list for PBXNativeTarget "CloudinaryTests" */;
			buildPhases = (
				3696FBED1C8C6A3D00DE9568 /* Sources */,
				3696FBEE1C8C6A3D00DE9568 /* Frameworks */,
				3696FBEF1C8C6A3D00DE9568 /* Resources */,
			);
			buildRules = (
			);
			dependencies = (
				3696FBF81C8C6A3D00DE9568 /* PBXTargetDependency */,
			);
			name = CloudinaryTests;
			productName = CloudinaryTests;
			productReference = 3696FBF11C8C6A3D00DE9568 /* CloudinaryTests.xctest */;
			productType = "com.apple.product-type.bundle.unit-test";
		};
		369FB3451C79D360003E81B6 /* Cloudinary */ = {
			isa = PBXNativeTarget;
			buildConfigurationList = 369FB34E1C79D360003E81B6 /* Build configuration list for PBXNativeTarget "Cloudinary" */;
			buildPhases = (
				368604E61CC66DFD00DCEAE5 /* ShellScript */,
				369FB3411C79D360003E81B6 /* Sources */,
				369FB3421C79D360003E81B6 /* Frameworks */,
				369FB3431C79D360003E81B6 /* Headers */,
				369FB3441C79D360003E81B6 /* Resources */,
			);
			buildRules = (
			);
			dependencies = (
			);
			name = Cloudinary;
			productName = Cloudinary;
			productReference = 369FB3461C79D360003E81B6 /* Cloudinary.framework */;
			productType = "com.apple.product-type.framework";
		};
/* End PBXNativeTarget section */

/* Begin PBXProject section */
		369FB33D1C79D360003E81B6 /* Project object */ = {
			isa = PBXProject;
			attributes = {
				CLASSPREFIX = CLD;
				LastSwiftUpdateCheck = 0720;
				LastUpgradeCheck = 0810;
				ORGANIZATIONNAME = Cloudinary;
				TargetAttributes = {
					3696FBF01C8C6A3D00DE9568 = {
						CreatedOnToolsVersion = 7.2.1;
						LastSwiftMigration = 0800;
					};
					369FB3451C79D360003E81B6 = {
						CreatedOnToolsVersion = 7.1.1;
						LastSwiftMigration = 0800;
					};
				};
			};
			buildConfigurationList = 369FB3401C79D360003E81B6 /* Build configuration list for PBXProject "Cloudinary" */;
			compatibilityVersion = "Xcode 3.2";
			developmentRegion = English;
			hasScannedForEncodings = 0;
			knownRegions = (
				en,
			);
			mainGroup = 369FB33C1C79D360003E81B6;
			productRefGroup = 369FB3471C79D360003E81B6 /* Products */;
			projectDirPath = "";
			projectReferences = (
				{
					ProductGroup = 36806F641CC7F4DB009BD86F /* Products */;
					ProjectRef = 36806F631CC7F4DB009BD86F /* Alamofire.xcodeproj */;
				},
			);
			projectRoot = "";
			targets = (
				369FB3451C79D360003E81B6 /* Cloudinary */,
				3696FBF01C8C6A3D00DE9568 /* CloudinaryTests */,
			);
		};
/* End PBXProject section */

/* Begin PBXReferenceProxy section */
		36806F6B1CC7F4DB009BD86F /* Alamofire.framework */ = {
			isa = PBXReferenceProxy;
			fileType = wrapper.framework;
			path = Alamofire.framework;
			remoteRef = 36806F6A1CC7F4DB009BD86F /* PBXContainerItemProxy */;
			sourceTree = BUILT_PRODUCTS_DIR;
		};
		36806F6D1CC7F4DB009BD86F /* Alamofire.framework */ = {
			isa = PBXReferenceProxy;
			fileType = wrapper.framework;
			path = Alamofire.framework;
			remoteRef = 36806F6C1CC7F4DB009BD86F /* PBXContainerItemProxy */;
			sourceTree = BUILT_PRODUCTS_DIR;
		};
		36806F6F1CC7F4DB009BD86F /* Alamofire.framework */ = {
			isa = PBXReferenceProxy;
			fileType = wrapper.framework;
			path = Alamofire.framework;
			remoteRef = 36806F6E1CC7F4DB009BD86F /* PBXContainerItemProxy */;
			sourceTree = BUILT_PRODUCTS_DIR;
		};
		36806F711CC7F4DB009BD86F /* Alamofire.framework */ = {
			isa = PBXReferenceProxy;
			fileType = wrapper.framework;
			path = Alamofire.framework;
			remoteRef = 36806F701CC7F4DB009BD86F /* PBXContainerItemProxy */;
			sourceTree = BUILT_PRODUCTS_DIR;
		};
		862713E81DC21CEF00A02D62 /* Alamofire iOS Tests.xctest */ = {
			isa = PBXReferenceProxy;
			fileType = wrapper.cfbundle;
			path = "Alamofire iOS Tests.xctest";
			remoteRef = 862713E71DC21CEF00A02D62 /* PBXContainerItemProxy */;
			sourceTree = BUILT_PRODUCTS_DIR;
		};
		862713EA1DC21CEF00A02D62 /* Alamofire macOS Tests.xctest */ = {
			isa = PBXReferenceProxy;
			fileType = wrapper.cfbundle;
			path = "Alamofire macOS Tests.xctest";
			remoteRef = 862713E91DC21CEF00A02D62 /* PBXContainerItemProxy */;
			sourceTree = BUILT_PRODUCTS_DIR;
		};
		862713EC1DC21CEF00A02D62 /* Alamofire tvOS Tests.xctest */ = {
			isa = PBXReferenceProxy;
			fileType = wrapper.cfbundle;
			path = "Alamofire tvOS Tests.xctest";
			remoteRef = 862713EB1DC21CEF00A02D62 /* PBXContainerItemProxy */;
			sourceTree = BUILT_PRODUCTS_DIR;
		};
/* End PBXReferenceProxy section */

/* Begin PBXResourcesBuildPhase section */
		3696FBEF1C8C6A3D00DE9568 /* Resources */ = {
			isa = PBXResourcesBuildPhase;
			buildActionMask = 2147483647;
			files = (
				36AC05421D500C64002FC9DF /* dog.mp4 in Resources */,
				362CB7A11CA7D7BA00C26E74 /* logo.png in Resources */,
				36AC05411D500C64002FC9DF /* dog.mov in Resources */,
				36D00E001D9C2FDF00BF4DD5 /* pdf.pdf in Resources */,
				3661F8C41CD22B0E0054F84F /* docx.docx in Resources */,
				362CB7A01CA7D7BA00C26E74 /* borderCollie.jpg in Resources */,
			);
			runOnlyForDeploymentPostprocessing = 0;
		};
		369FB3441C79D360003E81B6 /* Resources */ = {
			isa = PBXResourcesBuildPhase;
			buildActionMask = 2147483647;
			files = (
				2936A58E1E1EFF95009B7FAF /* LICENCE in Resources */,
				29CEE1A31E34A55600A2629D /* GenerateCLDCryptoModule in Resources */,
				2936A50D1E1D92A5009B7FAF /* Cloudinary.podspec in Resources */,
			);
			runOnlyForDeploymentPostprocessing = 0;
		};
/* End PBXResourcesBuildPhase section */

/* Begin PBXShellScriptBuildPhase section */
		368604E61CC66DFD00DCEAE5 /* ShellScript */ = {
			isa = PBXShellScriptBuildPhase;
			buildActionMask = 2147483647;
			files = (
			);
			inputPaths = (
			);
			outputPaths = (
			);
			runOnlyForDeploymentPostprocessing = 0;
			shellPath = /bin/sh;
			shellScript = "echo Generating $PROJECT_DIR/Cloudinary/Frameworks/CLDCrypto/${PLATFORM_NAME}/CLDCrypto.framework\nxcrun -sdk macosx swift ./CLDCrypto/GenerateCLDCryptoModule.swift $PLATFORM_NAME $PROJECT_DIR\n";
		};
/* End PBXShellScriptBuildPhase section */

/* Begin PBXSourcesBuildPhase section */
		3696FBED1C8C6A3D00DE9568 /* Sources */ = {
			isa = PBXSourcesBuildPhase;
			buildActionMask = 2147483647;
			files = (
				36D00E0C1D9C8A2400BF4DD5 /* UIImageViewTests.swift in Sources */,
				36747B731CB1459800087D10 /* DownloaderTests.swift in Sources */,
				36D00E081D9C735100BF4DD5 /* UIButtonTests.swift in Sources */,
				362CB79C1CA7D72600C26E74 /* UploaderTests.swift in Sources */,
				36D00E0A1D9C742400BF4DD5 /* UIBaseTest.swift in Sources */,
				362CB7A91CA7DAF700C26E74 /* NetworkBaseTest.swift in Sources */,
				362CB7A31CA7D7DD00C26E74 /* UrlTests.swift in Sources */,
				362CB7A71CA7D8FD00C26E74 /* ManagementApiTests.swift in Sources */,
			);
			runOnlyForDeploymentPostprocessing = 0;
		};
		369FB3411C79D360003E81B6 /* Sources */ = {
			isa = PBXSourcesBuildPhase;
			buildActionMask = 2147483647;
			files = (
				36D00E1D1D9D827F00BF4DD5 /* CLDRekognitionFace.swift in Sources */,
				36C20DC11C936E10006EB15A /* CLDNetworkCoordinator.swift in Sources */,
				36AC051B1D4F8C20002FC9DF /* CLDSpriteResult.swift in Sources */,
				860465001DC79EA5007172D7 /* CLDNetworkUploadRequest.swift in Sources */,
				36AC05191D4F8B75002FC9DF /* CLDRenameRequest.swift in Sources */,
				36AC05131D4F8988002FC9DF /* CLDMultiResult.swift in Sources */,
				2936A58F1E1EFF95009B7FAF /* README.md in Sources */,
				367FA4D11DD34E20001C8A61 /* CLDAsyncNetworkUploadRequest.swift in Sources */,
				36B7FAE91D41231E008754EF /* CLDExplodeRequestParams.swift in Sources */,
				36AC05271D4F9EC0002FC9DF /* CLDTextResult.swift in Sources */,
				362CB7721CA2EA9900C26E74 /* CLDNetworkDelegate.swift in Sources */,
				369FB3811C7A0FCF003E81B6 /* CLDCloudinary.swift in Sources */,
				36B497181C9811E80083C935 /* CLDTranformation.swift in Sources */,
				36AC053D1D4FB58B002FC9DF /* CLDDeleteResult.swift in Sources */,
				36B7FAF21D413288008754EF /* CLDDictionaryUtils.swift in Sources */,
				369F77611D994EEA00F1CC90 /* CLDUploadResult.swift in Sources */,
				36BB95B11DD2051300665FC4 /* CLDErrorRequest.swift in Sources */,
				363087771CBA5C6100782A57 /* UIButton+Cloudinary.swift in Sources */,
				36AC05441D501621002FC9DF /* CLDUploadRequest.swift in Sources */,
				3653B1991D43B3CB0093765C /* CLDError.swift in Sources */,
				36784DBC1CCCCE1C00F3B777 /* CLDRequestParamsHelpers.swift in Sources */,
				36B7FAE71D41231E008754EF /* CLDDestroyRequestParams.swift in Sources */,
				3696FC561C9162FF00DE9568 /* CLDCryptoUtils.swift in Sources */,
				36AC051D1D4F9196002FC9DF /* CLDSpriteRequest.swift in Sources */,
				3653B1971D43B29B0093765C /* CLDImageCache.swift in Sources */,
				29CEE1A41E34A55600A2629D /* GenerateCLDCryptoModule.swift in Sources */,
				36747B6D1CB130C200087D10 /* CLDDownloader.swift in Sources */,
				362CB77D1CA41E6B00C26E74 /* CLDDefinitions.swift in Sources */,
				3630877B1CBA6C4B00782A57 /* UIView+Cloudinary.swift in Sources */,
				36AC05231D4F9CE4002FC9DF /* CLDTagRequest.swift in Sources */,
				36B497121C9811C60083C935 /* CLDUrl.swift in Sources */,
				363087731CBA4A2F00782A57 /* UIImageView+Cloudinary.swift in Sources */,
				36B7FAD41D3E80A9008754EF /* CLDTextLayer.swift in Sources */,
				36D00E211D9D833000BF4DD5 /* CLDBoundingBox.swift in Sources */,
				36747B711CB13BD100087D10 /* CLDNetworkDownloadRequest.swift in Sources */,
				36AC05371D4FB575002FC9DF /* CLDDeleteRequest.swift in Sources */,
				36D00E1F1D9D82E800BF4DD5 /* CLDFace.swift in Sources */,
				36B7FAE81D41231E008754EF /* CLDExplicitRequestParams.swift in Sources */,
				36B7FAE61D41231E008754EF /* CLDDeleteByTokenRequestParams.swift in Sources */,
				36B246B61C95D18500122DB7 /* CLDGenericNetworkRequest.swift in Sources */,
				36AC05151D4F8B14002FC9DF /* CLDRenameResult.swift in Sources */,
				36AC05321D4FA983002FC9DF /* CLDExplicitResult.swift in Sources */,
				36B497101C9811BA0083C935 /* CLDConfiguration.swift in Sources */,
				36AC050B1D4F4EFB002FC9DF /* CLDBaseResult.swift in Sources */,
				36AC05341D4FAD55002FC9DF /* CLDExplicitRequest.swift in Sources */,
				36B7FAEE1D41231E008754EF /* CLDTextRequestParams.swift in Sources */,
				36AC05211D4F9C0D002FC9DF /* CLDTagResult.swift in Sources */,
				3630877E1CC38E0200782A57 /* CLDFetchImageRequestImpl.swift in Sources */,
				36B7FAEA1D41231E008754EF /* CLDMultiRequestParams.swift in Sources */,
				36B246AC1C958EBF00122DB7 /* CLDNetworkAdapter.swift in Sources */,
				36B7FAEB1D41231E008754EF /* CLDRenameRequestParams.swift in Sources */,
				363087641CB5487400782A57 /* CLDImageUtils.swift in Sources */,
				36AC05291D4F9F88002FC9DF /* CLDTextRequest.swift in Sources */,
				36B246B81C95D60700122DB7 /* CLDNetworkDataRequestImpl.swift in Sources */,
				36B7FAED1D41231E008754EF /* CLDTagsRequestParams.swift in Sources */,
				366CDD101CA1979F0014361F /* CLDLogManager.swift in Sources */,
				36B7FAD21D3E8093008754EF /* CLDLayer.swift in Sources */,
				363BE8D51CC3E94200124C46 /* CLDUploader.swift in Sources */,
				362CB7771CA41D0F00C26E74 /* CLDBuildParamsUtils.swift in Sources */,
				36747B6F1CB131E300087D10 /* CLDBaseNetworkObject.swift in Sources */,
				36B7FAEC1D41231E008754EF /* CLDSpriteRequestParams.swift in Sources */,
				36D00E171D9D6E8A00BF4DD5 /* CommonResultKeys.swift in Sources */,
				36AC05111D4F8950002FC9DF /* CLDMultiRequest.swift in Sources */,
				36D00E1B1D9D825900BF4DD5 /* CLDDetection.swift in Sources */,
				36D00E191D9D822B00BF4DD5 /* CLDInfo.swift in Sources */,
				36B7FAE51D41231E008754EF /* CLDManagementApi.swift in Sources */,
				36AC050D1D4F59CD002FC9DF /* CLDExplodeResult.swift in Sources */,
				36AC050F1D4F5B5D002FC9DF /* CLDExplodeRequest.swift in Sources */,
				36784DBA1CCCCE1100F3B777 /* CLDRequestParams.swift in Sources */,
				36AC05071D4F4653002FC9DF /* CLDRequest.swift in Sources */,
				3696FC061C8E014500DE9568 /* CLDStringUtils.swift in Sources */,
				36AC052C1D4FA5A0002FC9DF /* CLDUploadRequestParams.swift in Sources */,
				36B7FAD61D3E80BF008754EF /* CLDSubtitlesLayer.swift in Sources */,
				2944B6731E2FB613003AB794 /* CHANGELOG.md in Sources */,
			);
			runOnlyForDeploymentPostprocessing = 0;
		};
/* End PBXSourcesBuildPhase section */

/* Begin PBXTargetDependency section */
		3696FBF81C8C6A3D00DE9568 /* PBXTargetDependency */ = {
			isa = PBXTargetDependency;
			target = 369FB3451C79D360003E81B6 /* Cloudinary */;
			targetProxy = 3696FBF71C8C6A3D00DE9568 /* PBXContainerItemProxy */;
		};
/* End PBXTargetDependency section */

/* Begin XCBuildConfiguration section */
		3696FBFA1C8C6A3D00DE9568 /* Debug */ = {
			isa = XCBuildConfiguration;
			buildSettings = {
				ALWAYS_EMBED_SWIFT_STANDARD_LIBRARIES = "$(inherited)";
				INFOPLIST_FILE = CloudinaryTests/SupportingFiles/Info.plist;
				IPHONEOS_DEPLOYMENT_TARGET = 9.2;
				LD_RUNPATH_SEARCH_PATHS = "$(inherited) @executable_path/Frameworks @loader_path/Frameworks";
				LIBRARY_SEARCH_PATHS = (
					"$(inherited)",
					"$(SDKROOT)/usr/lib/system",
				);
				OTHER_LDFLAGS = "-lz";
				PRODUCT_BUNDLE_IDENTIFIER = com.cloudinary.CloudinaryTests;
				PRODUCT_NAME = "$(TARGET_NAME)";
				SWIFT_OBJC_BRIDGING_HEADER = "";
				SWIFT_VERSION = 3.0;
			};
			name = Debug;
		};
		3696FBFB1C8C6A3D00DE9568 /* Release */ = {
			isa = XCBuildConfiguration;
			buildSettings = {
				ALWAYS_EMBED_SWIFT_STANDARD_LIBRARIES = "$(inherited)";
				INFOPLIST_FILE = CloudinaryTests/SupportingFiles/Info.plist;
				IPHONEOS_DEPLOYMENT_TARGET = 9.2;
				LD_RUNPATH_SEARCH_PATHS = "$(inherited) @executable_path/Frameworks @loader_path/Frameworks";
				LIBRARY_SEARCH_PATHS = (
					"$(inherited)",
					"$(SDKROOT)/usr/lib/system",
				);
				OTHER_LDFLAGS = "-lz";
				PRODUCT_BUNDLE_IDENTIFIER = com.cloudinary.CloudinaryTests;
				PRODUCT_NAME = "$(TARGET_NAME)";
				SWIFT_OBJC_BRIDGING_HEADER = "";
				SWIFT_VERSION = 3.0;
			};
			name = Release;
		};
		369FB34C1C79D360003E81B6 /* Debug */ = {
			isa = XCBuildConfiguration;
			buildSettings = {
				ALWAYS_SEARCH_USER_PATHS = NO;
				CLANG_CXX_LANGUAGE_STANDARD = "gnu++0x";
				CLANG_CXX_LIBRARY = "libc++";
				CLANG_ENABLE_MODULES = YES;
				CLANG_ENABLE_OBJC_ARC = YES;
				CLANG_WARN_BOOL_CONVERSION = YES;
				CLANG_WARN_CONSTANT_CONVERSION = YES;
				CLANG_WARN_DIRECT_OBJC_ISA_USAGE = YES_ERROR;
				CLANG_WARN_EMPTY_BODY = YES;
				CLANG_WARN_ENUM_CONVERSION = YES;
				CLANG_WARN_INFINITE_RECURSION = YES;
				CLANG_WARN_INT_CONVERSION = YES;
				CLANG_WARN_OBJC_ROOT_CLASS = YES_ERROR;
				CLANG_WARN_SUSPICIOUS_MOVE = YES;
				CLANG_WARN_UNREACHABLE_CODE = YES;
				CLANG_WARN__DUPLICATE_METHOD_MATCH = YES;
				"CODE_SIGN_IDENTITY[sdk=iphoneos*]" = "iPhone Developer";
				COMPRESS_PNG_FILES = NO;
				COPY_PHASE_STRIP = NO;
				CURRENT_PROJECT_VERSION = 1;
				DEBUG_INFORMATION_FORMAT = dwarf;
				ENABLE_STRICT_OBJC_MSGSEND = YES;
				ENABLE_TESTABILITY = YES;
				GCC_C_LANGUAGE_STANDARD = gnu99;
				GCC_DYNAMIC_NO_PIC = NO;
				GCC_NO_COMMON_BLOCKS = YES;
				GCC_OPTIMIZATION_LEVEL = 0;
				GCC_PREPROCESSOR_DEFINITIONS = (
					"DEBUG=1",
					"$(inherited)",
				);
				GCC_WARN_64_TO_32_BIT_CONVERSION = YES;
				GCC_WARN_ABOUT_RETURN_TYPE = YES_ERROR;
				GCC_WARN_UNDECLARED_SELECTOR = YES;
				GCC_WARN_UNINITIALIZED_AUTOS = YES_AGGRESSIVE;
				GCC_WARN_UNUSED_FUNCTION = YES;
				GCC_WARN_UNUSED_VARIABLE = YES;
				IPHONEOS_DEPLOYMENT_TARGET = 8.0;
				MTL_ENABLE_DEBUG_INFO = YES;
				ONLY_ACTIVE_ARCH = YES;
				SDKROOT = iphoneos;
				STRIP_PNG_TEXT = NO;
				SWIFT_OPTIMIZATION_LEVEL = "-Onone";
				TARGETED_DEVICE_FAMILY = "1,2";
				VERSIONING_SYSTEM = "apple-generic";
				VERSION_INFO_PREFIX = "";
			};
			name = Debug;
		};
		369FB34D1C79D360003E81B6 /* Release */ = {
			isa = XCBuildConfiguration;
			buildSettings = {
				ALWAYS_SEARCH_USER_PATHS = NO;
				CLANG_CXX_LANGUAGE_STANDARD = "gnu++0x";
				CLANG_CXX_LIBRARY = "libc++";
				CLANG_ENABLE_MODULES = YES;
				CLANG_ENABLE_OBJC_ARC = YES;
				CLANG_WARN_BOOL_CONVERSION = YES;
				CLANG_WARN_CONSTANT_CONVERSION = YES;
				CLANG_WARN_DIRECT_OBJC_ISA_USAGE = YES_ERROR;
				CLANG_WARN_EMPTY_BODY = YES;
				CLANG_WARN_ENUM_CONVERSION = YES;
				CLANG_WARN_INFINITE_RECURSION = YES;
				CLANG_WARN_INT_CONVERSION = YES;
				CLANG_WARN_OBJC_ROOT_CLASS = YES_ERROR;
				CLANG_WARN_SUSPICIOUS_MOVE = YES;
				CLANG_WARN_UNREACHABLE_CODE = YES;
				CLANG_WARN__DUPLICATE_METHOD_MATCH = YES;
				"CODE_SIGN_IDENTITY[sdk=iphoneos*]" = "iPhone Developer";
				COMPRESS_PNG_FILES = NO;
				COPY_PHASE_STRIP = NO;
				CURRENT_PROJECT_VERSION = 1;
				DEBUG_INFORMATION_FORMAT = "dwarf-with-dsym";
				ENABLE_NS_ASSERTIONS = NO;
				ENABLE_STRICT_OBJC_MSGSEND = YES;
				GCC_C_LANGUAGE_STANDARD = gnu99;
				GCC_NO_COMMON_BLOCKS = YES;
				GCC_WARN_64_TO_32_BIT_CONVERSION = YES;
				GCC_WARN_ABOUT_RETURN_TYPE = YES_ERROR;
				GCC_WARN_UNDECLARED_SELECTOR = YES;
				GCC_WARN_UNINITIALIZED_AUTOS = YES_AGGRESSIVE;
				GCC_WARN_UNUSED_FUNCTION = YES;
				GCC_WARN_UNUSED_VARIABLE = YES;
				IPHONEOS_DEPLOYMENT_TARGET = 8.0;
				MTL_ENABLE_DEBUG_INFO = NO;
				SDKROOT = iphoneos;
				STRIP_PNG_TEXT = NO;
				SWIFT_OPTIMIZATION_LEVEL = "-Owholemodule";
				TARGETED_DEVICE_FAMILY = "1,2";
				VALIDATE_PRODUCT = YES;
				VERSIONING_SYSTEM = "apple-generic";
				VERSION_INFO_PREFIX = "";
			};
			name = Release;
		};
		369FB34F1C79D360003E81B6 /* Debug */ = {
			isa = XCBuildConfiguration;
			buildSettings = {
				CLANG_ALLOW_NON_MODULAR_INCLUDES_IN_FRAMEWORK_MODULES = NO;
				CLANG_ENABLE_MODULES = YES;
				"CODE_SIGN_IDENTITY[sdk=iphoneos*]" = "iPhone Developer";
				DEFINES_MODULE = YES;
				DYLIB_COMPATIBILITY_VERSION = 1;
				DYLIB_CURRENT_VERSION = 1;
				DYLIB_INSTALL_NAME_BASE = "@rpath";
				EXCLUDED_SOURCE_FILE_NAMES = GenerateCLDCryptoModule.swift;
				FRAMEWORK_SEARCH_PATHS = "$(PROJECT_DIR)/Cloudinary/Frameworks/CLDCrypto/$(PLATFORM_NAME)";
				HEADER_SEARCH_PATHS = "";
				INFOPLIST_FILE = Cloudinary/Info.plist;
				INSTALL_PATH = "$(LOCAL_LIBRARY_DIR)/Frameworks";
				IPHONEOS_DEPLOYMENT_TARGET = 8.0;
				LD_RUNPATH_SEARCH_PATHS = "$(inherited) @executable_path/Frameworks @loader_path/Frameworks";
				LIBRARY_SEARCH_PATHS = (
					"$(inherited)",
					"$(SDKROOT)/usr/lib/system",
				);
				PRODUCT_BUNDLE_IDENTIFIER = com.cloudinary.Cloudinary;
				PRODUCT_NAME = "$(TARGET_NAME)";
				SKIP_INSTALL = YES;
				SWIFT_INCLUDE_PATHS = "$(PROJECT_DIR)";
				SWIFT_OBJC_BRIDGING_HEADER = "";
				SWIFT_OPTIMIZATION_LEVEL = "-Onone";
				SWIFT_VERSION = 3.0;
				TARGETED_DEVICE_FAMILY = "1,2";
			};
			name = Debug;
		};
		369FB3501C79D360003E81B6 /* Release */ = {
			isa = XCBuildConfiguration;
			buildSettings = {
				CLANG_ALLOW_NON_MODULAR_INCLUDES_IN_FRAMEWORK_MODULES = NO;
				CLANG_ENABLE_MODULES = YES;
				"CODE_SIGN_IDENTITY[sdk=iphoneos*]" = "";
				DEFINES_MODULE = YES;
				DYLIB_COMPATIBILITY_VERSION = 1;
				DYLIB_CURRENT_VERSION = 1;
				DYLIB_INSTALL_NAME_BASE = "@rpath";
				EXCLUDED_SOURCE_FILE_NAMES = GenerateCLDCryptoModule.swift;
				FRAMEWORK_SEARCH_PATHS = "$(PROJECT_DIR)/Cloudinary/Frameworks/CLDCrypto/$(PLATFORM_NAME)";
				HEADER_SEARCH_PATHS = "";
				INFOPLIST_FILE = Cloudinary/Info.plist;
				INSTALL_PATH = "$(LOCAL_LIBRARY_DIR)/Frameworks";
				IPHONEOS_DEPLOYMENT_TARGET = 8.0;
				LD_RUNPATH_SEARCH_PATHS = "$(inherited) @executable_path/Frameworks @loader_path/Frameworks";
				LIBRARY_SEARCH_PATHS = (
					"$(inherited)",
					"$(SDKROOT)/usr/lib/system",
				);
				PRODUCT_BUNDLE_IDENTIFIER = com.cloudinary.Cloudinary;
				PRODUCT_NAME = "$(TARGET_NAME)";
				SKIP_INSTALL = YES;
				SWIFT_INCLUDE_PATHS = "$(PROJECT_DIR)";
				SWIFT_OBJC_BRIDGING_HEADER = "";
				SWIFT_VERSION = 3.0;
				TARGETED_DEVICE_FAMILY = "1,2";
			};
			name = Release;
		};
/* End XCBuildConfiguration section */

/* Begin XCConfigurationList section */
		3696FBF91C8C6A3D00DE9568 /* Build configuration list for PBXNativeTarget "CloudinaryTests" */ = {
			isa = XCConfigurationList;
			buildConfigurations = (
				3696FBFA1C8C6A3D00DE9568 /* Debug */,
				3696FBFB1C8C6A3D00DE9568 /* Release */,
			);
			defaultConfigurationIsVisible = 0;
			defaultConfigurationName = Release;
		};
		369FB3401C79D360003E81B6 /* Build configuration list for PBXProject "Cloudinary" */ = {
			isa = XCConfigurationList;
			buildConfigurations = (
				369FB34C1C79D360003E81B6 /* Debug */,
				369FB34D1C79D360003E81B6 /* Release */,
			);
			defaultConfigurationIsVisible = 0;
			defaultConfigurationName = Release;
		};
		369FB34E1C79D360003E81B6 /* Build configuration list for PBXNativeTarget "Cloudinary" */ = {
			isa = XCConfigurationList;
			buildConfigurations = (
				369FB34F1C79D360003E81B6 /* Debug */,
				369FB3501C79D360003E81B6 /* Release */,
			);
			defaultConfigurationIsVisible = 0;
			defaultConfigurationName = Release;
		};
/* End XCConfigurationList section */
	};
	rootObject = 369FB33D1C79D360003E81B6 /* Project object */;
}
